
Microsoft Visual Studio Solution File, Format Version 10.00
# Visual Studio 2008
# $Id: VC9WorkspaceCreator.pm 1439 2008-07-10 14:31:19Z elliott_c $
#
# This file was generated by MPC.  Any changes made directly to
# this file will be lost the next time it is generated.
#
# MPC Command:
# C:\ace\MPC\mwc.pl -type vc9 -features boost=1 examples.mwc
Project("{8BC9CEB8-8B4A-11D0-8D11-00A0C91BC942}") = "direct_declare_queues", "direct\direct_declare_queues.vcproj", "{18165D4D-FECA-1BAD-4346-8C4DF2536AA5}"
EndProject
Project("{8BC9CEB8-8B4A-11D0-8D11-00A0C91BC942}") = "direct_direct_producer", "direct\direct_direct_producer.vcproj", "{9701E0BD-FECA-1BAD-4346-8C4DF2536AA5}"
EndProject
Project("{8BC9CEB8-8B4A-11D0-8D11-00A0C91BC942}") = "direct_listener", "direct\direct_listener.vcproj", "{95CE1459-FECA-1BAD-4346-8C4DF2536AA5}"
EndProject
Project("{8BC9CEB8-8B4A-11D0-8D11-00A0C91BC942}") = "failover_declare_queues", "failover\failover_declare_queues.vcproj", "{7817898E-FECA-1BAD-8026-8D997AD361D0}"
EndProject
Project("{8BC9CEB8-8B4A-11D0-8D11-00A0C91BC942}") = "failover_replaying_sender", "failover\failover_replaying_sender.vcproj", "{085D6A66-FECA-1BAD-8026-8D997AD361D0}"
EndProject
Project("{8BC9CEB8-8B4A-11D0-8D11-00A0C91BC942}") = "failover_resuming_receiver", "failover\failover_resuming_receiver.vcproj", "{B0DAF702-FECA-1BAD-8026-8D997AD361D0}"
EndProject
Project("{8BC9CEB8-8B4A-11D0-8D11-00A0C91BC942}") = "fanout_fanout_producer", "fanout\fanout_fanout_producer.vcproj", "{972AB76B-FECA-1BAD-8826-8C64F27AA1C5}"
EndProject
Project("{8BC9CEB8-8B4A-11D0-8D11-00A0C91BC942}") = "fanout_listener", "fanout\fanout_listener.vcproj", "{95E7DF39-FECA-1BAD-8826-8C64F27AA1C5}"
EndProject
Project("{8BC9CEB8-8B4A-11D0-8D11-00A0C91BC942}") = "messaging_client", "messaging\messaging_client.vcproj", "{80B58CBC-FECA-1BAD-1FEE-AE349A6B75AA}"
EndProject
Project("{8BC9CEB8-8B4A-11D0-8D11-00A0C91BC942}") = "messaging_map_receiver", "messaging\messaging_map_receiver.vcproj", "{92D8F5AA-FECA-1BAD-1FEE-AE349A6B75AA}"
EndProject
Project("{8BC9CEB8-8B4A-11D0-8D11-00A0C91BC942}") = "messaging_map_sender", "messaging\messaging_map_sender.vcproj", "{3B9EA507-FECA-1BAD-1FEE-AE349A6B75AA}"
EndProject
Project("{8BC9CEB8-8B4A-11D0-8D11-00A0C91BC942}") = "messaging_queue_listener", "messaging\messaging_queue_listener.vcproj", "{7A423237-FECA-1BAD-1FEE-AE349A6B75AA}"
EndProject
Project("{8BC9CEB8-8B4A-11D0-8D11-00A0C91BC942}") = "messaging_queue_receiver", "messaging\messaging_queue_receiver.vcproj", "{64932FB7-FECA-1BAD-1FEE-AE349A6B75AA}"
EndProject
Project("{8BC9CEB8-8B4A-11D0-8D11-00A0C91BC942}") = "messaging_queue_sender", "messaging\messaging_queue_sender.vcproj", "{2668EEDD-FECA-1BAD-1FEE-AE349A6B75AA}"
EndProject
Project("{8BC9CEB8-8B4A-11D0-8D11-00A0C91BC942}") = "messaging_server", "messaging\messaging_server.vcproj", "{E0A50687-FECA-1BAD-1FEE-AE349A6B75AA}"
EndProject
Project("{8BC9CEB8-8B4A-11D0-8D11-00A0C91BC942}") = "messaging_topic_listener", "messaging\messaging_topic_listener.vcproj", "{7A4686F1-FECA-1BAD-1FEE-AE349A6B75AA}"
EndProject
Project("{8BC9CEB8-8B4A-11D0-8D11-00A0C91BC942}") = "messaging_topic_receiver", "messaging\messaging_topic_receiver.vcproj", "{64979B71-FECA-1BAD-1FEE-AE349A6B75AA}"
EndProject
Project("{8BC9CEB8-8B4A-11D0-8D11-00A0C91BC942}") = "messaging_topic_sender", "messaging\messaging_topic_sender.vcproj", "{E068EA69-FECA-1BAD-1FEE-AE349A6B75AA}"
EndProject
Project("{8BC9CEB8-8B4A-11D0-8D11-00A0C91BC942}") = "pub_sub_topic_listener", "pub-sub\pub-sub_topic_listener.vcproj", "{A415E66A-FECA-1BAD-A430-FD5330E23A2D}"
EndProject
Project("{8BC9CEB8-8B4A-11D0-8D11-00A0C91BC942}") = "pub_sub_topic_publisher", "pub-sub\pub-sub_topic_publisher.vcproj", "{05158653-FECA-1BAD-A430-FD5330E23A2D}"
EndProject
#Project("{8BC9CEB8-8B4A-11D0-8D11-00A0C91BC942}") = "qmf_agent", "qmf-agent\qmf_agent.vcproj", "{771767FB-FECA-1BAD-2E13-3FFA2B8669C3}"
#EndProject
Project("{8BC9CEB8-8B4A-11D0-8D11-00A0C91BC942}") = "qmf-console_console", "qmf-console\qmf-console_console.vcproj", "{490473E1-FECA-1BAD-2E13-3FFA2B8669C3}"
EndProject
Project("{8BC9CEB8-8B4A-11D0-8D11-00A0C91BC942}") = "qmf-console_ping", "qmf-console\qmf-console_ping.vcproj", "{771767FB-FECA-1BAD-2E13-3FFA2B8669C3}"
EndProject
Project("{8BC9CEB8-8B4A-11D0-8D11-00A0C91BC942}") = "qmf-console_printevents", "qmf-console\qmf-console_printevents.vcproj", "{72C74624-FECA-1BAD-2E13-3FFA2B8669C3}"
EndProject
Project("{8BC9CEB8-8B4A-11D0-8D11-00A0C91BC942}") = "qmf-console_queuestats", "qmf-console\qmf-console_queuestats.vcproj", "{B21825EA-FECA-1BAD-2E13-3FFA2B8669C3}"
EndProject
Project("{8BC9CEB8-8B4A-11D0-8D11-00A0C91BC942}") = "request-response_client", "request-response\request-response_client.vcproj", "{2691FE1E-FECA-1BAD-BD3A-8A467D0C5CCC}"
EndProject
Project("{8BC9CEB8-8B4A-11D0-8D11-00A0C91BC942}") = "request-response_server", "request-response\request-response_server.vcproj", "{46817425-FECA-1BAD-BD3A-8A467D0C5CCC}"
EndProject
Project("{8BC9CEB8-8B4A-11D0-8D11-00A0C91BC942}") = "tradedemo_declare_queues", "tradedemo\tradedemo_declare_queues.vcproj", "{9057502D-FECA-1BAD-23CE-CD4095BD3C8B}"
EndProject
Project("{8BC9CEB8-8B4A-11D0-8D11-00A0C91BC942}") = "tradedemo_topic_listener", "tradedemo\tradedemo_topic_listener.vcproj", "{5A25F2CD-FECA-1BAD-23CE-CD4095BD3C8B}"
EndProject
Project("{8BC9CEB8-8B4A-11D0-8D11-00A0C91BC942}") = "tradedemo_topic_publisher", "tradedemo\tradedemo_topic_publisher.vcproj", "{E614CC2C-FECA-1BAD-23CE-CD4095BD3C8B}"
EndProject
Global
	GlobalSection(SolutionConfigurationPlatforms) = preSolution
		Debug|Win32 = Debug|Win32
		Debug|x64 = Debug|x64
		Release|Win32 = Release|Win32
		Release|x64 = Release|x64
	EndGlobalSection
	GlobalSection(ProjectConfigurationPlatforms) = postSolution
		{18165D4D-FECA-1BAD-4346-8C4DF2536AA5}.Debug|Win32.ActiveCfg = Debug|Win32
		{18165D4D-FECA-1BAD-4346-8C4DF2536AA5}.Debug|Win32.Build.0 = Debug|Win32
		{18165D4D-FECA-1BAD-4346-8C4DF2536AA5}.Debug|x64.ActiveCfg = Debug|x64
		{18165D4D-FECA-1BAD-4346-8C4DF2536AA5}.Debug|x64.Build.0 = Debug|x64
		{18165D4D-FECA-1BAD-4346-8C4DF2536AA5}.Release|Win32.ActiveCfg = Release|Win32
		{18165D4D-FECA-1BAD-4346-8C4DF2536AA5}.Release|Win32.Build.0 = Release|Win32
		{18165D4D-FECA-1BAD-4346-8C4DF2536AA5}.Release|x64.ActiveCfg = Release|x64
		{18165D4D-FECA-1BAD-4346-8C4DF2536AA5}.Release|x64.Build.0 = Release|x64
		{9701E0BD-FECA-1BAD-4346-8C4DF2536AA5}.Debug|Win32.ActiveCfg = Debug|Win32
		{9701E0BD-FECA-1BAD-4346-8C4DF2536AA5}.Debug|Win32.Build.0 = Debug|Win32
		{9701E0BD-FECA-1BAD-4346-8C4DF2536AA5}.Debug|x64.ActiveCfg = Debug|x64
		{9701E0BD-FECA-1BAD-4346-8C4DF2536AA5}.Debug|x64.Build.0 = Debug|x64
		{9701E0BD-FECA-1BAD-4346-8C4DF2536AA5}.Release|Win32.ActiveCfg = Release|Win32
		{9701E0BD-FECA-1BAD-4346-8C4DF2536AA5}.Release|Win32.Build.0 = Release|Win32
		{9701E0BD-FECA-1BAD-4346-8C4DF2536AA5}.Release|x64.ActiveCfg = Release|x64
		{9701E0BD-FECA-1BAD-4346-8C4DF2536AA5}.Release|x64.Build.0 = Release|x64
		{95CE1459-FECA-1BAD-4346-8C4DF2536AA5}.Debug|Win32.ActiveCfg = Debug|Win32
		{95CE1459-FECA-1BAD-4346-8C4DF2536AA5}.Debug|Win32.Build.0 = Debug|Win32
		{95CE1459-FECA-1BAD-4346-8C4DF2536AA5}.Debug|x64.ActiveCfg = Debug|x64
		{95CE1459-FECA-1BAD-4346-8C4DF2536AA5}.Debug|x64.Build.0 = Debug|x64
		{95CE1459-FECA-1BAD-4346-8C4DF2536AA5}.Release|Win32.ActiveCfg = Release|Win32
		{95CE1459-FECA-1BAD-4346-8C4DF2536AA5}.Release|Win32.Build.0 = Release|Win32
		{95CE1459-FECA-1BAD-4346-8C4DF2536AA5}.Release|x64.ActiveCfg = Release|x64
		{95CE1459-FECA-1BAD-4346-8C4DF2536AA5}.Release|x64.Build.0 = Release|x64
		{7817898E-FECA-1BAD-8026-8D997AD361D0}.Debug|Win32.ActiveCfg = Debug|Win32
		{7817898E-FECA-1BAD-8026-8D997AD361D0}.Debug|Win32.Build.0 = Debug|Win32
		{7817898E-FECA-1BAD-8026-8D997AD361D0}.Debug|x64.ActiveCfg = Debug|x64
		{7817898E-FECA-1BAD-8026-8D997AD361D0}.Debug|x64.Build.0 = Debug|x64
		{7817898E-FECA-1BAD-8026-8D997AD361D0}.Release|Win32.ActiveCfg = Release|Win32
		{7817898E-FECA-1BAD-8026-8D997AD361D0}.Release|Win32.Build.0 = Release|Win32
		{7817898E-FECA-1BAD-8026-8D997AD361D0}.Release|x64.ActiveCfg = Release|x64
		{7817898E-FECA-1BAD-8026-8D997AD361D0}.Release|x64.Build.0 = Release|x64
		{085D6A66-FECA-1BAD-8026-8D997AD361D0}.Debug|Win32.ActiveCfg = Debug|Win32
		{085D6A66-FECA-1BAD-8026-8D997AD361D0}.Debug|Win32.Build.0 = Debug|Win32
		{085D6A66-FECA-1BAD-8026-8D997AD361D0}.Debug|x64.ActiveCfg = Debug|x64
		{085D6A66-FECA-1BAD-8026-8D997AD361D0}.Debug|x64.Build.0 = Debug|x64
		{085D6A66-FECA-1BAD-8026-8D997AD361D0}.Release|Win32.ActiveCfg = Release|Win32
		{085D6A66-FECA-1BAD-8026-8D997AD361D0}.Release|Win32.Build.0 = Release|Win32
		{085D6A66-FECA-1BAD-8026-8D997AD361D0}.Release|x64.ActiveCfg = Release|x64
		{085D6A66-FECA-1BAD-8026-8D997AD361D0}.Release|x64.Build.0 = Release|x64
		{B0DAF702-FECA-1BAD-8026-8D997AD361D0}.Debug|Win32.ActiveCfg = Debug|Win32
		{B0DAF702-FECA-1BAD-8026-8D997AD361D0}.Debug|Win32.Build.0 = Debug|Win32
		{B0DAF702-FECA-1BAD-8026-8D997AD361D0}.Debug|x64.ActiveCfg = Debug|x64
		{B0DAF702-FECA-1BAD-8026-8D997AD361D0}.Debug|x64.Build.0 = Debug|x64
		{B0DAF702-FECA-1BAD-8026-8D997AD361D0}.Release|Win32.ActiveCfg = Release|Win32
		{B0DAF702-FECA-1BAD-8026-8D997AD361D0}.Release|Win32.Build.0 = Release|Win32
		{B0DAF702-FECA-1BAD-8026-8D997AD361D0}.Release|x64.ActiveCfg = Release|x64
		{B0DAF702-FECA-1BAD-8026-8D997AD361D0}.Release|x64.Build.0 = Release|x64
		{972AB76B-FECA-1BAD-8826-8C64F27AA1C5}.Debug|Win32.ActiveCfg = Debug|Win32
		{972AB76B-FECA-1BAD-8826-8C64F27AA1C5}.Debug|Win32.Build.0 = Debug|Win32
		{972AB76B-FECA-1BAD-8826-8C64F27AA1C5}.Debug|x64.ActiveCfg = Debug|x64
		{972AB76B-FECA-1BAD-8826-8C64F27AA1C5}.Debug|x64.Build.0 = Debug|x64
		{972AB76B-FECA-1BAD-8826-8C64F27AA1C5}.Release|Win32.ActiveCfg = Release|Win32
		{972AB76B-FECA-1BAD-8826-8C64F27AA1C5}.Release|Win32.Build.0 = Release|Win32
		{972AB76B-FECA-1BAD-8826-8C64F27AA1C5}.Release|x64.ActiveCfg = Release|x64
		{972AB76B-FECA-1BAD-8826-8C64F27AA1C5}.Release|x64.Build.0 = Release|x64
		{95E7DF39-FECA-1BAD-8826-8C64F27AA1C5}.Debug|Win32.ActiveCfg = Debug|Win32
		{95E7DF39-FECA-1BAD-8826-8C64F27AA1C5}.Debug|Win32.Build.0 = Debug|Win32
		{95E7DF39-FECA-1BAD-8826-8C64F27AA1C5}.Debug|x64.ActiveCfg = Debug|x64
		{95E7DF39-FECA-1BAD-8826-8C64F27AA1C5}.Debug|x64.Build.0 = Debug|x64
		{95E7DF39-FECA-1BAD-8826-8C64F27AA1C5}.Release|Win32.ActiveCfg = Release|Win32
		{95E7DF39-FECA-1BAD-8826-8C64F27AA1C5}.Release|Win32.Build.0 = Release|Win32
		{95E7DF39-FECA-1BAD-8826-8C64F27AA1C5}.Release|x64.ActiveCfg = Release|x64
		{95E7DF39-FECA-1BAD-8826-8C64F27AA1C5}.Release|x64.Build.0 = Release|x64
		{A415E66A-FECA-1BAD-A430-FD5330E23A2D}.Debug|Win32.ActiveCfg = Debug|Win32
		{A415E66A-FECA-1BAD-A430-FD5330E23A2D}.Debug|Win32.Build.0 = Debug|Win32
		{A415E66A-FECA-1BAD-A430-FD5330E23A2D}.Debug|x64.ActiveCfg = Debug|x64
		{A415E66A-FECA-1BAD-A430-FD5330E23A2D}.Debug|x64.Build.0 = Debug|x64
		{A415E66A-FECA-1BAD-A430-FD5330E23A2D}.Release|Win32.ActiveCfg = Release|Win32
		{A415E66A-FECA-1BAD-A430-FD5330E23A2D}.Release|Win32.Build.0 = Release|Win32
		{A415E66A-FECA-1BAD-A430-FD5330E23A2D}.Release|x64.ActiveCfg = Release|x64
		{A415E66A-FECA-1BAD-A430-FD5330E23A2D}.Release|x64.Build.0 = Release|x64
		{80B58CBC-FECA-1BAD-1FEE-AE349A6B75AA}.Debug|Win32.ActiveCfg = Debug|Win32
		{80B58CBC-FECA-1BAD-1FEE-AE349A6B75AA}.Debug|Win32.Build.0 = Debug|Win32
		{80B58CBC-FECA-1BAD-1FEE-AE349A6B75AA}.Debug|x64.ActiveCfg = Debug|x64
		{80B58CBC-FECA-1BAD-1FEE-AE349A6B75AA}.Debug|x64.Build.0 = Debug|x64
		{80B58CBC-FECA-1BAD-1FEE-AE349A6B75AA}.Release|Win32.ActiveCfg = Release|Win32
		{80B58CBC-FECA-1BAD-1FEE-AE349A6B75AA}.Release|Win32.Build.0 = Release|Win32
		{80B58CBC-FECA-1BAD-1FEE-AE349A6B75AA}.Release|x64.ActiveCfg = Release|x64
		{80B58CBC-FECA-1BAD-1FEE-AE349A6B75AA}.Release|x64.Build.0 = Release|x64
		{92D8F5AA-FECA-1BAD-1FEE-AE349A6B75AA}.Debug|Win32.ActiveCfg = Debug|Win32
		{92D8F5AA-FECA-1BAD-1FEE-AE349A6B75AA}.Debug|Win32.Build.0 = Debug|Win32
		{92D8F5AA-FECA-1BAD-1FEE-AE349A6B75AA}.Debug|x64.ActiveCfg = Debug|x64
		{92D8F5AA-FECA-1BAD-1FEE-AE349A6B75AA}.Debug|x64.Build.0 = Debug|x64
		{92D8F5AA-FECA-1BAD-1FEE-AE349A6B75AA}.Release|Win32.ActiveCfg = Release|Win32
		{92D8F5AA-FECA-1BAD-1FEE-AE349A6B75AA}.Release|Win32.Build.0 = Release|Win32
		{92D8F5AA-FECA-1BAD-1FEE-AE349A6B75AA}.Release|x64.ActiveCfg = Release|x64
		{92D8F5AA-FECA-1BAD-1FEE-AE349A6B75AA}.Release|x64.Build.0 = Release|x64
		{3B9EA507-FECA-1BAD-1FEE-AE349A6B75AA}.Debug|Win32.ActiveCfg = Debug|Win32
		{3B9EA507-FECA-1BAD-1FEE-AE349A6B75AA}.Debug|Win32.Build.0 = Debug|Win32
		{3B9EA507-FECA-1BAD-1FEE-AE349A6B75AA}.Debug|x64.ActiveCfg = Debug|x64
		{3B9EA507-FECA-1BAD-1FEE-AE349A6B75AA}.Debug|x64.Build.0 = Debug|x64
		{3B9EA507-FECA-1BAD-1FEE-AE349A6B75AA}.Release|Win32.ActiveCfg = Release|Win32
		{3B9EA507-FECA-1BAD-1FEE-AE349A6B75AA}.Release|Win32.Build.0 = Release|Win32
		{3B9EA507-FECA-1BAD-1FEE-AE349A6B75AA}.Release|x64.ActiveCfg = Release|x64
		{3B9EA507-FECA-1BAD-1FEE-AE349A6B75AA}.Release|x64.Build.0 = Release|x64
		{7A423237-FECA-1BAD-1FEE-AE349A6B75AA}.Debug|Win32.ActiveCfg = Debug|Win32
		{7A423237-FECA-1BAD-1FEE-AE349A6B75AA}.Debug|Win32.Build.0 = Debug|Win32
		{7A423237-FECA-1BAD-1FEE-AE349A6B75AA}.Debug|x64.ActiveCfg = Debug|x64
		{7A423237-FECA-1BAD-1FEE-AE349A6B75AA}.Debug|x64.Build.0 = Debug|x64
		{7A423237-FECA-1BAD-1FEE-AE349A6B75AA}.Release|Win32.ActiveCfg = Release|Win32
		{7A423237-FECA-1BAD-1FEE-AE349A6B75AA}.Release|Win32.Build.0 = Release|Win32
		{7A423237-FECA-1BAD-1FEE-AE349A6B75AA}.Release|x64.ActiveCfg = Release|x64
		{7A423237-FECA-1BAD-1FEE-AE349A6B75AA}.Release|x64.Build.0 = Release|x64
		{64932FB7-FECA-1BAD-1FEE-AE349A6B75AA}.Debug|Win32.ActiveCfg = Debug|Win32
		{64932FB7-FECA-1BAD-1FEE-AE349A6B75AA}.Debug|Win32.Build.0 = Debug|Win32
		{64932FB7-FECA-1BAD-1FEE-AE349A6B75AA}.Debug|x64.ActiveCfg = Debug|x64
		{64932FB7-FECA-1BAD-1FEE-AE349A6B75AA}.Debug|x64.Build.0 = Debug|x64
		{64932FB7-FECA-1BAD-1FEE-AE349A6B75AA}.Release|Win32.ActiveCfg = Release|Win32
		{64932FB7-FECA-1BAD-1FEE-AE349A6B75AA}.Release|Win32.Build.0 = Release|Win32
		{64932FB7-FECA-1BAD-1FEE-AE349A6B75AA}.Release|x64.ActiveCfg = Release|x64
		{64932FB7-FECA-1BAD-1FEE-AE349A6B75AA}.Release|x64.Build.0 = Release|x64
		{2668EEDD-FECA-1BAD-1FEE-AE349A6B75AA}.Debug|Win32.ActiveCfg = Debug|Win32
		{2668EEDD-FECA-1BAD-1FEE-AE349A6B75AA}.Debug|Win32.Build.0 = Debug|Win32
		{2668EEDD-FECA-1BAD-1FEE-AE349A6B75AA}.Debug|x64.ActiveCfg = Debug|x64
		{2668EEDD-FECA-1BAD-1FEE-AE349A6B75AA}.Debug|x64.Build.0 = Debug|x64
		{2668EEDD-FECA-1BAD-1FEE-AE349A6B75AA}.Release|Win32.ActiveCfg = Release|Win32
		{2668EEDD-FECA-1BAD-1FEE-AE349A6B75AA}.Release|Win32.Build.0 = Release|Win32
		{2668EEDD-FECA-1BAD-1FEE-AE349A6B75AA}.Release|x64.ActiveCfg = Release|x64
		{2668EEDD-FECA-1BAD-1FEE-AE349A6B75AA}.Release|x64.Build.0 = Release|x64
		{E0A50687-FECA-1BAD-1FEE-AE349A6B75AA}.Debug|Win32.ActiveCfg = Debug|Win32
		{E0A50687-FECA-1BAD-1FEE-AE349A6B75AA}.Debug|Win32.Build.0 = Debug|Win32
		{E0A50687-FECA-1BAD-1FEE-AE349A6B75AA}.Debug|x64.ActiveCfg = Debug|x64
		{E0A50687-FECA-1BAD-1FEE-AE349A6B75AA}.Debug|x64.Build.0 = Debug|x64
		{E0A50687-FECA-1BAD-1FEE-AE349A6B75AA}.Release|Win32.ActiveCfg = Release|Win32
		{E0A50687-FECA-1BAD-1FEE-AE349A6B75AA}.Release|Win32.Build.0 = Release|Win32
		{E0A50687-FECA-1BAD-1FEE-AE349A6B75AA}.Release|x64.ActiveCfg = Release|x64
		{E0A50687-FECA-1BAD-1FEE-AE349A6B75AA}.Release|x64.Build.0 = Release|x64
		{7A4686F1-FECA-1BAD-1FEE-AE349A6B75AA}.Debug|Win32.ActiveCfg = Debug|Win32
		{7A4686F1-FECA-1BAD-1FEE-AE349A6B75AA}.Debug|Win32.Build.0 = Debug|Win32
		{7A4686F1-FECA-1BAD-1FEE-AE349A6B75AA}.Debug|x64.ActiveCfg = Debug|x64
		{7A4686F1-FECA-1BAD-1FEE-AE349A6B75AA}.Debug|x64.Build.0 = Debug|x64
		{7A4686F1-FECA-1BAD-1FEE-AE349A6B75AA}.Release|Win32.ActiveCfg = Release|Win32
		{7A4686F1-FECA-1BAD-1FEE-AE349A6B75AA}.Release|Win32.Build.0 = Release|Win32
		{7A4686F1-FECA-1BAD-1FEE-AE349A6B75AA}.Release|x64.ActiveCfg = Release|x64
		{7A4686F1-FECA-1BAD-1FEE-AE349A6B75AA}.Release|x64.Build.0 = Release|x64
		{64979B71-FECA-1BAD-1FEE-AE349A6B75AA}.Debug|Win32.ActiveCfg = Debug|Win32
		{64979B71-FECA-1BAD-1FEE-AE349A6B75AA}.Debug|Win32.Build.0 = Debug|Win32
		{64979B71-FECA-1BAD-1FEE-AE349A6B75AA}.Debug|x64.ActiveCfg = Debug|x64
		{64979B71-FECA-1BAD-1FEE-AE349A6B75AA}.Debug|x64.Build.0 = Debug|x64
		{64979B71-FECA-1BAD-1FEE-AE349A6B75AA}.Release|Win32.ActiveCfg = Release|Win32
		{64979B71-FECA-1BAD-1FEE-AE349A6B75AA}.Release|Win32.Build.0 = Release|Win32
		{64979B71-FECA-1BAD-1FEE-AE349A6B75AA}.Release|x64.ActiveCfg = Release|x64
		{64979B71-FECA-1BAD-1FEE-AE349A6B75AA}.Release|x64.Build.0 = Release|x64
		{E068EA69-FECA-1BAD-1FEE-AE349A6B75AA}.Debug|Win32.ActiveCfg = Debug|Win32
		{E068EA69-FECA-1BAD-1FEE-AE349A6B75AA}.Debug|Win32.Build.0 = Debug|Win32
		{E068EA69-FECA-1BAD-1FEE-AE349A6B75AA}.Debug|x64.ActiveCfg = Debug|x64
		{E068EA69-FECA-1BAD-1FEE-AE349A6B75AA}.Debug|x64.Build.0 = Debug|x64
		{E068EA69-FECA-1BAD-1FEE-AE349A6B75AA}.Release|Win32.ActiveCfg = Release|Win32
		{E068EA69-FECA-1BAD-1FEE-AE349A6B75AA}.Release|Win32.Build.0 = Release|Win32
		{E068EA69-FECA-1BAD-1FEE-AE349A6B75AA}.Release|x64.ActiveCfg = Release|x64
		{E068EA69-FECA-1BAD-1FEE-AE349A6B75AA}.Release|x64.Build.0 = Release|x64
		{05158653-FECA-1BAD-A430-FD5330E23A2D}.Debug|Win32.ActiveCfg = Debug|Win32
		{05158653-FECA-1BAD-A430-FD5330E23A2D}.Debug|Win32.Build.0 = Debug|Win32
		{05158653-FECA-1BAD-A430-FD5330E23A2D}.Debug|x64.ActiveCfg = Debug|x64
		{05158653-FECA-1BAD-A430-FD5330E23A2D}.Debug|x64.Build.0 = Debug|x64
		{05158653-FECA-1BAD-A430-FD5330E23A2D}.Release|Win32.ActiveCfg = Release|Win32
		{05158653-FECA-1BAD-A430-FD5330E23A2D}.Release|Win32.Build.0 = Release|Win32
		{05158653-FECA-1BAD-A430-FD5330E23A2D}.Release|x64.ActiveCfg = Release|x64
		{05158653-FECA-1BAD-A430-FD5330E23A2D}.Release|x64.Build.0 = Release|x64
		{490473E1-FECA-1BAD-2E13-3FFA2B8669C3}.Debug|Win32.ActiveCfg = Debug|Win32
		{490473E1-FECA-1BAD-2E13-3FFA2B8669C3}.Debug|Win32.Build.0 = Debug|Win32
		{490473E1-FECA-1BAD-2E13-3FFA2B8669C3}.Debug|x64.ActiveCfg = Debug|x64
		{490473E1-FECA-1BAD-2E13-3FFA2B8669C3}.Debug|x64.Build.0 = Debug|x64
		{490473E1-FECA-1BAD-2E13-3FFA2B8669C3}.Release|Win32.ActiveCfg = Release|Win32
		{490473E1-FECA-1BAD-2E13-3FFA2B8669C3}.Release|Win32.Build.0 = Release|Win32
		{490473E1-FECA-1BAD-2E13-3FFA2B8669C3}.Release|x64.ActiveCfg = Release|x64
		{490473E1-FECA-1BAD-2E13-3FFA2B8669C3}.Release|x64.Build.0 = Release|x64
		{771767FB-FECA-1BAD-2E13-3FFA2B8669C3}.Debug|Win32.ActiveCfg = Debug|Win32
		{771767FB-FECA-1BAD-2E13-3FFA2B8669C3}.Debug|Win32.Build.0 = Debug|Win32
		{771767FB-FECA-1BAD-2E13-3FFA2B8669C3}.Debug|x64.ActiveCfg = Debug|x64
		{771767FB-FECA-1BAD-2E13-3FFA2B8669C3}.Debug|x64.Build.0 = Debug|x64
		{771767FB-FECA-1BAD-2E13-3FFA2B8669C3}.Release|Win32.ActiveCfg = Release|Win32
		{771767FB-FECA-1BAD-2E13-3FFA2B8669C3}.Release|Win32.Build.0 = Release|Win32
		{771767FB-FECA-1BAD-2E13-3FFA2B8669C3}.Release|x64.ActiveCfg = Release|x64
		{771767FB-FECA-1BAD-2E13-3FFA2B8669C3}.Release|x64.Build.0 = Release|x64
		{72C74624-FECA-1BAD-2E13-3FFA2B8669C3}.Debug|Win32.ActiveCfg = Debug|Win32
		{72C74624-FECA-1BAD-2E13-3FFA2B8669C3}.Debug|Win32.Build.0 = Debug|Win32
		{72C74624-FECA-1BAD-2E13-3FFA2B8669C3}.Debug|x64.ActiveCfg = Debug|x64
		{72C74624-FECA-1BAD-2E13-3FFA2B8669C3}.Debug|x64.Build.0 = Debug|x64
		{72C74624-FECA-1BAD-2E13-3FFA2B8669C3}.Release|Win32.ActiveCfg = Release|Win32
		{72C74624-FECA-1BAD-2E13-3FFA2B8669C3}.Release|Win32.Build.0 = Release|Win32
		{72C74624-FECA-1BAD-2E13-3FFA2B8669C3}.Release|x64.ActiveCfg = Release|x64
		{72C74624-FECA-1BAD-2E13-3FFA2B8669C3}.Release|x64.Build.0 = Release|x64
		{B21825EA-FECA-1BAD-2E13-3FFA2B8669C3}.Debug|Win32.ActiveCfg = Debug|Win32
		{B21825EA-FECA-1BAD-2E13-3FFA2B8669C3}.Debug|Win32.Build.0 = Debug|Win32
		{B21825EA-FECA-1BAD-2E13-3FFA2B8669C3}.Debug|x64.ActiveCfg = Debug|x64
		{B21825EA-FECA-1BAD-2E13-3FFA2B8669C3}.Debug|x64.Build.0 = Debug|x64
		{B21825EA-FECA-1BAD-2E13-3FFA2B8669C3}.Release|Win32.ActiveCfg = Release|Win32
		{B21825EA-FECA-1BAD-2E13-3FFA2B8669C3}.Release|Win32.Build.0 = Release|Win32
		{B21825EA-FECA-1BAD-2E13-3FFA2B8669C3}.Release|x64.ActiveCfg = Release|x64
		{B21825EA-FECA-1BAD-2E13-3FFA2B8669C3}.Release|x64.Build.0 = Release|x64
		{2691FE1E-FECA-1BAD-BD3A-8A467D0C5CCC}.Debug|Win32.ActiveCfg = Debug|Win32
		{2691FE1E-FECA-1BAD-BD3A-8A467D0C5CCC}.Debug|Win32.Build.0 = Debug|Win32
		{2691FE1E-FECA-1BAD-BD3A-8A467D0C5CCC}.Debug|x64.ActiveCfg = Debug|x64
		{2691FE1E-FECA-1BAD-BD3A-8A467D0C5CCC}.Debug|x64.Build.0 = Debug|x64
		{2691FE1E-FECA-1BAD-BD3A-8A467D0C5CCC}.Release|Win32.ActiveCfg = Release|Win32
		{2691FE1E-FECA-1BAD-BD3A-8A467D0C5CCC}.Release|Win32.Build.0 = Release|Win32
		{2691FE1E-FECA-1BAD-BD3A-8A467D0C5CCC}.Release|x64.ActiveCfg = Release|x64
		{2691FE1E-FECA-1BAD-BD3A-8A467D0C5CCC}.Release|x64.Build.0 = Release|x64
		{46817425-FECA-1BAD-BD3A-8A467D0C5CCC}.Debug|Win32.ActiveCfg = Debug|Win32
		{46817425-FECA-1BAD-BD3A-8A467D0C5CCC}.Debug|Win32.Build.0 = Debug|Win32
		{46817425-FECA-1BAD-BD3A-8A467D0C5CCC}.Debug|x64.ActiveCfg = Debug|x64
		{46817425-FECA-1BAD-BD3A-8A467D0C5CCC}.Debug|x64.Build.0 = Debug|x64
		{46817425-FECA-1BAD-BD3A-8A467D0C5CCC}.Release|Win32.ActiveCfg = Release|Win32
		{46817425-FECA-1BAD-BD3A-8A467D0C5CCC}.Release|Win32.Build.0 = Release|Win32
		{46817425-FECA-1BAD-BD3A-8A467D0C5CCC}.Release|x64.ActiveCfg = Release|x64
		{46817425-FECA-1BAD-BD3A-8A467D0C5CCC}.Release|x64.Build.0 = Release|x64
		{9057502D-FECA-1BAD-23CE-CD4095BD3C8B}.Debug|Win32.ActiveCfg = Debug|Win32
		{9057502D-FECA-1BAD-23CE-CD4095BD3C8B}.Debug|Win32.Build.0 = Debug|Win32
		{9057502D-FECA-1BAD-23CE-CD4095BD3C8B}.Debug|x64.ActiveCfg = Debug|x64
		{9057502D-FECA-1BAD-23CE-CD4095BD3C8B}.Debug|x64.Build.0 = Debug|x64
		{9057502D-FECA-1BAD-23CE-CD4095BD3C8B}.Release|Win32.ActiveCfg = Release|Win32
		{9057502D-FECA-1BAD-23CE-CD4095BD3C8B}.Release|Win32.Build.0 = Release|Win32
		{9057502D-FECA-1BAD-23CE-CD4095BD3C8B}.Release|x64.ActiveCfg = Release|x64
		{9057502D-FECA-1BAD-23CE-CD4095BD3C8B}.Release|x64.Build.0 = Release|x64
		{5A25F2CD-FECA-1BAD-23CE-CD4095BD3C8B}.Debug|Win32.ActiveCfg = Debug|Win32
		{5A25F2CD-FECA-1BAD-23CE-CD4095BD3C8B}.Debug|Win32.Build.0 = Debug|Win32
		{5A25F2CD-FECA-1BAD-23CE-CD4095BD3C8B}.Debug|x64.ActiveCfg = Debug|x64
		{5A25F2CD-FECA-1BAD-23CE-CD4095BD3C8B}.Debug|x64.Build.0 = Debug|x64
		{5A25F2CD-FECA-1BAD-23CE-CD4095BD3C8B}.Release|Win32.ActiveCfg = Release|Win32
		{5A25F2CD-FECA-1BAD-23CE-CD4095BD3C8B}.Release|Win32.Build.0 = Release|Win32
		{5A25F2CD-FECA-1BAD-23CE-CD4095BD3C8B}.Release|x64.ActiveCfg = Release|x64
		{5A25F2CD-FECA-1BAD-23CE-CD4095BD3C8B}.Release|x64.Build.0 = Release|x64
		{E614CC2C-FECA-1BAD-23CE-CD4095BD3C8B}.Debug|Win32.ActiveCfg = Debug|Win32
		{E614CC2C-FECA-1BAD-23CE-CD4095BD3C8B}.Debug|Win32.Build.0 = Debug|Win32
		{E614CC2C-FECA-1BAD-23CE-CD4095BD3C8B}.Debug|x64.ActiveCfg = Debug|x64
		{E614CC2C-FECA-1BAD-23CE-CD4095BD3C8B}.Debug|x64.Build.0 = Debug|x64
		{E614CC2C-FECA-1BAD-23CE-CD4095BD3C8B}.Release|Win32.ActiveCfg = Release|Win32
		{E614CC2C-FECA-1BAD-23CE-CD4095BD3C8B}.Release|Win32.Build.0 = Release|Win32
		{E614CC2C-FECA-1BAD-23CE-CD4095BD3C8B}.Release|x64.ActiveCfg = Release|x64
		{E614CC2C-FECA-1BAD-23CE-CD4095BD3C8B}.Release|x64.Build.0 = Release|x64
	EndGlobalSection
	GlobalSection(SolutionProperties) = preSolution
		HideSolutionNode = FALSE
	EndGlobalSection
EndGlobal
