 38.7302  -27.3207 20011.945 LPLA
 13.4558  144.8111 14152.645 PGUA
 56.8528 -135.5292  7450.124 PACG
 24.5969  -81.7033  5298.969 KBYX
 19.0950 -155.5689  4513.304 PHWA
 32.4953 -114.6567  3142.994 KYUX
 46.0392  -67.8064  2687.522 KCBW
 26.3019  127.9097  2267.472 RODN
 47.5281  -97.3250  2219.321 KMVX
 64.5114 -165.2950  1806.983 PAEC
 18.1157  -66.0782  1769.318 TJUA
 35.3930  -97.6280  1769.318 TPSF
 27.7839  -97.5108  1615.021 KCRP
 45.7150 -122.9650  1510.339 KRTX
 37.5908  -83.3131  1452.663 KJKL
 37.2076  127.2856  1213.893 RKSG
 43.0661 -108.4773  1001.997 KRIW
 34.6342 -103.6189   957.308 KFDX
 37.2353  -93.4003   891.203 KSGF
 30.6794  -88.2397   870.110 KMOB
 65.0351 -147.5014   842.329 PAPD
 37.1552 -121.8984   839.304 KMUX
 44.9063  -84.7195   821.733 KAPX
 58.6794 -156.6294   792.520 PAKC
 42.1997  -75.9847   764.910 KBGM
 41.9579 -100.5762   658.870 KLNX
 34.7758  -76.8764   656.710 KMHX
 30.4846  -81.7019   626.038 KJAX
 59.4619 -146.3011   595.943 PAIH
 37.5910 -112.8622   589.567 KICX
 48.2064 -106.6247   589.303 KGGW
 43.4902 -116.2360   587.026 KCBX
 41.6117  -90.5808   543.397 KDVN
 32.4508  -93.8412   533.445 KSHV
 21.8939 -159.5525   518.534 PHKI
 37.7608  -99.9689   469.488 KDDC
 32.5383  -99.2542   466.523 KDYX
 47.6806 -117.6258   461.915 KOTX
 39.0622 -108.2138   437.104 KGJX
 40.4983 -124.2922   425.550 KBHX
 37.0683  -88.7719   410.514 KPAH
 41.3586  -85.7000   402.358 KIWX
 35.0978 -117.5608   394.555 KEYX
 46.8369  -92.2097   394.017 KDLH
 33.9486  -81.1186   389.005 KCAE
 31.8936 -110.6303   384.653 KEMX
 38.8256  -75.4400   377.936 KDOX
 60.7919 -161.8764   376.107 PABC
 31.8731 -106.6980   371.210 KEPZ
 41.1519 -104.8061   363.098 KCYS
 43.5878  -96.7289   362.462 KFSD
 35.3331  -97.2778   360.228 KTLX
 33.8969  -88.3292   354.857 KGWX
 42.0180  -80.1570   344.687 EERI
 44.5111  -73.1664   343.381 KCXX
 48.3720 -124.6760   322.567 FQKW
 29.2725 -100.2803   317.112 KDFX
 60.7259 -151.3515   313.128 PAHG
 40.7397 -116.8028   309.343 KLRX
 38.4594 -104.1814   304.060 KPUX
 34.5743 -111.1984   302.677 KFSX
 44.1247 -102.8300   302.579 KUDX
 45.8538 -108.6068   301.591 KBLX
 40.8655  -72.8639   299.072 KOKX
 35.1497 -106.8239   297.820 KABX
 43.1056 -112.6861   290.381 KSFX
 34.8364  -92.2619   285.659 KLZK
 46.5311  -87.5483   284.301 KMQT
 31.9435 -102.1892   283.794 KMAF
 47.0411 -113.9861   283.144 KMSX
 28.1131  -80.6544   282.536 KMLB
 48.3925 -100.8644   280.451 KMBX
 32.5367  -85.7897   280.449 KMXX
 37.0242  -80.2742   276.000 KFCX
 40.0060  -82.7150   273.469 TCMH
 47.1158 -124.1069   265.279 KLGX
 30.7217  -97.3828   268.638 KGRK
 30.1253  -93.2159   265.279 KLCH
 41.7311  -93.7229   261.262 KDMX
 21.1328 -157.1803   259.538 PHMO
 40.3208  -98.4419   255.055 KUEX
 30.3975  -84.3289   251.984 KTLH
 35.7011 -114.8914   251.028 KESX
 39.7541 -119.4620   250.837 KRGX
 43.8228  -91.1911   250.826 KARX
 38.6989  -90.6828   246.930 KLSX
 40.9670 -111.9300   245.821 TSLC
 36.9839  -77.0075   245.774 KAKQ
 45.4558  -98.4131   244.978 KABR
 43.8913  -70.2564   241.938 KGYX
 45.6906 -118.8529   240.215 KPDT
 38.9969  -96.2325   239.622 KTWX
 32.2800  -89.9844   236.815 KDGX
 34.9306  -86.0836   235.848 KHTX
 39.3669 -101.7003   233.524 KGLD
 44.4986  -88.1111   230.181 KGRB
 32.6750  -83.3511   228.901 KJGX
 32.9189 -117.0419   228.044 KNKX
 33.0650  -96.9180   226.030 TDFW
 36.3142 -119.6321   222.514 KHNX
 44.8489  -93.5655   220.586 KMPX
 30.0220  -90.4030   220.036 TMSY
 47.6790 -103.7810   219.737 FQWA
 42.0811 -122.7174   219.701 KMAX
 26.1430  -80.3440   219.523 TFLL
 40.9231  -78.0039   216.759 KCCX
 35.3447  -89.8733   214.158 KNQA
 25.9156  -97.4186   207.914 KBRO
 41.3203  -96.3668   206.943 KOAX
 47.4597 -111.3853   201.705 KTFX
 42.1580  -70.9330   200.395 TBOS
 42.1110  -83.5150   199.638 TDTW
 35.2904  -94.3619   197.650 KSRX
 33.6541 -101.8142   193.381 KLBB
 40.1505  -89.3368   193.192 KILX
 34.3622  -98.9767   188.884 KFDR
 30.0650  -95.5670   188.815 TIAH
 39.4961 -121.6317   187.993 KBBX
 42.8190  -88.0460   186.807 TMKE
 27.8600  -82.5180   185.109 TTPA
 39.0840  -77.5290   182.873 TIAD
 38.8980  -84.5800   182.637 TCVG
 36.0020  -78.6970   181.040 TRDU
 46.7708 -100.7603   180.466 KBIS
 39.6370  -86.4360   179.636 TIDS
 34.8386 -120.3979   178.068 KVBX
 35.2333 -101.7093   175.835 KAMA
 43.7558  -75.6800   174.769 KTYX
 36.7408  -98.1275   174.151 KVNX
 31.3711 -100.4922   172.741 KSJT
 38.8102  -94.2645   171.526 KEAX
 42.8939  -85.5449   171.170 KGRR
 40.5010  -80.4860   170.883 TPIT
 33.9892  -78.4292   167.169 KLTX
 42.5866  -74.0641   163.455 KENX
 48.1946 -122.4957   162.501 KATX
 38.2603  -87.7245   161.427 KVWX
 38.3111  -81.7228   160.777 KRLX
 36.1683  -83.4019   158.347 KMRX
 37.9753  -85.9439   156.939 KLVX
 33.4210 -112.1630   156.028 TPHX
 35.3370  -80.8850   155.830 TCLT
 42.9486  -78.7369   155.756 KBUF
 41.2900  -82.0080   154.707 TLVE
 36.0710  -95.8270   154.550 TTUL
 35.9242  126.6222   154.492 RKJK
 30.5650  -85.9217   153.740 KEVX
 39.9469  -74.4107   152.848 KDIX
 39.7866 -104.5458   150.864 KFTG
 33.0770 -106.1200   144.407 KHDX
 32.6555  -81.0422   143.939 KCLX
 33.6470  -84.2620   137.350 TATL
 36.7367  -87.2850   137.233 KHPX
 41.6044  -88.0844   135.073 KLOT
 30.8903  -83.0018   132.212 KVAX
 34.8833  -82.2198   131.459 KGSP
 29.7041  -98.0286   129.031 KEWX
 34.4117 -119.1786   121.226 KVTX
 40.0220  -84.1230   119.903 TDAY
 37.6544  -97.4431   118.280 KICT
 31.1553  -92.9758   116.793 KPOE
 20.1253 -155.7778   116.617 PHKM
 33.1719  -86.7697   115.603 KBMX
 33.8177 -117.6360   114.140 KSOX
 38.5011 -121.6778   110.694 KDAX
 31.4606  -85.4594   108.879 KEOX
 35.9800  -86.6620   100.940 TBNA
 39.4980  -94.7420    86.844 TMCI
 40.5890  -73.8810    84.352 TJFK
 29.4719  -95.0789    81.036 KHGX
 39.0900  -76.6300    77.582 TBWI
 30.5239  -88.9847    73.358 KBIX
 39.4203  -83.8217    71.685 KILN
 28.3440  -81.3260    70.617 TMCO
 30.3367  -89.8254    65.618 KLIX
 42.7000  -83.4717    65.580 KDTX
 32.5728  -97.3031    65.491 KFWS
 26.6880  -80.2730    61.003 TPBI
 25.6106  -80.4131    59.593 KAMX
 39.9490  -75.0690    56.108 TPHL
 41.2628 -112.4478    54.429 KMTX
 34.8960  -89.9930    51.059 TMEM
 36.1440 -115.0070    50.329 TLAS
 44.8710  -92.9330    49.906 TMSP
 33.2892 -111.6700    48.070 KIWA
 38.6950  -76.8450    47.694 TADW
 42.9678  -88.5506    44.305 KMKX
 33.3633  -84.5658    42.285 KFFC
 35.6653  -78.4900    41.825 KRAX
 18.4740  -66.1790    41.232 TSJU
 40.5930  -74.2700    32.844 TEWR
 36.2472  -86.5625    31.022 KOHX
 38.0460  -85.6100    30.286 TSDF
 41.6510  -87.7300    29.903 TMDW
 41.9558  -71.1369    28.083 KBOX
 36.1750  -95.5641    26.289 KINX
 40.5317  -80.2179    22.915 KPBZ
 35.2760  -97.5100    22.003 TOKC
 27.7053  -82.4019    20.645 KTBW
 38.8050  -90.4890    20.531 TSTL
 41.7970  -87.8580    19.398 TORD
 41.4131  -81.8600    18.436 KCLE
 25.7580  -80.4910    18.151 TMIA
 29.5160  -95.2420    16.526 THOU
 37.5070  -97.4370    16.396 TICH
 32.9260  -96.9680    16.142 TDAL
 39.7075  -86.2803    15.458 KIND
 38.9761  -77.4875    12.520 KLWX
 38.7590  -76.9620    12.393 TDCA
 39.7280 -104.5260     6.731 TDEN
 35.2383  -97.4603     6.159 KCRI
