50.17   6.85      500 West_Eifel_Volc_Field
45.5    2.75      900 Chaine_des_Puys
42.17   2.53      500 Olot_Volc_Field
43.25   10.87     300 Larderello
42.9    11.63     200 Amiata
42.6    11.93     900 Vulsini
41.73   12.7      500 Albano;Monte
40.827  14.139    300 Campi_Flegrei
40.821  14.426    200 Vesuvius
40.73   13.897    1500 Ischia
38.789  15.213    500 Stromboli
38.48   14.95     900 Lipari
38.404  14.962    500 Vulcano
37.734  15.004    300 Etna
36.77   12.02     200 Pantelleria
37.615  23.336    900 Methana
36.699  24.439    500 Milos
36.404  25.396    300 Santorini
36.58   27.18     200 Nisyros
36.63   27.1      1500 Yali
36.829  27.257    500 Kos
38.58   28.52     900 Kula
37.67   33.65     500 Karapinar_Field
38.13   34.17     300 Hasan_Dagi
38.25   34.57     200 Gollu_Dag
38.57   34.52     900 Acigol-Nevsehir
38.52   35.48     500 Erciyes_Dagi
37.67   39.83     300 Karacalidag
38.65   42.02     200 Nemrut_Dagi
38.92   42.82     1500 Suphan_Dagi
39.17   43.33     500 Girekol
39.33   43.83     900 Tenduruk_Dagi
39.7    44.28     500 Ararat
40.75   42.9      300 Kars_Plateau
43.33   42.45     200 Elbrus
42.7    44.5      900 Kasbek
42.55   44.0      500 Kabargin_Oth_Group
42.45   44.25     300 Unnamed37
41.55   43.6      200 Unnamed38
40.55   44.12     1500 Aragats
40.275  44.75     500 Agmagan-Karadag
39.7    45.542    900 Dar-Alages
15.7    41.742    500 Tair;Jebel_at
15.05   42.18     300 Zubair;Jebel
14.02   42.75     200 Zukur
13.72   42.73     900 Hanish
15.042  39.82     500 Jalua
14.88   39.92     300 Alid
13.975  40.408    200 Gada_Ale
13.82   40.55     1500 Alu
13.792  40.55     500 Dalaffilla
13.725  40.6      900 Borale_Ale
13.6    40.67     500 Erta_Ale
13.52   40.63     300 Ale_Bagu
13.5    40.72     200 Hayli_Gubbi
13.58   41.808    900 Dubbi
13.37   41.7      500 Nabro
13.27   41.65     300 Mallahle
13.18   41.725    200 Sorkale
13.07   41.6      1500 Asavyo
13.1    41.15     500 Mat_Ala
13.28   41.07     900 Tat_Ali
13.3    40.98     500 Borawli
13.08   40.85     300 Afdera
13.02   40.2      200 Ma_Alalta
12.88   40.57     900 Alayta
12.6    40.48     500 Dabbahu
12.38   40.07     300 Dabbayra
12.17   40.82     200 Manda_Hararo
11.73   40.25     1500 Groppo
11.63   41.45     500 Borawli_Complex
12.38   42.2      900 Manda-Inakir
12.47   42.4      500 Mousa_Alli
12.55   42.53     300 Gufa
12.95   42.43     200 Assab_Volc_Field
11.58   42.47     900 Ardoukoba
11.53   42.05     500 Tiho
11.42   42.2      300 Garbes
11.25   41.83     200 Boina
11.28   41.63     1500 Dama_Ali
11.27   41.52     500 Asmara
11.08   41.27     900 Gabillema
10.58   41.042    500 Yangudi
10.082  40.702    300 Ayelu
10.07   40.84     200 Adwa
9.78    40.33     900 Hertali
9.57    40.28     500 Liado_Hayk_Field
9.35    40.13     300 Dofen
8.975   39.93     200 Fentale
8.95    39.75     1500 Beru
8.8     39.692    500 Kone
8.7     39.63     900 Unnamed91
8.558   39.475    500 Boset-Bericha
8.78    38.98     300 Bishoftu_Volc_Field
8.62    38.95     200 Unnamed94
8.43    39.35     900 Sodore
8.35    39.18     500 Gedamsa_Caldera
8.27    39.03     300 Bora-Bericcio_Complex
8.158   39.13     200 Tullu_Moje
8.07    39.07     1500 Unnamed99
7.95    38.93     500 Unnamed100
8.05    38.35     900 Butajiri-Silti_Field
7.77    38.78     500 Alutu
7.47    38.55     300 Shala
7.18    38.43     200 Corbetti_Caldera
7.07    38.1      900 Bilate_River_Field
7.42    35.43     500 Tepi
6.78    37.83     300 Hobicha_Caldera
6.65    38.12     200 Chiracha
5.92    37.57     1500 Tosa_Sucha
5.65    37.67     500 Unnamed110
5.1     35.88     900 Korath_Range
4.08    37.42     500 Mega_Basalt_Field
4.07    36.05     300 North_Island
3.5     36.042    200 Central_Island
2.63    36.6      900 South_Island
2.32    37.97     500 Marsabit
2.32    36.57     300 Barrier;The
1.9     36.27     200 Namarunu
1.57    37.9      1500 Segererua_Plateau
1.5     36.33     500 Emuruangogolak
1.15    36.23     900 Silali
0.92    36.18     500 Paka
0.77    36.12     300 Korosi
0.63    36.08     200 Ol_Kokwe
0.23    37.87     900 Nyambeni_Hills
-0.2    36.07     500 Menengai
-0.38   34.5      300 Homa_Mountain
-0.52   36.27     200 Elmenteita_Badlands
-0.63   36.23     1500 Eburru;Ol_Doinyo
-0.904  36.292    500 Olkaria
-0.92   36.45     900 Longonot
-1.175  36.35     500 Suswa
-2.751  35.902    300 Lengai;Ol_Doinyo
-2.68   37.88     200 Chyulu_Hills
-3.07   37.35     900 Kilimanjaro
-3.25   36.75     500 Meru
-4.87   31.92     300 Igwisi_Hills
-8.63   33.57     200 Unnamed138
-8.75   33.8      1500 SW_Usangu_Basin
-8.97   33.57     500 Ngozi
-8.93   33.4      900 Izumbwe-Mpoli
-9.13   33.67     500 Rungwe
-9.23   33.78     300 Kieyo
0.7     30.25     200 Fort_Portal_Field
0.45    30.25     900 Kyatwa_Volc_Field
-0.08   29.92     500 Katwe-Kikorongo_Field
-0.2    30.08     300 Bunyaruguru_Field
-0.47   30.18     200 Katunga
-0.93   29.33     1500 May-ya-moto
-1.408  29.2      500 Nyamuragira
-1.52   29.25     900 Nyiragongo
-1.5    29.45     500 Karisimbi
-1.47   29.492    300 Visoke
-1.38   29.67     200 Muhavura
-1.23   29.72     900 Bufumbira
-2.32   28.75     500 Tshibinda
0.32    6.72      300 Sao_Tome
3.35    8.52      200 San_Carlos
3.35    8.63      1500 San_Joaquin
3.58    8.75      500 Santa_Isabel160
4.203   9.17      900 Cameroon;Mt.
5.03    9.83      500 Manengouba
6.25    10.5      300 Oku_Volc_Field
7.25    13.67     200 Ngaoundere_Plateau
10.75   12.0      900 Biu_Plateau
27.25   17.5      500 Haruj
21.33   16.33     300 Toh;Tarso
21.03   16.45     200 Tousside;Tarso
20.92   17.28     1500 Voon;Tarso
19.8    18.53     500 Koussi;Emi
12.95   24.27     900 Marra;Jebel
14.5    25.8      500 Kutum_Volc_Field
15.32   26.47     300 Meidob_Volc_Field
18.33   32.75     200 Bayuda_Volc_Field
18.17   33.83     900 Umm_Arafieb;Jebel
36.53   40.85     500 Sharat_Kovakab
36.67   37.0      300 Unnamed177
33.308  36.925    200 Unnamed178
33.15   36.258    1500 Unnamed179
33.08   37.15     500 Es_Safa
32.658  36.425    900 Unnamed181
27.8    36.17     500 Rahah;Harrat_ar
27.08   37.25     300 'Uwayrid;Harrat
25.17   37.75     200 Lunayyir;Harrat
26.58   40.2      900 Ithnayn;Harrat
25.0    39.92     500 Khaybar;Harrat
23.08   39.78     300 Rahat;Harrat
22.8    41.38     200 Kishb;Harrat
17.05   42.83     1500 Yar;Jabal
15.63   44.08     500 Arhab;Harra_of
15.28   44.22     900 Marha;Jabal_el
15.43   44.78     500 Haylan;Jabal
14.57   44.67     300 Dhamar;Harras_of
14.05   44.75     200 Hamman_Demt;Jabal
12.25   45.0      900 Unnamed195
13.58   46.12     500 Sawad;Harra_Es
14.05   48.33     300 Bal_Haf;Harra_of
15.55   50.63     200 Bir_Borhut
35.951  52.109    1500 Damavand
29.4    57.57     500 Qal'eh_Hasan_Ali
28.07   60.0      900 Bazman
28.17   60.67     500 Unnamed202
28.6    61.6      300 Taftan
33.95   67.92     200 Dacht-I-Navar_Group
34.25   67.97     900 Vakak_Group
-11.47  43.33     500 Grille;La
-11.75  43.38     300 Karthala
-12.48  49.1      200 Ambre-Bobaomby
-13.32  48.48     1500 Nosy-Be
-14.3   48.67     500 Ankaizina_Field
-19.0   46.77     900 Itasy_Volc_Field
-19.4   47.2      500 Ankaratra_Field
-21.229 55.713    300 Fournaise;Piton_de_la
-37.83  77.52     200 Amsterdam_Island
-38.72  77.53     900 St.Paul
-53.106 73.513    500 Heard
-53.03  72.6      300 McDonald_Islands
-49.58  69.5      200 Kerguelen_Islands
-46.43  52.2      1500 Est;Ile_de_l'
-46.42  51.63     500 Possession;Ile_de_la
-46.1   50.23     900 Cochons;Ile_Aux
-46.63  37.95     500 Prince_Edward_Island
-46.9   37.75     300 Marion_Island
11.75   80.75     200 Unnamed224
-35.3   173.9     900 Kaikohe-Bay_of_Islands
-35.75  174.27    500 Whangarei
-36.9   174.87    300 Auckland_Field
-37.28  176.25    200 Mayor_Island
-39.3   174.07    1500 Egmont
-37.52  177.18    500 White_Island
-37.858 176.98    900 Whale_Island
-38.08  176.27    500 Rotorua
-38.12  176.5     300 Okataina
-38.42  176.33    200 Reporoa
-38.42  176.08    900 Maroa
-38.82  176.0     500 Taupo
-39.13  175.642   300 Tongariro
-39.28  175.57    200 Ruapehu
-30.542 -178.561  1500 Curtis_Island
-30.23  178.92    500 Brimstone_Island
-30.2   -178.47   900 Macauley_Island
-29.27  -177.92   500 Raoul_Island
-20.57  -175.38   300 Hunga_Tonga-Hunga_Ha'apai
-19.75  -175.07   200 Tofua
-19.18  -174.87   900 Metis_Shoal
-18.806 -174.65   500 Late
-18.02  -174.325  300 Fonualei
-15.6   -175.63   200 Niuafo'ou
-14.23  -169.454  1500 Ta'u
-14.175 -169.618  500 Ofu-Olosega
-14.295 -170.7    900 Tutuila
-13.935 -171.72   500 Upolu
-13.612 -172.525  300 Savai'i
-13.3   -176.17   200 Wallis_Islands
-16.82  -179.97   900 Taveuni
-17.32  179.4     500 Koro
-2.38   147.35    300 St.Andrew_Strait
-2.57   147.28    200 Baluan
-3.03   147.78    1500 Unnamed259
-3.508  144.62    500 Blup_Blup
-3.62   144.62    900 Kadovar
-3.6    144.85    500 Bam
-3.994  144.963   300 Boisa
-4.1    145.061   200 Manam
-4.649  145.964   900 Karkar
-4.311  146.256   500 Unnamed266
-4.92   146.75    300 Yomba
-5.358  147.12    200 Long_Island
-5.589  147.875   1500 Umboi
-5.52   148.121   500 Ritter_Island
-5.414  148.094   900 Sakar
-5.2    148.57    500 Unnamed272
-5.525  148.42    300 Langila
-4.55   149.125   200 Narage
-4.63   149.35    900 Mundua
-4.692  149.5     500 Garove
-5.056  150.108   300 Dakataua
-5.15   150.03    200 Bola
-5.269  150.088   1500 Garua_Harbour
-5.45   150.03    500 Garbuna_Group
-5.47   150.5     900 Lolo
-5.58   150.52    500 Pago
-5.53   150.9     300 Walo
-5.33   151.1     200 Hargy
-5.2    151.23    900 Bamus
-5.05   151.33    500 Ulawun
-4.92   151.158   300 Lolobau
-4.75   150.85    200 Unnamed288
-4.271  152.203   1500 Rabaul
-5.9    143.15    500 Doma_Peaks
-6.58   145.08    900 Crater_Mountain
-7.05   145.858   500 Yelia
-7.33   146.708   300 Koranga
-9.2    147.57    200 Madilogo
-8.95   148.15    900 Lamington
-9.0    148.37    500 Hydrographers_Range
-9.308  148.13    300 Musa_River
-9.08   148.33    200 Managlase_Plateau
-9.2    149.07    1500 Victory
-9.48   149.13    500 Sessagara
-9.57   149.075   900 Waiowa
-9.48   150.35    500 Goodenough
-9.52   150.53    300 Iamalele
-9.62   150.88    200 Dawson_Strait_Group
-3.125  152.642   900 Lihir
-4.08   153.65    500 Ambitle
-5.83   154.93    300 Tore
-5.83   154.98    200 Balbi
-6.092  155.225   1500 Billy_Mitchell
-6.14   155.195   500 Bagana
-6.442  155.608   900 Takuan_Group
-6.52   155.62    500 Loloru
-7.67   156.6     300 Nonda
-8.292  156.52    200 Simbo
-8.83   157.17    900 Coleman_Seamount
-9.35   159.73    500 Gallego
-9.13   159.82    300 Savo
-10.38  165.8     200 Tinakula
-13.67  167.67    1500 Motlav
-13.8   167.47    500 Suretamatai
-14.27  167.5     900 Gaua
-14.45  168.05    500 Mere_Lava
-15.4   167.83    300 Aoba
-16.25  168.12    200 Ambrym
-16.507 168.346   900 Lopevi
-16.68  168.37    500 Epi
-16.992 168.592   300 Unnamed327
-17.45  168.33    200 North_Vate
-18.75  169.23    1500 Traitor's_Head
-19.52  169.425   500 Yasur
-20.2   169.83    900 Aneityum
-22.33  171.32    500 Matthew_Island
-22.4   172.05    300 Hunter_Island
-25.78  168.63    200 Unnamed334
-37.77  142.5     900 Newer_Volcanics_Prov
13.43   94.25     500 Narcondum
12.292  93.875    300 Barren_Island
5.82    95.28     200 Pulau_Weh
5.448   95.658    1500 Seulawah_Agam
4.914   96.329    500 Peuet_Sague
4.813   96.82     900 Geureudong
3.85    97.664    500 Kembar
3.2     98.52     300 Sibayak
3.17    98.392    200 Sinabung
2.58    98.83     900 Toba
2.03    98.93     500 Helatoba-Tarutung
2.15    98.93     300 Imun
1.556   99.255    200 Sibualbuali
1.478   99.209    1500 Lubukraya
0.686   99.539    500 Sorikmarapi
0.079   99.98     900 Talakmau
0.08    100.2     500 Sarik-Gajah
-0.381  100.473   300 Marapi
-0.433  100.317   200 Tandikat
-0.978  100.679   900 Talang
-1.814  101.264   500 Kerinci
-2.33   101.6     300 Hutapanjang
-2.414  101.728   200 Sumbing358
-2.592  101.63    1500 Kunyit
-2.82   102.02    500 Pendan
-2.82   102.18    900 Belirang-Beriti
-3.38   102.37    500 Daun;Bukit
-3.52   102.62    300 Kaba
-4.03   103.13    200 Dempo
-4.27   103.3     900 Patah
-4.22   103.62    500 Lumut_Balai;Bukit
-4.43   103.67    300 Besar
-4.83   103.92    200 Ranau
-5.12   104.32    1500 Sekincau_Belirang
-5.25   104.27    500 Suoh
-5.35   104.6     900 Hulubelu
-5.78   105.625   500 Rajabasa
-6.102  105.423   300 Krakatau
-6.2    105.97    200 Danau_Complex
-6.27   106.042   900 Karang
-6.73   106.65    500 Kiaraberes-Gagak
-6.75   106.68    300 Perbakti
-6.72   106.73    200 Salak
-6.78   106.98    1500 Gede
-7.15   107.37    500 Patuha
-7.208  107.63    900 Wayang-Windu
-7.13   107.65    500 Malabar
-6.77   107.6     300 Tangkubanparahu
-7.32   107.73    200 Papandayan
-7.23   107.72    900 Kendang
-7.125  107.8     500 Kamojang;Kawah
-7.13   107.83    300 Guntur
-6.77   107.95    200 Tampomas
-7.25   108.05    1500 Galunggung
-7.208  108.07    500 Talagabodas
-7.12   108.08    900 Karaha;Kawah
-6.892  108.4     500 Cereme
-7.242  109.208   300 Slamet
-7.2    109.92    200 Dieng_Volc_Complex
-7.3    109.992   900 Sundoro
-7.38   110.058   500 Sumbing396
-7.18   110.33    300 Ungaran
-7.37   110.4     200 Telomoyo
-7.45   110.43    1500 Merbabu
-7.542  110.442   500 Merapi
-7.625  111.192   900 Lawu
-7.808  111.758   500 Wilis
-7.93   112.308   300 Kelut
-7.92   112.45    200 Kawi-Butak
-7.725  112.58    900 Arjuno-Welirang
-7.62   112.63    500 Penanggungan
-8.02   112.68    300 Malang_Plain
-8.108  112.92    200 Semeru
-7.942  112.95    1500 Tengger_Caldera(Bromo)
-8.0    113.342   500 Lamongan
-7.7    113.58    900 Lurus
-7.97   113.57    500 Iyang-Argapura
-8.125  114.042   300 Raung
-8.058  114.242   200 Ijen
-7.85   114.37    900 Baluran
-8.28   115.13    500 Bratan
-8.242  115.375   300 Batur
-8.342  115.508   200 Agung
-8.42   116.47    1500 Rinjani
-8.25   118.0     500 Tambora
-8.18   119.058   900 Sangeang_Api
-8.68   120.025   500 Sano;Wai
-8.68   120.48    300 Poco_Leok
-8.62   120.52    200 Ranakah
-8.875  120.95    900 Inierie
-8.73   120.98    500 Inielika
-8.808  121.18    300 Ebulobo
-8.88   121.63    200 Iya
-8.792  121.77    1500 Sukaria_Caldera
-8.72   121.78    500 Ndete_Napu
-8.758  121.83    900 Kelimutu
-8.32   121.708   500 Paluweh
-8.67   122.45    300 Egon
-8.478  122.671   200 Ilimuda
-8.53   122.775   900 Lewotobi
-8.358  122.842   500 Leroboleng
-8.3    122.892   300 Riang_Kotang
-8.342  123.258   200 Iliboleng
-8.272  123.505   1500 Lewotolo
-8.53   123.42    500 Ililabalekan
-8.54   123.59    900 Iliwerung
-7.792  123.579   500 Tara;Batu
-8.51   124.148   300 Sirung
-7.53   123.95    200 Yersey
-6.62   124.22    900 Emperor_of_China
-6.6    124.675   500 Nieuwerkerk
-6.642  126.65    300 Gunungapi_Wetar
-7.125  128.675   200 Wurlali
-6.92   129.125   1500 Teon
-6.73   129.5     500 Nila
-6.3    130.0     900 Serua
-5.53   130.292   500 Manuk
-4.525  129.871   300 Banda_Api
-0.17   121.608   200 Colo[Una_Una]
0.75    124.42    900 Ambang
1.108   124.725   500 Soputan
1.142   124.73    300 Sempu
1.23    124.83    200 Tondano_Caldera
1.358   124.792   1500 Lokon-Empung
1.358   124.858   500 Mahawu
1.47    125.03    900 Klabat
1.52    125.2     500 Tongkoko
2.28    125.425   300 Ruang
2.78    125.48    200 Karangetang[Api_Siau]
3.67    125.5     900 Awu
3.97    124.17    500 Unnamed466
1.78    127.792   300 Tarakan
1.68    127.88    200 Dukono
1.625   127.675   1500 Tobaru
1.475   127.642   500 Ibu
1.375   127.52    900 Gamkonora
1.22    127.43    500 Todoko-Ranu
1.08    127.42    300 Jailolo
0.88    127.32    200 Hiri
0.8     127.325   900 Gamalama
0.65    127.4     500 Tidore
0.57    127.4     300 Mare
0.45    127.4     200 Moti
0.32    127.4     1500 Makian
0.07    127.42    500 Tigalalu
-0.55   127.5     900 Amasing
-0.78   127.72    500 Bibinoi
4.4     117.88    300 Bombalai
5.95    121.07    200 Bud_Dajo
5.4     125.375   900 Balut
6.12    124.892   500 Parker
6.37    125.108   300 Matutum
6.987   125.273   200 Apo
7.393   126.397   1500 Leonard_Range
7.443   126.073   500 Unnamed490
7.647   124.32    900 Makaturing
7.65    124.47    500 Latukan
7.67    124.5     300 Ragang
7.95    124.8     200 Kalatungan
7.877   125.068   900 Calayo
8.22    123.63    500 Malindang
8.8     124.92    300 Balatocan
9.203   124.673   200 Hibok-Hibok
9.593   125.52    1500 Paco
9.258   123.175   500 Magaso
10.412  123.132   900 Canlaon
10.615  123.22    500 Mandalagan
10.77   123.23    300 Silay
10.287  125.22    200 Cabalian
10.872  124.853   900 Mahagnoa
11.523  124.534   500 Biliran
12.77   124.05    300 Bulusan
13.05   123.958   200 Pocdol_Mountains
13.257  123.685   1500 Mayon
13.32   123.6     500 Masaraga
13.422  123.597   900 Malinao
13.457  123.457   500 Iriga
13.658  123.37    300 Isarog
14.02   122.792   200 Labo
13.24   122.018   900 Malindig
13.723  120.893   500 Panay
14.07   121.48    300 Banahao
14.12   121.3     200 Laguna_Volc_Field
14.13   121.2     1500 Maquiling
14.002  120.993   500 Taal
14.35   121.33    900 Jalajala
14.5    120.5     500 Mariveles
14.705  120.4     300 Natib
15.13   120.35    200 Pinatubo
15.2    120.742   900 Arayat
15.828  120.805   500 Amorong
16.33   120.55    300 Santo_Tomas527
17.147  120.98    200 Patoc
17.32   121.1     1500 Ambalatungan_Group
18.222  122.123   500 Cagua
18.83   121.86    900 Camiguin_de_Babuyanes
19.077  122.202   500 Didicas
19.523  121.94    300 Babuyan_Claro
20.469  122.01    200 Iraya
20.83   109.78    900 Leizhou_Bandao
15.38   109.12    500 Cu-Lao_Re_Group
14.93   108.0     300 Toroeng_Prong
11.6    108.2     200 Haut_Dong_Nai
10.8    107.2     1500 Bas_Dong_Nai
9.83    109.05    500 Veteran
20.87   95.23     900 Popa
22.28   95.1      500 Lower_Chindwin
22.7    95.98     300 Singu_Plateau
25.32   98.47     200 Tengchong
20.93   134.75    900 Unnamed545
24.0    121.83    500 Unnamed546
24.85   121.92    300 Kuei-Shan-Tao
25.17   121.52    200 Tatun_Group
25.63   122.07    1500 Peng-Chia-Hsu
27.85   128.25    500 Iwo-Tori-shima
29.45   129.6     900 Akuseki-jima
29.53   129.72    500 Suwanose-jima
29.85   129.87    300 Nakano-shima
29.97   129.93    200 Kuchino-shima
30.43   130.22    900 Kuchinoerabu-jima
30.78   130.28    500 Kikai
31.22   130.57    300 Ibusuki_Volc_Field
31.58   130.67    200 Sakura-jima
31.768  130.594   1500 Sumiyoshi-ike
31.93   130.87    500 Kirishima
32.75   130.3     900 Unzen
32.88   131.1     500 Aso
33.08   131.25    300 Kuju_Group
33.28   131.43    200 Tsurumi
34.5    131.6     900 Abu
35.13   132.62    500 Sanbe
36.17   133.33    300 Oki-Dogo
34.92   139.12    200 Izu-Tobu
35.22   139.02    1500 Hakone
35.35   138.73    500 Fuji
36.1    138.3     900 Tateshina
35.9    137.48    500 On-take
36.15   136.78    300 Haku-san
36.12   137.55    200 Norikura
36.22   137.58    900 Yake-dake
36.4    137.5     500 Washiba-Kumonotaira
36.57   137.6     300 Tate-yama
36.92   138.03    200 Niigata-Yake-yama
36.88   138.12    1500 Myoko
36.4    138.53    500 Asama
36.62   138.55    900 Kusatsu-Shirane
36.7    138.52    500 Shiga
36.47   138.88    300 Haruna
36.53   139.18    200 Akagi
36.95   139.28    900 Hiuchi
36.8    139.38    500 Nikko-Shirane
36.77   139.5     300 Nantai
36.78   139.5     200 Omanago_Group
36.9    139.78    1500 Takahara
37.12   139.97    500 Nasu
37.43   139.58    900 Numazawa
37.6    140.08    500 Bandai
37.62   140.28    300 Adatara
37.73   140.25    200 Azuma
38.15   140.45    900 Zao
38.6    140.18    500 Hijiori
38.73   140.73    300 Narugo
38.95   140.78    200 Kurikoma
39.08   140.03    1500 Chokai
39.75   140.8     500 Akita-Komaga-take
39.85   141.0     900 Iwate
39.95   140.85    500 Hachimantai
39.97   140.77    300 Akita-Yake-yama
39.93   139.88    200 Kanpu
39.95   139.73    900 Megata
40.65   140.3     500 Iwaki
40.47   140.92    300 Towada
40.65   140.88    200 Hakkoda_Group
41.32   141.08    1500 Osore-yama
41.43   141.07    500 Mutsu-Hiuchi-dake
34.73   139.38    900 Oshima
34.52   139.28    500 To-shima
34.37   139.27    300 Nii-jima
34.22   139.15    200 Kozu-shima
34.08   139.53    900 Miyake-jima
33.13   139.77    500 Hachijo-jima
32.45   139.77    300 Aoga-shima
31.92   139.92    200 Bayonnaise_Rocks
31.32   140.05    1500 Smith_Rock
30.48   140.32    500 Tori-shima
29.22   140.8     900 Omachi_Seamount
27.243  140.877   500 Nishino-shima
26.13   144.48    300 Unnamed623
25.43   141.23    200 Kita-Iwo-jima
24.75   141.33    900 Iwo-jima
21.0    142.9     500 Unnamed626
20.3    143.2     300 Unnamed627
20.53   144.9     200 Farallon_de_Pajaros
19.67   145.4     1500 Asuncion
18.77   145.67    500 Agrigan
18.13   145.8     900 Pagan
17.6    145.83    500 Alamagan
17.32   145.85    300 Guguan
16.708  145.78    200 Sarigan
16.35   145.67    900 Anatahan
41.5    139.37    500 Oshima-Oshima
41.8    141.17    300 E-san
42.07   140.68    200 Komaga-take
42.12   140.45    1500 Nigorigawa
42.53   140.83    500 Usu
42.88   140.63    900 Niseko
42.83   140.82    500 Yotei
42.767  140.916   300 Shiribetsu
42.5    141.18    200 Kuttara
42.7    141.33    900 Shikotsu
45.18   141.25    500 Rishiri
43.42   142.68    300 Tokachi
43.68   142.88    200 Daisetsu
43.45   143.03    1500 Nipesotsu-Upepesanke
43.28   143.08    500 Shikaribetsu_Group
43.38   144.02    900 Akan
43.55   144.43    500 Kutcharo
43.57   144.57    300 Mashu
44.073  145.125   200 Rausu
44.13   145.17    900 Shiretoko-Iwo-zan
43.85   145.5     500 Golovnin_(Kunashir_Is.)
43.98   145.73    300 Mendeleev_(Kunashir_Is.)
44.43   146.13    200 Smirnov
44.45   146.25    1500 Tyatya_(Kunashir_Is.)
44.45   146.93    500 Berutarube_(Iturup_Is.)
44.62   147.0     900 Lvinaya_Past
44.8    147.13    500 Atsonupuri_(Iturup_Is.)
44.83   147.37    300 Bogatyr_Ridge
45.02   147.87    200 Grozny_Group
45.1    148.02    900 Baransky_(Iturup_Is.)
45.38   147.92    500 Chirip_(Bogdan_Khmelnitzky_Iturup_Is.)
45.25   148.35    300 Golets-Tornyi_Group
45.38   148.83    200 Kudryavy_(Medvezhia_Iturup_Is.)
45.5    148.85    1500 Demon
45.77   149.68    500 Ivao_Group
45.88   149.83    900 Rudakov
45.93   149.92    500 Tri_Sestry
46.05   150.05    300 Kolokol_Group_(Urup_Is.)
46.52   150.87    200 Cherny_(Chirpoi_Is.)
46.82   151.78    900 Milne
46.83   151.75    500 Goryachaya_sopka_(Simushur_Is.)
46.92   151.95    300 Zavaritzky_(Simushur_Is.)
47.02   152.12    200 Prevo_Peak_(Simushur_Is.)
47.12   152.23    1500 Urataman
47.33   152.48    500 Ketoi_(Pallas_Peak_Ketoi_Is.)
47.52   152.8     900 Ushishir_(Yankiche_Is.)
47.6    152.92    500 Srednii
47.75   153.02    300 Rasshua_(Rasshua_Is.)
48.1    153.2     200 Sarychev_Peak_(Matua_Is.)
48.28   153.25    900 Raikoke_(Raikoke_Is.)
48.98   153.47    500 Chirinkotan_(Chirinkotan_Is.)
48.95   153.93    300 Ekarma_(Ekarma_Is.)
48.75   154.02    200 Kuntomintar_(Shiashkotan_Is.)
48.87   154.18    1500 Sinarka_(Shiashkotan_Is.)
49.12   154.508   500 Kharimkotan
49.35   154.7     900 Tao-Rusyr_Caldera
49.57   154.8     500 Nemo_Peak_(Onekotan_Is.)
50.2    154.98    300 Shirinki
50.27   155.25    200 Fuss_Peak_(Paramushir_Is.)
50.13   155.37    900 Karpinsky_Group_(Paramushir_Is.)
50.25   155.43    500 Lomonosov_Group
50.32   155.47    300 Chikurachki_(Paramushir_Is.)
50.55   155.97    200 Vernadskii_Ridge
50.68   156.02    1500 Ebeko_(Paramushir_Is.)
50.87   155.57    500 Alaid_(Atlasova_Is.)
51.1    156.72    900 Mashkovtsev
51.3    156.9     500 Kambalny
51.35   156.75    300 Koshelev
51.6    156.55    200 Unnamed704
51.43   157.0     900 Diky_Greben
51.47   157.1     500 Kurile_Lake
51.5    157.2     300 Iliyinsky
51.58   157.33    200 Zheltovsky
51.65   157.35    900 Kell
51.75   157.27    500 Belenkaya
51.82   157.53    900 Ksudach
51.88   157.38    500 Ozernoy
52.02   157.53    300 Plosky_Volc_Group
52.07   157.7     200 Khodutka
52.113  157.849   900 Piratkovsky
52.077  157.477   500 Olkoviy
52.146  157.322   300 Ostanets
52.22   157.428   200 Otdelniy
52.33   157.33    1500 Unnamed719
52.25   157.6     500 Tundroviy
52.45   158.2     900 Mutnovsky
52.263  157.787   500 Golaya
52.355  157.827   300 Asacha
52.43   157.93    200 Visokiy
52.55   158.03    900 Gorely
52.53   157.33    500 Opala
52.57   157.02    300 Unnamed727
52.63   157.58    200 Tolmachev_Dol
52.68   158.3     900 Vilyuchik
52.823  158.27    500 Barkhatnaya_Sopka
52.92   158.52    900 Unnamed731
52.88   158.3     500 Unnamed732
52.9    157.78    300 Bolshe-Bannaya
53.32   158.68    200 Koryaksky
53.25   158.85    900 Avachinsky
53.63   158.1     500 Unnamed736
53.63   158.42    300 Veer
53.62   159.0     200 Dzenzursky
53.58   159.13    1500 Zhupanovsky
53.905  158.385   500 Zavaritsky
53.905  158.07    900 Bakenin
53.98   159.45    500 Akademia_Nauk
54.05   159.45    300 Karymsky
54.13   159.67    200 Maly_Semiachik
54.32   160.02    900 Bolshoi_Semiachik
54.53   159.8     500 Taunshits
54.5    159.92    300 Uzon
54.48   160.23    200 Kikhpinych
54.58   160.27    900 Krasheninnikov
54.75   160.5     500 Kronotsky
54.97   160.7     900 Gamchen
55.07   160.72    500 Komarov
55.07   160.77    300 Kolkhozhny
55.2    160.32    200 Kizimen
55.23   160.587   900 Iult
55.92   161.75    500 Unnamed756
55.83   160.33    300 Tolbachik
55.755  160.527   200 Udina
55.862  160.603   1500 Zimina
55.97   160.6     500 Bezymianny
56.02   160.593   900 Kamen
56.05   160.65    500 Klyuchevskoy
56.07   160.48    300 Ushkovsky
56.38   160.83    200 Zarechny
56.53   160.87    900 Unnamed765
56.65   161.35    500 Sheveluch
54.75   157.37    300 Khangar
55.67   157.72    200 Ichinsky
55.82   157.98    900 Maly_Payalpan
55.88   157.78    500 Bolshoi_Payalpan
55.2    158.47    900 Plosky771
55.43   158.65    500 Akhtang
55.58   158.38    300 Kozyrevsky
55.65   158.8     200 Romanovka
56.08   158.38    900 Uksichan
56.47   157.8     500 Bolshoi-Kekuknaysky
56.37   158.37    300 Kulkev
56.33   158.67    200 Geodesistoy
56.32   158.83    1500 Anaun
56.37   159.03    500 Krainy
56.4    158.85    900 Kekurny
56.57   158.52    500 Eggella
56.82   158.95    300 Unnamed783
56.52   159.53    200 Verkhovoy
56.7    159.65    900 Alney-Chashakondzha
56.82   159.67    500 Cherny
56.85   159.8     300 Pogranychny
56.88   159.95    200 Zaozerny
56.97   159.78    1500 Bliznets
57.1    159.93    500 Kebeney
57.13   160.4     900 Fedotych
57.23   160.08    500 Sedankinsky
57.33   160.2     300 Gorny_Institute
57.3    159.83    200 Leutongey
57.32   159.97    900 Tuzovsky
57.4    160.1     500 Titila
57.47   160.25    300 Mezhdusopochny
57.45   160.37    200 Shishel
57.53   160.53    900 Elovsky
57.7    160.4     500 Alngey
57.7    160.58    900 Uka
57.8    160.67    500 Kaileney
57.83   160.25    300 Plosky803
57.88   160.53    200 Bely
57.97   160.65    900 Atlasova
58.02   160.75    500 Snezhniy
58.08   160.77    300 Iktunup
58.18   160.82    200 Ostry
58.2    160.97    1500 Snegovoy
58.28   160.87    500 Severny
58.4    161.08    900 Iettunup
58.37   160.62    500 Voyampolsky
66.12   165.63    300 Aluchin_Group
67.17   165.2     200 Anjuisky
66.43   143.73    900 Balagan-Tas
44.5    135.5     500 Southern_Sikhote-Alin
56.33   118.07    300 NE_Udokan_Plateau
56.18   117.47    200 Udokan_Volc_Field
50.52   103.25    900 Dgida_Basin
51.5    102.5     500 Tunkin_Depression
52.7    98.98     900 Oka_Volc_Field
52.33   98.0      500 Ulug-Arginsky
48.17   99.7      300 Taryatu-Chulutu
48.67   102.75    200 Khanuy_Gol
47.12   109.08    900 Bus-Obo
45.33   114.0     500 Dariganga_Volc_Field
45.28   106.7     300 Middle_Gobi
42.9    89.25     200 Turfan
42.5    82.5      1500 Tianshan_Volc_Group
35.52   80.2      500 Kunlun_Volc_Group
35.85   91.7      900 Unnamed831
41.47   113.0     500 Honggeertu
49.37   125.92    300 Keluo_Group
48.72   126.12    200 Wudalianchi
44.08   128.83    900 Jingpohu
42.33   126.5     500 Longgang_Group
41.98   128.08    300 Baitoushan
41.33   128.0     200 Xianjindao
38.33   127.33    1500 Ch'uga-ryong
37.5    130.87    500 Ulreung
33.37   126.53    900 Halla
52.37   175.98    500 Buldir
52.1    177.6     300 Kiska
52.02   178.13    200 Segula
51.97   178.33    900 Davidof
51.95   178.53    500 Little_Sitkin
51.93   179.58    300 Cerberus_(Semisopochnoi)
51.78   -178.8    200 Gareloi
51.88   -178.13   1500 Tanaga
51.87   -178.02   500 Takawangha
51.9    -177.43   900 Bobrof
51.92   -177.17   500 Kanaga
51.93   -176.75   300 Moffett
51.98   -176.6    200 Adagdak
52.08   -176.13   900 Great_Sitkin
52.18   -175.5    500 Kasatochi
52.22   -175.13   300 Koniuji
52.03   -174.93   200 Sergief
52.38   -174.15   1500 Korovin_(Atka_Is.)
52.32   -172.52   500 Seguam_(Pyre_Peak)
52.5    -171.25   900 Amukta
52.57   -171.13   500 Chagulak
52.63   -170.63   300 Yunaska
52.75   -170.12   200 Herbert
52.9    -170.05   900 Carlisle
52.82   -169.95   500 Cleveland
53.07   -169.77   300 Uliaga
52.97   -169.72   200 Kagamil
53.13   -168.68   900 Vsevidof
53.15   -168.55   500 Recheschnoi
53.4    -168.17   900 Okmok
53.93   -168.03   500 Bogoslof
53.88   -166.93   300 Makushin
53.98   -166.67   200 Table_Top-Wide_Bay
54.13   -165.97   900 Akutan
54.52   -164.65   500 Westdahl
54.65   -164.43   300 Fisher
54.75   -163.97   200 Shishaldin
54.75   -163.73   1500 Isanotski
54.8    -163.6    500 Roundtop
55.42   -163.15   900 Amak
55.07   -162.82   500 Frosty
55.18   -162.27   300 Dutton
55.33   -162.07   200 Emmons_Lake
55.42   -161.9    900 Pavlof
55.45   -161.87   500 Pavlof_Sister
55.62   -161.22   300 Dana
55.93   -160.0    200 Unnamed888
56.02   -159.8    900 Kupreanof
56.17   -159.38   500 Veniaminof
56.53   -158.8    900 Black_Peak
56.88   -158.17   500 Aniakchak
57.02   -157.18   300 Yantarni
57.13   -157.0    200 Chiginagak
57.38   -156.75   900 Kialagvik
57.75   -156.35   500 Peulik
57.83   -156.5    300 Ukinrek
57.87   -155.42   200 Unnamed898
58.17   -155.35   1500 Martin
58.18   -155.23   500 Mageik
58.23   -155.08   900 Trident
58.27   -154.98   500 Katmai
58.27   -155.16   300 Novarupta
58.35   -155.1    200 Griggs
58.33   -154.68   900 Snowy
58.42   -154.45   500 Denison
58.43   -154.4    300 Steller
58.47   -154.35   200 Kukak
58.48   -154.3    1500 Devils_Desk
58.62   -154.05   500 Kaguyak
58.77   -153.68   900 Fourpeaked
58.87   -153.55   500 Douglas
59.37   -153.42   300 Augustine
60.03   -153.08   200 Iliamna
60.48   -152.75   900 Redoubt
61.3    -152.25   500 Spurr
61.62   -152.48   300 Hayes
66.35   -164.33   200 Espenberg
65.6    -163.92   1500 Imuruk_Lake
63.6    -170.43   500 Kookooligit_Mountains
63.45   -162.12   900 St.Michael
61.43   -164.47   500 Ingakslugwat_Hills
60.02   -166.33   300 Nunivak_Island
57.18   -170.3    200 St.Paul_Island
64.07   -148.42   900 Buzzard_Creek
62.22   -144.13   500 Sanford
62.0    -144.02   300 Wrangell
62.13   -143.08   200 Gordon
61.38   -141.75   1500 Bona-Churchill
57.05   -135.75   500 Edgecumbe
56.5    -133.1    900 Duncan_Canal
55.25   -133.3    500 Tlevak_Strait-Suemez_Is.
55.32   -131.05   300 Behm_Canal-Rudyerd_Bay
62.93   -137.38   200 Fort_Selkirk
60.42   -135.42   900 Alligator_Lake
59.68   -133.32   500 Ruby_Mountain
58.6    -131.97   300 Heart_Peaks
58.42   -131.35   200 Level_Mountain
57.72   -130.63   1500 Edziza
57.43   -130.68   500 Spectrum_Range
56.78   -131.28   900 Hoodoo_Mountain
56.58   -130.55   500 Iskut-Unuk_River_Cones
55.12   -128.9    300 Tseax_River_Cone
54.7    -130.23   200 Crow_Lagoon
52.5    -128.73   900 Milbanke_Sound_Group
52.47   -124.7    500 Satah_Mountain
52.9    -123.73   300 Nazko
52.33   -120.57   200 Wells_Gray-Clearwater
51.43   -126.3    1500 Silverthrone
50.8    -123.4    500 Bridge_River_Cones
50.63   -123.5    900 Meager
49.92   -123.03   500 Garibaldi_Lake
49.85   -123.0    300 Garibaldi;Mt.
48.786  -121.82   200 Baker
48.112  -121.113  900 Glacier_Peak
46.87   -121.758  500 Rainier
46.206  -121.49   300 Adams
46.2    -122.18   200 St.Helens
45.88   -122.08   1500 West_Crater
45.93   -121.82   500 Indian_Heaven
45.374  -121.694  900 Hood
44.692  -121.8    500 Jefferson
44.42   -121.77   300 Blue_Lake_Crater
44.38   -121.93   200 Sand_Mountain_Field
44.332  -121.837  900 Washington
44.285  -121.841  500 Belknap
44.17   -121.77   300 North_Sister_Field
44.1    -121.77   200 South_Sister
43.979  -121.688  1500 Bachelor
43.57   -121.82   500 Davis_Lake
43.722  -121.229  900 Newberry_Volcano
43.512  -120.861  500 Devils_Garden
43.472  -120.754  300 Squaw_Ridge_Field
43.361  -120.669  200 Four_Craters_Lava_Field
43.241  -122.108  900 Cinnamon_Butte
42.93   -122.12   500 Crater_Lake
42.552  -122.201  300 Imagination_Peak
43.1    -118.75   200 Diamond_Craters
43.0    -117.8    1500 Saddle_Butte
43.03   -117.42   500 Jordan_Craters
42.606  -117.589  900 Jackies_Butte
41.42   -122.2    500 Shasta
41.58   -121.57   300 Medicine_Lake
41.178  -121.443  1500 Brushy_Butte
40.955  -121.365  900 Big_Cave
40.78   -121.6    500 Twin_Buttes
40.68   -121.55   1500 Tumble_Buttes
40.63   -121.43   300 Potato_Butte
40.492  -121.508  1500 Lassen_Volc_Center
40.63   -120.83   500 Eagle_Lake_Field
38.97   -122.77   900 Clear_Lake
38.0    -119.03   500 Mono_Lake_Volc_Field
37.88   -119.0    1500 Mono_Craters
37.692  -119.02   300 Inyo_Craters
37.7    -118.87   900 Long_Valley
37.58   -119.05   500 Red_Cones
37.02   -117.45   1500 Ubehebe_Craters
36.358  -118.32   300 Golden_Trout_Creek
36.03   -117.82   1500 Coso_Volc_Field
34.75   -116.625  500 Lavic_Lake
34.55   -115.78   900 Amboy
43.07   -114.43   500 Shoshone_Lava_Field
43.42   -113.5    1500 Craters_of_the_Moon
42.88   -113.22   300 Wapi_Lava_Field
43.5    -112.45   900 Hell's_Half_Acre
44.43   -110.67   500 Yellowstone
39.375  -119.72   1500 Steamboat_Springs
37.257  -113.625  300 Santa_Clara
37.33   -113.12   1500 Kolob
37.328  -112.408  500 Bald_Knoll
37.58   -112.67   900 Markagunt_Plateau
38.97   -112.5    500 Black_Rock_Desert
39.65   -107.03   300 Dotsero
36.38   -113.13   200 Uinkaret_Field
35.37   -111.5    900 Sunset_Crater
33.78   -105.93   500 Carrizozo
34.8    -108.0    1500 Zuni-Bandera
35.87   -106.57   300 Valles_Caldera
46.52   129.58    1500 CoAxial_Segment
45.95   130.0     500 Axial_Seamount
44.83   130.3     900 Cleft_Segment
42.67   126.78    500 North_Gorda_Ridge
31.75   124.25    300 Unnamed1023
19.425  -155.292  1500 Kilauea
19.475  -155.608  900 Mauna_Loa
19.82   -155.47   500 Mauna_Kea
19.692  -155.87   1500 Hualalai
20.57   -156.57   300 Kahoolawe
20.708  -156.25   1500 Haleakala
21.37   -157.8    500 Koolau
21.75   158.75    900 Unnamed1031
23.58   163.83    200 Unnamed1032
9.82    104.3     200 Unnamed1033
0.792   86.15     500 Galapagos_Rift
-17.57  148.85    900 Teahitia
-17.642 148.6     500 Rocard
-17.87  -148.07   300 Mehetia
-17.436 113.206   200 Unnamed1038
-27.12  -109.45   1500 Easter_Island
-49.68  178.77    500 Antipodes_Island
-53.9   140.3     200 Unnamed1041
-55.97  -143.17   200 Unnamed1042
32.418  -115.305  900 Prieto;Cerro
31.772  -113.498  900 Pinacate
30.468  -115.996  900 San_Quintin_Volc_Field
29.814  -114.384  500 San_Luis;Isla
29.33   -114.5    300 Jaraguay_Volc_Field
29.08   -113.513  200 Coronado
29.07   -118.28   1500 Guadalupe
28.5    -113.75   500 San_Borja_Volc_Field
28.0    -115.0    200 Unnamed1051
27.47   -112.591  1500 Tres_Virgenes
27.392  -111.858  300 Tortuga;_Isla
26.0    -111.92   200 Comondu-La_Purisima
19.3    -110.82   900 Barcena
18.78   -110.95   500 Socorro
24.15   -104.45   1500 Durango_Volc_Field
21.45   -104.73   900 Sanganguey
21.125  -104.508  1500 Ceboruco
20.62   -104.83   500 Mascota_Volc_Field
19.514  -103.62   900 Colima
19.48   -102.25   500 Michoacan-Guanajuato
19.724  -99.757   300 Jocotitlan
19.108  -99.758   200 Toluca;Nevado_de_
19.08   -99.13    900 Chichinautzin
19.308  -98.7     500 Papayo
19.179  -98.642   300 Iztaccihuatl
19.023  -98.622   200 Popocatepetl
19.23   -98.03    1500 Malinche;La
19.27   -97.47    500 Serdan-Oriental
19.68   -97.45    900 Humeros;Los
19.809  -96.526   500 Atlixcos;Cerro_Los
19.67   -96.75    300 Naolinco_Volc_Field
19.492  -97.15    200 Cofre_de_Perote
19.33   -97.25    900 Gloria;La
19.15   -97.27    500 Cumbres;Las
19.03   -97.268   300 Orizaba;Pico_de
18.572  -95.169   200 San_Martin
17.36   -93.228   1500 Chichon;El
15.13   -92.112   500 Tacana
15.034  -91.903   900 Tajumulco
14.756  -91.552   500 Santa_Maria
14.82   -91.48    300 Almolonga
14.71   -91.479   200 Santo_Tomas1084
14.583  -91.186   900 Atitlan
14.612  -91.189   500 Toliman
14.501  -90.876   300 Acatenango
14.473  -90.88    200 Fuego
14.465  -90.743   1500 Agua
14.381  -90.601   500 Pacaya
14.156  -90.407   900 Tecuamburro
14.33   -90.4     500 Cuilapa-Barbarena
14.03   -90.1     300 Moyuta
14.3    -90.0     200 Flores1094
14.12   -89.73    900 Chingo_Volc_Field
14.33   -89.87    500 Santiago;Cerro
14.4    -89.78    300 Suchitan_Volc_Field
14.42   -89.68    200 Ixtepeque
14.55   -89.63    1500 Ipala_Volc_Field
14.83   -89.55    500 Chiquimula_Volc_Field
14.65   -89.35    900 Quezaltepeque
14.27   -89.48    500 San_Diego
14.03   -89.7     300 Singuil;Cerro
13.891  -89.786   200 Apaneca_Range
13.853  -89.63    900 Santa_Ana
13.813  -89.633   500 Izalco
13.87   -89.55    300 Coatepeque_Caldera
13.736  -89.286   200 San_Salvador
14.02   -89.25    1500 Cinotepec;Cerro
13.9    -89.12    500 Guazapa
13.672  -89.053   900 Ilopango
13.623  -88.852   500 San_Vicente1112
13.72   -88.77    300 Apastepeque_Field
13.435  -88.532   200 Taburete
13.494  -88.502   900 Tecapa
13.419  -88.471   500 Usulutan
13.475  -88.32    300 Chinameca
13.431  -88.272   200 San_Miguel
13.428  -88.105   1500 Aramuaca;Laguna
13.277  -87.853   500 Conchagua
13.22   -87.765   900 Conchaguita
13.27   -87.63    500 Tigre;Isla_El
13.33   -87.63    300 Zacate_Grande;Isla
14.98   -87.98    200 Yojoa;Lake
16.1    -86.9     900 Utila_Island
12.98   -87.57    500 Cosiguina
12.702  -87.004   300 San_Cristobal1127
12.602  -86.845   200 Telica
12.55   -86.75    1500 Rota
12.506  -86.702   500 Negro;Cerro
12.495  -86.688   900 Pilas;Las
12.422  -86.54    500 Momotombo
12.242  -86.342   300 Apoyeque
12.12   -86.32    200 Nejapa-Miraflores
11.984  -86.161   900 Masaya
11.92   -85.98    500 Joya;La
11.826  -85.968   300 Mombacho
11.73   -85.82    200 Zapatera
11.538  -85.622   1500 Concepcion
11.446  -85.515   500 Maderas
13.17   -86.4     900 Esteli
12.53   -86.142   500 Ciguatepe;Cerro_El
12.3    -85.73    300 Lajas;Las
12.53   -83.87    200 Azul;Volcan
10.98   -85.473   900 Orosi
10.83   -85.324   500 Rincon_de_la_Vieja
10.748  -85.153   300 Miravalles
10.673  -85.015   200 Tenorio
10.451  -84.978   1500 Tilaran;Cerro
10.463  -84.703   500 Arenal
10.3    -84.366   900 Platanar
10.2    -84.233   500 Poas
10.135  -84.1     300 Barva
9.979   -83.852   200 Irazu
10.03   -83.77    900 Turrialba
8.8     -82.558   500 Baru
8.523   -80.91    300 Yeguada;La
5.092   -75.3     200 Bravo;Cerro
4.895   -75.322   1500 Ruiz
4.82    -75.37    500 Santa_Isabel1160
4.67    -75.33    900 Tolima
4.48    -75.4     500 Machin;Cerro
2.92    -76.05    300 Huila
2.32    -76.4     200 Purace
2.12    -76.58    900 Sotara
1.57    -76.78    500 Petacas
1.47    -76.92    300 Dona_Juana
1.22    -77.37    200 Galeras
1.08    -77.68    1500 Azufral;Volcan
0.98    -77.88    500 Cumbal
0.828   -77.964   900 Negro_de_Mayasquer;Cerro
0.552   -77.58    500 Soche
0.308   -78.364   300 Cuicocha
0.13    -78.27    200 Mojanda
0.029   -77.986   900 Cayambe
-0.078  -77.656   500 Reventador
0.038   -78.463   300 Pululagua
-0.171  -78.598   200 Guagua_Pichincha
-0.353  -78.617   1500 Atacazo
-0.375  -78.25    500 Chacana
-0.481  -78.141   900 Antisana
-0.43   -77.72    500 Pan_de_Azucar
-0.538  -77.626   300 Sumaco
-0.659  -78.714   200 Illiniza
-0.677  -78.436   900 Cotopaxi
-0.85   -78.9     500 Quilotoa
-1.467  -78.442   300 Tungurahua
-1.78   -78.613   200 Tulabug
-2.03   -78.33    1500 Sangay
-0.37   -91.55    500 Fernandina
-0.02   -91.546   900 Ecuador;Volcan
0.02    -91.35    500 Wolf;Volcan
-0.18   -91.28    300 Darwin;Volcan
-0.43   -91.12    200 Alcedo;Volcan
-0.83   -91.17    900 Negra;Sierra
-0.9    -91.42    500 Azul;Cerro
0.58    -90.75    300 Pinta
0.33    -90.47    200 Marchena
0.32    -89.958   1500 Genovesa
-0.22   -90.77    500 Santiago
-0.62   -90.33    900 Santa_Cruz
-1.3    -90.45    500 Floreana
-0.88   -89.5     300 San_Cristobal1203
-15.23  -72.63    200 Firura;Nevados
-15.52  -72.65    900 Coropuna
-15.42  -72.33    500 Andahua_Valley
-15.78  -71.85    300 Sabancaya
-14.37  -71.17    200 Quimsachata
-16.191 -71.53    1500 Chachani;Nevado
-16.294 -71.409   500 Misti;El
-16.355 -70.903   900 Ubinas
-16.608 -70.85    500 Huaynaputina
-16.755 -70.595   300 Ticsani
-17.025 -70.358   200 Tutupaca
-17.18  -70.2     900 Yucamane
-17.47  -69.82    500 Casiri;Nevados
-17.72  -69.77    300 Tacora
-17.87  -69.48    200 Lexone
-18.05  -69.03    1500 Patilla_Pata
-17.92  -68.92    500 Anallajsi;Nevado
-18.25  -68.53    900 Macizo_de_Larancagua
-18.32  -68.8     500 Macizo_de_Pacuni
-18.17  -69.15    300 Parinacota
-18.37  -69.05    200 Acotango
-18.42  -69.17    900 Guallatiri
-18.5   -68.07    500 Colluma;Cerro
-18.62  -68.75    300 Sacabaya;Volcan_de
-18.73  -69.05    200 Arintica
-19.13  -68.53    1500 Tata_Sabaya
-19.15  -68.83    500 Isluga
-19.42  -68.97    900 Puchuldiza
-19.492 -68.65    500 Pina;Cerro
-19.78  -66.48    300 Nuevo_Mundo
-20.73  -68.55    200 Irruputuncu
-20.83  -68.63    900 Unnamed1235
-20.85  -68.2     500 Pampa_Luxsar
-20.93  -68.48    300 Olca-Paruma
-21.22  -68.47    200 Aucanquilcha;Cerro
-21.25  -67.75    1500 San_Agustin;Cerro
-21.3   -68.18    500 Ollague
-21.5   -67.5     900 Yumia;Cerro
-21.6   -66.88    500 Escala
-21.67  -66.5     300 Santa_Isabel;Cerro
-21.68  -67.47    200 Moiro;Cerro
-21.78  -68.23    900 Azufre;Cerro_del
-21.88  -68.4     500 San_Pedro
-21.88  -67.9     300 Chascon;Cerro
-22.12  -68.15    200 Chao
-22.2   -68.1     1500 Toconce;Cerro
-22.25  -67.42    500 Quetena
-22.27  -67.22    900 Uturuncu
-22.35  -68.03    500 Tatio;El
-22.43  -67.9     300 Tocorpuri;Cerros_de
-22.57  -67.87    200 Putana
-22.73  -67.88    900 Sairecabur
-22.83  -67.88    500 Licancabur
-22.88  -67.58    300 Guayaques
-23.0   -67.75    200 Purico_Complex
-23.23  -67.65    1500 Colachi
-23.3   -67.62    500 Acamarachi
-23.35  -67.67    900 Overo;Cerro
-23.37  -67.73    500 Lascar
-23.58  -67.7     300 Chiliques
-23.75  -67.53    200 Cordon_de_Puntas_Negras
-23.85  -67.62    900 Cordon_Chalviri
-23.83  -67.95    500 Tujle;Cerro
-24.18  -68.05    300 Pular
-24.18  -68.25    200 Negrillar;El
-24.27  -67.77    1500 Aracar
-24.4   -68.25    500 Socompa
-24.28  -68.6     900 Negrillar;La
-24.72  -68.53    500 Llullaillaco
-24.05  -66.48    300 Tuzgle;Cerro
-25.08  -68.37    200 Escorial;Cerro
-25.17  -68.5     900 Lastarria
-25.33  -68.52    500 Cordon_del_Azufre
-25.42  -68.58    300 Bayo;Cerro
-25.53  -68.0     200 Antofalla
-26.08  -67.5     1500 Antofagasta_de_la_Sierra
-26.48  -68.58    500 Nevada;Sierra
-26.62  -68.35    900 Condor;Cerro_El
-26.62  -68.15    500 Peinado
-26.77  -67.72    300 Robledo
-26.8   -68.37    200 Falso_Azufre
-27.12  -68.53    900 Ojos_del_Salado;Nevados
-27.2   -68.55    500 Tipas
-27.3   -69.13    300 Copiapo
-26.27  -80.12    200 San_Felix
-33.658 -78.85    1500 Robinson_Crusoe
-33.4   -69.8     500 Tupungatito
-33.782 -69.897   900 San_Jose
-34.161 -69.833   500 Maipo
-34.608 -70.295   300 Palomo
-34.814 -70.352   200 Tinguiririca
-35.24  -70.57    900 Planchon-Peteroa
-35.464 -70.8     500 Mondaca
-35.558 -70.496   300 Calabozos
-35.58  -70.75    200 Descabezado_Grande
-35.653 -70.761   1500 Azul;Cerro[Quizapu]
-36.02  -70.58    500 Maule;Laguna_del
-35.989 -70.849   900 San_Pedro-Pellado
-36.193 -71.161   500 Longavi;Nevado_de
-36.286 -71.009   300 Blanca;Loma
-36.45  -70.92    200 Resago;Volcan
-36.42  -69.2     900 Payun_Matru;Cerro
-36.63  -70.42    500 Domuyo
-36.863 -71.377   300 Chillan;Nevados_de
-37.142 -70.03    200 Tromen
-37.55  -69.62    1500 Puesto_Cortaderas
-37.406 -71.349   500 Antuco
-37.85  -71.17    900 Copahue
-37.92  -71.45    500 Callaqui
-38.31  -71.645   300 Tolguaca
-38.377 -71.58    200 Lonquimay
-38.37  -71.08    900 Chapulul;Cerro
-38.692 -71.729   500 Llaima
-38.97  -71.52    300 Sollipulli
-39.2   -71.83    200 Caburga
-39.27  -71.7     1500 Redondo;Cerro
-39.3   -71.82    500 Huelemolle
-39.42  -71.93    900 Villarrica
-39.5   -71.7     500 Quetrupillan
-39.633 -71.5     300 Lanin
-39.87  -71.55    200 Huanquihue_Group
-39.927 -72.027   900 Mocho-Choshuenco
-40.35  -72.07    500 Carran-Los_Venados
-40.52  -72.2     300 Cordon_Caulle
-40.59  -72.117   200 Puyehue
-40.534 -72.038   1500 Mencheca
-40.77  -71.95    500 Pantoja;Cerro
-40.771 -72.153   900 Antillanca_Group
-40.969 -72.264   500 Puntiagudo-Cordon_Cenizos
-41.1   -72.493   300 Osorno
-41.326 -72.614   200 Calbuco
-41.25  -72.27    900 Cayute-La_Vigueria
-41.755 -72.396   500 Yate
-41.874 -72.431   300 Hornopiren
-42.07  -71.65    200 Volcanico;Cerro
-42.377 -72.578   1500 Huequi
-42.78  -72.43    500 Minchinmavida
-42.833 -72.646   900 Chaiten
-43.18  -72.8     500 Corcovado
-43.42  -72.83    300 Yanteles;Cerro
-43.68  -72.5     200 Palena_Volc_Group
-44.08  -72.88    900 Melimoyu
-44.3   -72.53    500 Puyuhuapi
-44.67  -73.08    300 Mentolat
-45.1   -73.2     200 Maca
-45.9   -72.97    1500 Hudson;Cerro
-49.02  -73.55    500 Lautaro
-49.358 -73.28    900 Viedma;Volcan
-50.17  -73.83    500 Aguilera
-50.98  -73.7     300 Reclus
-52.33  -73.4     200 Burney;Monte
-52.0   -70.0     900 Palei-Aike_Volc_Field
-54.95  -70.27    500 Cook;Isla
17.63   -63.23    300 Saba
17.48   -62.95    200 Quill;The
17.37   -62.8     1500 Liamuiga
17.15   -62.58    500 Nevis_Peak
16.72   -62.18    900 Soufriere_Hills
16.05   -61.67    500 Soufriere_Guadeloupe
15.62   -61.45    300 Diable;Morne_Au
15.5    -61.42    200 Diablotins;Morne
15.33   -61.33    900 Micotrin
15.22   -61.37    500 Patates;Morne
14.82   -61.17    300 Pelee
13.83   -61.05    200 Qualibou
13.33   -61.18    1500 Soufriere_St.Vincent
12.15   -61.67    500 St.Catherine
64.8    -23.78    900 Snaefellsjokull
64.87   -23.25    500 Lysuholl
64.87   -22.23    300 Ljosufjoll
63.67   -23.33    200 Reykjaneshryggur
63.88   -22.5     900 Reykjanes
63.93   -22.1     500 Krisuvik
63.92   -21.83    300 Brennisteinsfjoll
64.18   -21.33    200 Hengill
64.03   -20.87    1500 Grimsnes
64.6    -20.58    500 Prestahnukur
64.75   -19.98    900 Langjokull
64.78   -18.92    500 Hofsjokull
64.63   -19.32    300 Kerlingarfjoll
63.43   -20.28    200 Vestmannaeyjar
63.63   -19.62    900 Eyjafjoll
63.63   -19.05    500 Katla
63.78   -19.57    300 Tindfjallajokull
63.92   -19.17    200 Torfajokull
63.92   -19.67    1500 Vatnafjoll
63.98   -19.7     500 Hekla
64.42   -17.33    900 Grimsvotn
64.48   -17.8     500 Loki-Fogrufjoll
64.63   -17.53    300 Bardarbunga
64.73   -17.92    200 Tungnafellsjokull
64.65   -16.72    900 Kverkfjoll
65.03   -16.75    500 Askja
65.43   -16.65    300 Fremrinamur
65.73   -16.78    200 Krafla
65.88   -16.83    1500 Theistareykjarbunga
66.3    -17.1     500 Tjornes_Fracture_Zone
64.0    -16.65    900 Oraefajokull
64.27   -16.65    500 Esjufjoll
66.67   -18.5     300 Kolbeinsey_Ridge
71.08   -8.17     200 Jan_Mayen
88.27   65.6      900 Unnamed1405
49.0    34.5      500 Unnamed1406
39.95   25.83     300 Unnamed1407
38.75   38.08     200 Unnamed1408
39.4    -31.17    1500 Flores1409
39.67   -31.07    500 Corvo
38.6    -28.73    900 Fayal
38.47   -28.4     500 Pico
38.65   -28.08    300 San_Jorge
39.02   -27.97    200 Graciosa
38.73   -27.32    900 Terceira
37.87   -25.78    500 Sete_Cidades
37.78   -25.67    300 Unnamed1417
37.77   -25.47    200 Agua_de_Pau
37.77   -25.32    1500 Furnas
28.58   -17.83    500 La_Palma
27.73   -18.03    900 Hierro
28.271  -16.641   500 Tenerife
28.0    -15.58    300 Gran_Canaria
28.358  -14.02    200 Fuerteventura
29.03   -13.63    900 Lanzarote
14.95   -24.35    500 Fogo
14.85   -24.72    300 Brava
17.07   -25.17    200 Santo_Antao
16.85   -24.97    1500 San_Vicente1429
7.0     21.83     500 Unnamed1430
4.2     21.45     900 Unnamed1431
-0.58   15.83     500 Unnamed1432
-3.5    24.5      300 Unnamed1433
-7.95   -14.37    200 Ascension
-20.514 -29.331   900 Trindade
-37.092 -12.28    500 Tristan_da_Cunha
-54.42  3.35      300 Bouvet
-53.93  5.5       200 Thompson_Island
-66.8   163.25    1500 Buckle_Island
-66.42  162.45    500 Young_Island
-67.4   164.83    900 Sturge_Island
-72.67  165.5     500 Pleiades;The
-73.45  164.58    300 Unnamed1443
-74.35  164.7     200 Melbourne
-77.53  167.17    900 Erebus
-78.25  163.6     500 Royal_Society_Range
-76.05  -136.0    300 Berlin
-75.8   -132.33   200 Andrus
-77.17  -126.88   1500 Waesche
-73.43  -126.67   500 Siple
-75.8   -115.83   900 Toney_Mountain
-76.28  -112.08   500 Takahe
-74.33  -99.42    300 Hudson_Mountains
-68.85  -90.58    200 Peter_I_Island
-62.97  -60.65    900 Deception_Island
-62.1   -57.93    500 Penguin_Island
-62.05  -56.75    300 Bridgeman_Island
-63.58  -55.77    200 Paulet
-65.03  -60.05    1500 Seal_Nunataks_Group
-56.25  -72.17    500 Unnamed1460
-59.45  -27.37    900 Thule_Islands
-59.03  -26.58    500 Bristol_Island
-57.78  -26.45    300 Michael
-57.08  -26.67    200 Candlemas_Island
-56.7   -27.15    900 Hodson
-56.67  -28.13    500 Leskov_Island
-56.3   -27.57    300 Zavodovski
90.0    75.0      200 UNKNOWN
55.82   160.4     1500 Plosky_Tolbachik
55.5    160.2     500 New_Tolbachik
50.3    155.45    900 Tatarinova_(Paramushir_Is.)
49.35   154.7     500 Krenitzyn_Peak_(Tau-Rusyr_Caldera_Onekotan_Is.)
49.12   154.5     300 Severgin_(Harimkotan_Is.)
46.52   150.87    200 Snow_(Chirpoi_Is.)
46.47   150.8     900 Brat_Chirpoi_(Brat_Chirpoi_Is.)
46.05   150.05    500 Trezubetz_(Kolokol_Grp_Urup_Is.)
46.05   150.07    300 Berg_(Kolokol_Grp_Urup_Is.)
45.38   148.78    200 Menshy_Brat_(Iturup_Is.)
45.02   147.87    1500 Tebenkov_(Iturup_Is.)
45.02   147.87    500 Ivan_Grozny_(Iturup_Is.)
44.83   147.33    900 Stokap_(Iturup_Is.)
44.45   146.13    500 Ruruy_(Kunashir_Is.)
