 32.50   -99.70    60  ABI     
 35.05  -106.62    60  ABQ     
 51.88  -176.65    60  ADK     
 57.75  -152.50    60  ADQ     
 33.48   -82.00    60  AGS     
 42.75   -73.80    60  ALB     
 35.23  -101.70    60  AMA     
 61.17  -150.02    60  ANC     
 55.03  -131.57    60  ANN     
 33.75   -84.38    60  ATL     
 41.75   -72.70    60  BDL     
 60.78  -161.80    60  BET     
 35.42  -119.00    60  BFL     
 42.20   -75.90    60  BGM     
 33.50   -86.92    60  BHM     
 64.00  -145.73    60  BIG     
 45.78  -108.50    60  BIL     
 46.77  -100.75    60  BIS     
 22.01  -159.78    60  BKH     
 36.13   -86.68    60  BNA     
 43.58  -118.95    60  BNO     
 43.57  -116.22    60  BOI     
 42.33   -71.08    60  BOS     
 25.90   -97.43    60  BRO     
 71.30  -156.78    60  BRW     
 70.13  -143.63    60  BTI     
 66.90  -151.52    60  BTT     
 44.47   -73.23    60  BTV     
 42.93   -78.73    60  BUF     
 46.87   -68.02    60  CAR     
 55.20  -162.73    60  CDB     
 60.30  -145.30    60  CDV     
 32.90   -80.03    60  CHS     
 41.50   -81.68    60  CLE     
 35.05   -80.83    60  CLT     
 39.98   -83.05    60  CMH     
 39.50   -97.70    60  CNK     
 42.83  -106.33    60  CPR     
 39.29   -77.87    60  CRW     
 39.05   -84.67    60  CVG     
 41.40  -104.80    60  CYS     
 38.92   -77.00    60  DCA     
 37.77   -99.97    60  DDC     
 32.75   -97.33    60  DFW     
 46.75   -92.17    60  DLH     
 39.75  -104.87    60  DNR     
 29.37  -100.92    60  DRT     
 41.58   -93.58    60  DSM     
 42.38   -83.08    60  DTW     
 48.12   -98.92    60  DVL     
 40.80  -124.17    60  EKA     
 31.80  -106.40    60  ELP     
 39.28  -114.85    60  ELY     
 60.34  -151.15    60  ENA     
 38.00   -87.50    60  EVV     
 64.82  -147.87    60  FAI     
 46.87   -96.92    60  FAR     
 36.68  -119.78    60  FAT     
 35.37   -94.45    60  FSM     
 41.00   -85.20    60  FWA     
 47.63  -117.53    60  GEG     
 39.12  -108.53    60  GJT     
 62.15  -145.45    60  GKN     
 29.30   -94.80    60  GLS     
 44.48   -88.13    60  GRB     
 42.95   -86.67    60  GRR     
 47.48  -111.37    60  GTF     
 35.27   -75.55    60  HAT     
 21.35  -157.93    60  HNL     
 59.63  -151.50    60  HOM     
 44.38   -98.22    60  HON     
 48.60  -109.80    60  HVR     
 29.75   -95.42    60  IAH     
 37.72   -97.33    60  ICT     
 39.75   -86.17    60  IND     
 48.57   -93.38    60  INL     
 35.02  -110.73    60  INW     
 41.25   -76.92    60  IPT     
 48.15  -103.65    60  ISN     
 19.72  -155.07    60  ITO     
 32.32   -90.08    60  JAN     
 30.50   -81.70    60  JAX     
 58.37  -134.58    60  JNU     
 36.17  -115.17    60  LAS     
 34.00  -118.25    60  LAX     
 41.13  -100.68    60  LBF     
 40.67   -73.83    60  LGA     
 21.98  -159.35    60  LIH     
 42.82  -108.73    60  LND     
 34.83   -92.25    60  LZK     
 31.95  -102.18    60  MAF     
 62.97  -155.62    60  MCG     
 39.03   -94.55    60  MCI     
 28.43   -81.32    60  MCO     
 41.78   -87.75    60  MDW     
 35.17   -90.00    60  MEM     
 25.75   -80.38    60  MFL     
 42.37  -122.87    60  MFR     
 42.95   -87.90    60  MKE     
 38.26  -113.01    60  MLF     
 41.52   -90.43    60  MLI     
 30.67   -88.08    60  MOB     
 43.13   -89.33    60  MSN     
 46.87  -114.00    60  MSO     
 45.00   -93.25    60  MSP     
 30.00   -90.05    60  MSY     
 20.90  -156.43    60  OGG     
 35.40   -97.60    60  OKC     
 41.30   -95.90    60  OMA     
 64.50  -165.43    60  OME     
 41.80   -87.00    60  ORD     
 36.90   -76.30    60  ORF     
 62.95  -141.93    60  ORT     
 66.87  -162.63    60  OTZ     
 58.68  -156.65    60  PAKN    
 45.67  -118.77    60  PDT     
 45.53  -122.67    60  PDX     
 40.00   -75.17    60  PHL     
 33.50  -112.05    60  PHX     
 42.88  -112.43    60  PIH     
 40.50   -80.22    60  PIT     
 38.28  -104.63    60  PUB     
 43.65   -70.32    60  PWM     
 44.05  -103.07    60  RAP     
 40.15  -122.25    60  RBL     
 35.77   -78.65    60  RDU     
 37.50   -77.33    60  RIC     
 39.53  -119.82    60  RNO     
 37.25   -79.97    60  ROA     
 33.30  -104.50    60  ROW     
 38.52  -121.50    60  SAC     
 32.72  -117.17    60  SAN     
 29.42   -98.50    60  SAT     
 38.22   -85.80    60  SDF     
 47.58  -122.33    60  SEA     
 37.75  -122.45    60  SFO     
 37.23   -93.38    60  SGF     
 32.47   -93.82    60  SHV     
 57.04  -135.21    60  SIT     
 40.78  -111.97    60  SLC     
 34.90  -120.45    60  SMX     
 57.15  -170.22    60  SNP     
 46.47   -84.37    60  SSM     
 38.67   -90.25    60  STL     
 43.12   -76.12    60  SYR     
 62.30  -150.10    60  TKA     
 30.38   -84.37    60  TLH     
 27.97   -82.63    60  TPA     
 32.12  -110.93    60  TUS     
 36.00   -83.95    60  TYS     
 63.88  -160.80    60  UNK     
 41.90  -103.40    60  VTN     
 61.13  -146.35    60  VWS     
 40.90  -117.80    60  WMC     
 59.52  -139.67    60  YAK     
 32.67  -114.65    60  YUM     
 21.45  -157.77    60  ZZZ     
 21.32  -158.07    60  ZZZ     
