 35.32   -97.27    60  TLX     
 35.23  -101.70    60  AMA     
 29.47   -95.07    60  HGX     
 28.10   -80.65    60  MLB     
 37.75   -99.97    60  DDC     
 37.65   -97.43    60  ICT     
 33.28  -111.67    60  IWA     
 36.17   -95.55    60  INX     
 38.97   -77.47    60  LWX     
 34.83   -92.25    60  LZK     
 39.78  -104.53    60  FTG     
 38.68   -90.67    60  LSX     
 37.97   -85.93    60  LVX     
 38.50  -121.67    60  DAX     
 33.17   -86.77    60  BMX     
 41.95   -71.13    60  BOX     
 32.57   -97.30    60  FWS     
 40.32   -98.43    60  UEX     
 34.40  -119.17    60  VTX     
 41.60   -88.08    60  LOT     
 38.98   -96.22    60  TWX     
 43.48  -116.23    60  CBX     
 29.70   -98.02    60  EWX     
 35.33   -89.87    60  NQA     
 40.52   -80.22    60  PBZ     
 40.85   -72.85    60  OKX     
 32.32   -90.07    60  JAN     
 41.40   -81.85    60  CLE     
 39.93   -74.40    60  DIX     
 48.18  -122.48    60  ATX     
 30.33   -89.82    60  LIX     
 33.35   -84.55    60  FFC     
 38.80   -94.25    60  EAX     
 42.18   -75.98    60  BGM     
 42.68   -83.47    60  DTX     
 30.67   -88.23    60  MOB     
 40.92   -78.00    60  CCX     
 42.58   -74.05    60  ENX     
 25.60   -80.40    60  AMX     
 39.37  -101.70    60  GLD     
 47.45  -111.38    60  TFX     
 27.70   -82.40    60  TBW     
 37.15  -121.88    60  MUX     
 43.88   -70.25    60  GYX     
 34.77   -76.87    60  MHX     
 30.12   -93.20    60  LCH     
 39.70   -86.27    60  IND     
 33.93   -81.12    60  CAE     
 41.25  -112.43    60  MTX     
 47.03  -113.98    60  MSX     
 39.42   -83.82    60  ILN     
 41.72   -93.72    60  DMX     
 39.75  -119.45    60  RGX     
 36.17   -83.40    60  MRX     
 33.98   -78.42    60  LTX     
 35.65   -78.48    60  RAX     
 36.23   -86.55    60  OHX     
 40.48  -124.28    60  BHX     
 45.70  -122.95    60  RTX     
 41.32   -96.37    60  OAX     
 44.48   -88.10    60  GRB     
 30.48   -81.70    60  JAX     
 30.38   -84.32    60  TLH     
 35.13  -106.82    60  ABX     
 37.02   -80.27    60  FCX     
 38.45  -104.17    60  PUX     
 36.98   -77.00    60  AKQ     
 38.30   -81.72    60  RLX     
 45.45   -98.40    60  ABR     
 41.60   -90.57    60  DVN     
 37.07   -88.77    60  PAH     
 35.70  -114.88    60  ESX     
 33.65  -101.80    60  LBB     
 37.23   -93.40    60  SGF     
 31.93  -102.18    60  MAF     
 42.97   -88.55    60  MKX     
 36.30  -119.62    60  HNX     
 25.90   -97.42    60  BRO     
 32.45   -93.83    60  SHV     
 46.77  -100.75    60  BIS     
 43.58   -96.72    60  FSD     
 41.15  -104.80    60  CYS     
 44.83   -93.55    60  MPX     
 31.88  -110.62    60  EMX     
 40.15   -89.33    60  ILX     
 42.88   -85.53    60  GRR     
 46.52   -87.53    60  MQT     
 46.03   -67.80    60  CBW     
 43.10  -112.68    60  SFX     
 34.88   -82.22    60  GSP     
 45.85  -108.60    60  BLX     
 42.93   -78.73    60  BUF     
 43.05  -108.47    60  RIW     
 40.73  -116.80    60  LRX     
 42.07  -122.72    60  MAX     
 46.83   -92.20    60  DLH     
 34.57  -111.18    60  FSX     
 39.05  -108.20    60  GJX     
 32.65   -81.03    60  CLX     
 47.52   -97.32    60  MVX     
 44.12  -102.82    60  UDX     
 47.67  -117.62    60  OTX     
 31.87  -106.68    60  EPZ     
 45.68  -118.85    60  PDT     
 31.37  -100.48    60  SJT     
 41.95  -100.57    60  LNX     
 44.90   -84.72    60  APX     
 48.20  -106.62    60  GGW     
 43.82   -91.18    60  ARX     
 27.78   -97.50    60  CRP     
 32.92  -117.03    60  NKX     
 37.58   -83.30    60  JKL     
 24.58   -81.70    60  BYX     
 32.48  -114.65    60  YUX     
 33.82  -117.63    60  SOX     
 37.58  -112.85    60  ICX     
 44.50   -73.17    60  CXX     
 35.28   -94.35    60  SRX     
 34.92   -86.08    60  HTX     
 41.35   -85.70    60  IWX     
 65.03  -147.50    60  APD     
 64.50  -165.28    60  AEC     
 18.10   -66.07    60  JUA     
 56.85  -135.52    60  ACG     
 59.45  -146.30    60  AIH     
 60.78  -161.87    60  ABC     
 21.12  -157.17    60  HMO     
 60.72  -151.35    60  AHG     
 19.08  -155.57    60  HWA     
 20.12  -155.77    60  HKM     
 21.88  -159.55    60  HKI     
 58.67  -156.62    60  AKC     
 34.35   -98.97    60  FDR     
 30.55   -85.92    60  EVX     
 38.82   -75.43    60  DOX     
 30.72   -97.37    60  GRK     
 34.83  -120.38    60  VBX     
 13.45   144.80    60  GUA     
 36.73   -98.12    60  VNX     
 32.53   -99.25    60  DYX     
 32.67   -83.35    60  JGX     
 32.53   -85.78    60  MXX     
 34.63  -103.62    60  FDX     
 33.07  -106.12    60  HDX     
 29.27  -100.27    60  DFX     
 48.38  -100.85    60  MBX     
 31.15   -92.97    60  POE     
 33.88   -88.32    60  GWX     
 35.08  -117.55    60  EYX     
 31.45   -85.45    60  EOX     
 39.48  -121.62    60  BBX     
 30.88   -83.00    60  VAX     
 36.73   -87.28    60  HPX     
 43.76   -75.76    60  TYX     
 38.27   -87.72    60  VWX     
 32.17   -89.59    60  DGX     
