 44.92   -67.02    60  EPM     
 46.12   -67.80    60  HUL     
 46.87   -68.02    60  CAR     
 44.45   -68.37    60  BHB     
 44.80   -68.83    60  BGR     
 44.32   -69.80    60  AUG     
 41.25   -70.06    60  ACK     
 41.67   -70.28    60  HYA     
 43.65   -70.31    60  PWM     
 43.08   -70.81    60  PSM     
 41.68   -70.97    60  EWB     
 42.37   -71.00    60  BOS     
 44.65   -71.18    60  BML     
 44.27   -71.30    60  MWN     
 43.57   -71.42    60  LCI     
 41.73   -71.43    60  PVD     
 43.20   -71.50    60  CON     
 41.17   -71.58    60  BID     
 42.27   -71.88    60  ORH     
 41.33   -72.05    60  GON     
 44.90   -72.23    60  EFK     
 42.90   -72.27    60  EEN     
 43.63   -72.30    60  LEB     
 44.20   -72.56    60  MPV     
 41.93   -72.63    60  BDL     
 42.15   -72.72    60  BAF     
 43.53   -72.95    60  RUT     
 40.79   -73.09    60  ISP     
 41.17   -73.13    60  BDR     
 44.47   -73.15    60  BTV     
 42.43   -73.30    60  PSF     
 43.33   -73.62    60  GFL     
 40.63   -73.78    60  JFK     
 42.75   -73.80    60  ALB     
 41.63   -73.88    60  POU     
 40.70   -74.17    60  EWR     
 44.38   -74.20    60  SLK     
 40.04   -74.33    60  NEL     
 39.45   -74.58    60  ACY     
 41.70   -74.80    60  MSV     
 40.28   -74.81    60  TTN     
 44.93   -74.84    60  MSS     
 39.86   -75.25    60  PHL     
 43.15   -75.38    60  UCA     
 40.65   -75.43    60  ABE     
 39.13   -75.47    60  DOV     
 37.93   -75.47    60  WAL     
 38.33   -75.50    60  SBY     
 35.22   -75.62    60  HSE     
 39.68   -75.59    60  ILG     
 41.33   -75.72    60  AVP     
 42.20   -75.98    60  BGM     
 44.00   -76.02    60  ART     
 43.12   -76.12    60  SYR     
 36.27   -76.18    60  ECG     
 36.90   -76.20    60  ORF     
 38.28   -76.42    60  NHK     
 42.48   -76.45    60  ITH     
 39.18   -76.67    60  BWI     
 40.22   -76.84    60  CXY     
 42.17   -76.90    60  ELM     
 41.25   -76.92    60  IPT     
 38.85   -77.03    60  DCA     
 35.07   -77.05    60  EWN     
 37.50   -77.31    60  RIC     
 34.83   -77.62    60  OAJ     
 43.12   -77.67    60  ROC     
 39.70   -77.72    60  HGR     
 35.85   -77.90    60  RWI     
 34.27   -77.90    60  ILM     
 35.45   -77.97    60  GSB     
 39.40   -77.98    60  MRB     
 40.29   -78.31    60  AOO     
 38.13   -78.45    60  CHO     
 41.80   -78.63    60  BFD     
 42.93   -78.73    60  BUF     
 35.86   -78.78    60  RDU     
 34.97   -78.88    60  FAY     
 41.18   -78.90    60  DUJ     
 38.27   -78.90    60  SHD     
 33.68   -78.93    60  CRE     
 37.33   -79.20    60  LYH     
 42.15   -79.25    60  JHW     
 36.57   -79.33    60  DAN     
 35.22   -79.38    60  SOP     
 40.28   -79.40    60  LBE     
 34.18   -79.72    60  FLO     
 38.88   -79.84    60  EKN     
 41.38   -79.87    60  FKL     
 39.65   -79.92    60  MGW     
 36.10   -79.93    60  GSO     
 37.32   -79.98    60  ROA     
 32.90   -80.03    60  CHS     
 26.68   -80.09    60  PBI     
 42.08   -80.18    60  ERI     
 40.50   -80.23    60  PIT     
 25.80   -80.28    60  MIA     
 37.78   -80.33    60  SSU     
 27.65   -80.42    60  VRB     
 28.10   -80.63    60  MLB     
 40.18   -80.65    60  HLG     
 41.25   -80.68    60  YNG     
 37.13   -80.68    60  PSK     
 35.22   -80.95    60  CLT     
 29.18   -81.05    60  DAB     
 37.78   -81.12    60  BKW     
 33.93   -81.12    60  CAE     
 37.29   -81.20    60  BLF     
 32.13   -81.20    60  SAV     
 28.55   -81.33    60  ORL     
 27.65   -81.33    60  AGR     
 35.72   -81.38    60  HKY     
 40.92   -81.43    60  CAK     
 39.35   -81.43    60  PKB     
 31.15   -81.45    60  SSI     
 38.36   -81.59    60  CRW     
 30.50   -81.68    60  JAX     
 24.55   -81.77    60  EYW     
 41.42   -81.84    60  CLE     
 26.58   -81.87    60  FMY     
 39.95   -81.90    60  ZZV     
 34.92   -81.97    60  SPA     
 33.36   -81.97    60  AGS     
 34.90   -82.22    60  GSP     
 39.22   -82.23    60  UNI     
 29.68   -82.27    60  GNV     
 36.47   -82.40    60  TRI     
 31.25   -82.40    60  AYS     
 40.82   -82.52    60  MFD     
 38.36   -82.55    60  HTS     
 35.43   -82.55    60  AVL     
 27.40   -82.55    60  SRQ     
 27.92   -82.68    60  PIE     
 34.50   -82.72    60  AND     
 35.90   -82.82    60  HSS     
 42.60   -82.83    60  MTC     
 40.00   -82.88    60  CMH     
 29.63   -83.10    60  CTY     
 30.78   -83.28    60  VLD     
 33.95   -83.33    60  AHN     
 42.22   -83.35    60  DTW     
 37.54   -83.38    60  JKL     
 44.45   -83.40    60  OSC     
 45.08   -83.57    60  APN     
 32.70   -83.65    60  MCN     
 41.02   -83.67    60  FDY     
 42.97   -83.75    60  FNT     
 42.22   -83.75    60  ARB     
 41.58   -83.80    60  TOL     
 31.08   -83.80    60  MGR     
 35.82   -84.00    60  TYS     
 43.53   -84.08    60  MBS     
 37.08   -84.08    60  LOZ     
 31.53   -84.20    60  ABY     
 39.90   -84.22    60  DAY     
 30.40   -84.35    60  TLH     
 46.47   -84.37    60  ANJ     
 39.10   -84.42    60  LUK     
 33.63   -84.43    60  ATL     
 42.27   -84.47    60  JXN     
 42.78   -84.58    60  LAN     
 38.03   -84.60    60  LEX     
 44.35   -84.67    60  HTL     
 45.57   -84.80    60  PLN     
 32.52   -84.93    60  CSG     
 29.73   -85.03    60  AAF     
 33.00   -85.07    60  LGC     
 35.95   -85.08    60  CSV     
 34.35   -85.17    60  RMG     
 40.98   -85.18    60  FWA     
 30.85   -85.18    60  MAI     
 35.03   -85.20    60  CHA     
 40.25   -85.40    60  MIE     
 32.61   -85.43    60  AUO     
 31.32   -85.45    60  DHN     
 42.88   -85.52    60  GRR     
 42.23   -85.55    60  AZO     
 44.73   -85.58    60  TVC     
 30.22   -85.68    60  PFN     
 38.18   -85.73    60  SDF     
 33.58   -85.85    60  ANB     
 31.87   -86.02    60  TOI     
 33.97   -86.08    60  GAD     
 43.17   -86.23    60  MKG     
 44.27   -86.25    60  MBL     
 39.72   -86.28    60  IND     
 41.70   -86.32    60  SBN     
 32.29   -86.40    60  MGM     
 36.97   -86.42    60  BWG     
 42.13   -86.43    60  BEH     
 30.78   -86.52    60  CEW     
 39.15   -86.62    60  BMG     
 36.13   -86.68    60  BNA     
 33.57   -86.75    60  BHM     
 34.65   -86.78    60  HSV     
 40.42   -86.93    60  LAF     
 32.35   -86.98    60  SEM     
 45.72   -87.10    60  ESC     
 37.72   -87.17    60  OWB     
 30.47   -87.18    60  PNS     
 32.90   -87.25    60  0A8     
 39.45   -87.32    60  HUF     
 36.61   -87.42    60  CKV     
 36.67   -87.48    60  HOP     
 38.03   -87.53    60  EVV     
 46.53   -87.57    60  MQT     
 40.20   -87.60    60  DNV     
 41.87   -87.62    60  CGX     
 34.75   -87.62    60  MSL     
 33.22   -87.62    60  TCL     
 44.13   -87.68    60  MTW     
 42.95   -87.90    60  MKE     
 45.82   -88.12    60  IMT     
 44.48   -88.13    60  GRB     
 30.68   -88.25    60  MOB     
 40.03   -88.28    60  CMI     
 39.47   -88.28    60  MTO     
 33.63   -88.45    60  CBM     
 47.17   -88.48    60  CMX     
 43.98   -88.55    60  OSH     
 41.37   -88.68    60  MMO     
 32.33   -88.75    60  MEI     
 37.07   -88.77    60  PAH     
 34.27   -88.77    60  TUP     
 39.83   -88.87    60  DEC     
 38.32   -88.87    60  MVN     
 40.47   -88.92    60  BMI     
 35.60   -88.92    60  MKL     
 38.65   -88.97    60  SLO     
 42.62   -89.03    60  JVL     
 30.40   -89.07    60  GPT     
 42.20   -89.10    60  RFD     
 37.78   -89.25    60  MDH     
 43.13   -89.33    60  MSN     
 36.00   -89.40    60  DYR     
 29.33   -89.40    60  BVE     
 45.63   -89.47    60  RHI     
 34.38   -89.53    60  UOX     
 37.22   -89.57    60  CGI     
 44.92   -89.63    60  AUW     
 44.78   -89.67    60  CWA     
 40.67   -89.68    60  PIA     
 39.85   -89.68    60  SPI     
 38.54   -89.85    60  BLV     
 35.04   -89.98    60  MEM     
 38.90   -90.05    60  ALN     
 33.50   -90.08    60  GWO     
 32.32   -90.08    60  JAN     
 46.53   -90.13    60  IWD     
 43.22   -90.18    60  LNR     
 30.00   -90.25    60  MSY     
 43.93   -90.27    60  VOK     
 38.75   -90.37    60  STL     
 36.77   -90.47    60  POF     
 31.18   -90.47    60  MCB     
 41.45   -90.50    60  MLI     
 35.83   -90.65    60  JBR     
 29.57   -90.67    60  HUM     
 42.40   -90.72    60  DBQ     
 36.13   -90.93    60  ARG     
 33.47   -90.98    60  GLH     
 40.78   -91.13    60  BRL     
 30.53   -91.15    60  BTR     
 39.95   -91.20    60  UIN     
 43.88   -91.25    60  LSE     
 31.62   -91.30    60  HEZ     
 44.87   -91.48    60  EAU     
 41.88   -91.72    60  CID     
 38.13   -91.77    60  VIH     
 47.90   -91.87    60  ELO     
 36.75   -91.87    60  UNO     
 34.17   -91.93    60  PBF     
 30.20   -91.98    60  LFT     
 32.52   -92.03    60  MLU     
 37.75   -92.13    60  TBN     
 29.78   -92.13    60  7R4     
 38.60   -92.15    60  JEF     
 46.83   -92.18    60  DLH     
 38.82   -92.22    60  COU     
 34.72   -92.23    60  LIT     
 31.40   -92.30    60  ESF     
 42.55   -92.40    60  ALO     
 41.10   -92.45    60  OTM     
 43.92   -92.50    60  RST     
 40.10   -92.55    60  IRK     
 33.22   -92.82    60  ELD     
 47.38   -92.83    60  HIB     
 34.47   -93.10    60  HOT     
 36.27   -93.15    60  HRO     
 31.05   -93.18    60  POE     
 44.88   -93.22    60  MSP     
 30.13   -93.22    60  LCH     
 43.15   -93.33    60  MCW     
 37.22   -93.38    60  SGF     
 48.57   -93.40    60  INL     
 38.72   -93.55    60  SZL     
 41.53   -93.67    60  DSM     
 32.45   -93.83    60  SHV     
 36.88   -93.90    60  UMN     
 39.82   -93.58    60  CDJ     
 44.22   -93.92    60  MKT     
 40.61   -93.93    60  LWD     
 33.45   -94.00    60  TXK     
 29.95   -94.02    60  BPT     
 45.55   -94.05    60  STC     
 46.40   -94.13    60  BRD     
 36.00   -94.17    60  FYV     
 42.55   -94.20    60  FOD     
 35.33   -94.37    60  FSM     
 43.65   -94.42    60  FRM     
 37.15   -94.50    60  JLN     
 39.11   -94.60    60  MKC     
 32.38   -94.72    60  GGG     
 38.85   -94.73    60  OJC     
 31.23   -94.75    60  LFK     
 29.33   -94.75    60  GLS     
 39.77   -94.92    60  STJ     
 39.36   -94.92    60  FLV     
 47.52   -94.93    60  BJI     
 44.55   -95.08    60  RWF     
 43.17   -95.15    60  SPW     
 29.65   -95.28    60  HOU     
 48.93   -95.35    60  RRT     
 35.67   -95.37    60  MKO     
 45.87   -95.40    60  AXN     
 32.35   -95.40    60  TYR     
 33.63   -95.45    60  PRX     
 37.67   -95.48    60  CNU     
 43.65   -95.58    60  OTG     
 40.07   -95.60    60  FNB     
 39.07   -95.62    60  TOP     
 34.88   -95.78    60  MLC     
 36.20   -95.88    60  TUL     
 41.30   -95.90    60  OMA     
 36.77   -96.02    60  BVO     
 48.07   -96.18    60  TVF     
 38.33   -96.18    60  EMP     
 28.73   -96.25    60  PSX     
 30.58   -96.37    60  CLL     
 42.40   -96.38    60  SUX     
 33.95   -96.40    60  DUA     
 39.13   -96.67    60  MHK     
 43.58   -96.73    60  FSD     
 40.29   -96.75    60  BIE     
 40.85   -96.77    60  LNK     
 46.92   -96.82    60  FAR     
 44.30   -96.82    60  BKX     
 32.85   -96.85    60  DAL     
 28.85   -96.92    60  VCT     
 34.29   -97.02    60  ADM     
 36.72   -97.10    60  PNC     
 44.92   -97.15    60  ATY     
 47.95   -97.18    60  GFK     
 31.62   -97.23    60  ACT     
 41.45   -97.35    60  OLU     
 32.82   -97.37    60  FTW     
 42.92   -97.38    60  YKN     
 31.15   -97.42    60  TPL     
 25.92   -97.42    60  BRO     
 41.98   -97.43    60  OFK     
 37.65   -97.43    60  ICT     
 27.77   -97.50    60  CRP     
 35.40   -97.60    60  OKC     
 39.54   -97.65    60  CNK     
 38.79   -97.65    60  SLN     
 28.37   -97.67    60  NIR     
 30.30   -97.70    60  AUS     
 38.07   -97.87    60  HUT     
 36.35   -97.92    60  END     
 43.77   -98.03    60  MHE     
 27.73   -98.03    60  ALI     
 32.78   -98.07    60  MWL     
 32.22   -98.18    60  SEP     
 44.38   -98.23    60  HON     
 26.18   -98.23    60  MFE     
 40.97   -98.32    60  GRI     
 34.65   -98.40    60  FSI     
 45.45   -98.42    60  ABR     
 40.60   -98.43    60  HSI     
 29.53   -98.47    60  SAT     
 33.97   -98.50    60  SPS     
 37.29   -98.58    60  P28     
 46.93   -98.68    60  JMS     
 38.86   -98.82    60  RSL     
 48.12   -98.92    60  DVL     
 31.80   -98.95    60  BWD     
 40.72   -99.00    60  EAR     
 41.78   -99.15    60  BUB     
 29.35   -99.18    60  HDO     
 35.33   -99.20    60  CSM     
 28.45   -99.22    60  COT     
 34.65   -99.27    60  LTS     
 43.77   -99.32    60  9V9     
 27.55   -99.47    60  LRD     
 41.43   -99.63    60  BBW     
 32.42   -99.68    60  ABI     
 36.29   -99.77    60  GAG     
 30.52   -99.77    60  JCT     
 39.38   -99.83    60  HLC     
 37.77   -99.97    60  DDC     
 42.58   -99.98    60  ANW     
 44.38  -100.28    60  PIR     
 34.43  -100.28    60  CDS     
 45.53  -100.43    60  MBG     
 31.37  -100.50    60  SJT     
 42.85  -100.55    60  VTN     
 40.20  -100.58    60  MCK     
 41.13  -100.68    60  LBF     
 37.93  -100.72    60  GCK     
 46.78  -100.75    60  BIS     
 29.37  -100.92    60  DRT     
 37.04  -100.97    60  LBL     
 42.05  -101.07    60  MHN     
 48.27  -101.28    60  MOT     
 32.22  -101.50    60  BGS     
 44.05  -101.60    60  PHP     
 40.52  -101.62    60  IML     
 39.36  -101.70    60  GLD     
 35.22  -101.72    60  AMA     
 34.17  -101.72    60  PVW     
 33.67  -101.82    60  LBB     
 37.00  -101.90    60  EHA     
 45.93  -102.17    60  Y22     
 31.95  -102.20    60  MAF     
 36.02  -102.55    60  DHT     
 38.07  -102.68    60  LAA     
 46.80  -102.80    60  DIK     
 42.05  -102.80    60  AIA     
 30.92  -102.92    60  FST     
 41.10  -102.98    60  SNY     
 44.05  -103.05    60  RAP     
 42.83  -103.10    60  CDR     
 36.45  -103.15    60  CAO     
 31.78  -103.20    60  INK     
 40.18  -103.22    60  AKO     
 32.68  -103.22    60  HOB     
 34.38  -103.32    60  CVS     
 38.04  -103.52    60  LHX     
 41.88  -103.60    60  BFF     
 35.18  -103.60    60  TCC     
 48.18  -103.63    60  ISN     
 39.27  -103.67    60  LIC     
 30.37  -104.02    60  MRF     
 47.70  -104.20    60  SDY     
 32.33  -104.27    60  CNM     
 37.27  -104.33    60  TAD     
 38.28  -104.50    60  PUB     
 36.72  -104.50    60  RTN     
 33.29  -104.53    60  ROW     
 38.82  -104.72    60  COS     
 47.13  -104.80    60  GDV     
 31.83  -104.80    60  GDP     
 44.35  -104.82    60  81V     
 41.15  -104.82    60  CYS     
 39.77  -104.88    60  DEN     
 40.45  -105.02    60  FCL     
 35.65  -105.15    60  LVS     
 42.75  -105.37    60  DGW     
 45.43  -105.40    60  4BQ     
 44.35  -105.53    60  GCC     
 48.10  -105.58    60  OLF     
 41.32  -105.67    60  LAR     
 34.10  -105.68    60  4CR     
 39.95  -105.82    60  4FC     
 37.43  -105.87    60  ALS     
 46.43  -105.88    60  MLS     
 35.61  -106.08    60  SAF     
 32.85  -106.10    60  ALM     
 31.80  -106.38    60  ELP     
 42.90  -106.47    60  CPR     
 35.04  -106.60    60  ABQ     
 48.22  -106.62    60  GGW     
 39.22  -106.87    60  ASE     
 34.02  -106.90    60  ONM     
 39.65  -106.92    60  EGE     
 38.53  -106.93    60  GUC     
 36.02  -106.95    60  4SL     
 44.77  -106.98    60  SHR     
 41.80  -107.20    60  RWL     
 33.22  -107.27    60  TCS     
 40.50  -107.52    60  CAG     
 32.25  -107.72    60  DMN     
 37.15  -107.75    60  DRO     
 38.50  -107.90    60  MTJ     
 35.17  -107.90    60  GNT     
 43.97  -107.97    60  WRL     
 32.63  -108.15    60  SVC     
 36.75  -108.23    60  FMN     
 43.07  -108.45    60  RIW     
 45.80  -108.53    60  BIL     
 39.11  -108.53    60  GJT     
 37.29  -108.63    60  CEZ     
 42.82  -108.73    60  LND     
 35.52  -108.78    60  GUP     
 44.52  -109.02    60  COD     
 41.60  -109.07    60  RKS     
 47.05  -109.47    60  LWT     
 37.58  -109.48    60  4BL     
 40.43  -109.52    60  VEL     
 31.47  -109.60    60  DUG     
 32.85  -109.63    60  SAD     
 38.77  -109.75    60  CNY     
 48.55  -109.77    60  HVR     
 46.43  -109.83    60  3HT     
 34.27  -110.00    60  SOW     
 42.57  -110.10    60  BPI     
 39.00  -110.18    60  U28     
 31.58  -110.33    60  FHU     
 45.70  -110.45    60  LVM     
 38.42  -110.70    60  4HV     
 37.54  -110.70    60  U17     
 35.02  -110.72    60  INW     
 43.60  -110.73    60  JAC     
 39.61  -110.75    60  PUC     
 32.11  -110.95    60  TUS     
 41.28  -111.03    60  EVW     
 44.68  -111.12    60  WEY     
 45.78  -111.15    60  BZN     
 47.48  -111.37    60  GTF     
 36.92  -111.45    60  PGA     
 35.13  -111.67    60  FLG     
 40.78  -111.97    60  SLC     
 46.60  -112.00    60  HLN     
 41.20  -112.02    60  OGD     
 33.43  -112.02    60  PHX     
 43.52  -112.07    60  IDA     
 35.95  -112.15    60  GCN     
 37.70  -112.17    60  BCE     
 42.17  -112.30    60  MLD     
 44.57  -112.32    60  MQM     
 48.62  -112.38    60  CTB     
 34.65  -112.42    60  PRC     
 45.95  -112.50    60  BTM     
 39.38  -112.52    60  U24     
 45.25  -112.55    60  DLN     
 42.92  -112.60    60  PIH     
 32.93  -112.70    60  GBN     
 40.18  -112.93    60  DPG     
 38.43  -113.02    60  MLF     
 37.70  -113.10    60  CDC     
 46.67  -113.15    60  3DU     
 37.08  -113.60    60  SGU     
 42.55  -113.77    60  BYI     
 45.12  -113.88    60  SMN     
 35.25  -113.93    60  IGM     
 40.72  -114.03    60  ENV     
 46.92  -114.08    60  MSO     
 48.32  -114.25    60  GPI     
 43.50  -114.30    60  SUN     
 37.62  -114.52    60  P38     
 42.48  -114.48    60  TWF     
 32.65  -114.60    60  YUM     
 34.77  -114.62    60  EED     
 33.61  -114.72    60  BLH     
 39.29  -114.83    60  ELY     
 36.08  -115.15    60  LAS     
 47.60  -115.37    60  3TH     
 32.83  -115.57    60  IPL     
 40.82  -115.78    60  EKO     
 36.67  -116.00    60  DRA     
 33.63  -116.17    60  TRM     
 41.95  -116.18    60  OWY     
 43.57  -116.22    60  BOI     
 32.61  -116.47    60  CZZ     
 34.85  -116.78    60  DAG     
 40.60  -116.87    60  BAM     
 46.37  -117.02    60  LWS     
 38.07  -117.08    60  TPH     
 46.75  -117.12    60  PUW     
 32.72  -117.18    60  SAN     
 39.47  -117.20    60  U31     
 33.95  -117.45    60  RAL     
 47.62  -117.53    60  GEG     
 35.68  -117.68    60  NID     
 40.90  -117.80    60  WMC     
 44.83  -117.82    60  BKE     
 48.53  -117.88    60  63S     
 34.90  -117.90    60  EDW     
 34.63  -118.08    60  PMD     
 33.82  -118.15    60  LGB     
 46.10  -118.28    60  ALW     
 37.36  -118.37    60  BIH     
 33.95  -118.40    60  LAX     
 40.07  -118.57    60  LOL     
 39.50  -118.75    60  NFL     
 45.70  -118.83    60  PDT     
 43.60  -118.95    60  BNO     
 35.43  -119.05    60  BFL     
 34.20  -119.20    60  OXR     
 48.46  -119.52    60  OMK     
 47.30  -119.52    60  EPH     
 36.78  -119.72    60  FAT     
 39.50  -119.77    60  RNO     
 34.43  -119.83    60  SBA     
 38.90  -120.00    60  TVL     
 47.40  -120.20    60  EAT     
 42.17  -120.40    60  LKV     
 34.90  -120.45    60  SMX     
 37.28  -120.52    60  MER     
 46.57  -120.55    60  YKM     
 34.75  -120.58    60  VBG     
 41.48  -120.57    60  AAT     
 35.67  -120.63    60  PRB     
 44.25  -121.15    60  RDM     
 45.62  -121.17    60  DLS     
 37.90  -121.23    60  SCK     
 38.52  -121.50    60  SAC     
 42.15  -121.73    60  LMT     
 36.58  -121.85    60  MRY     
 37.36  -121.93    60  SJC     
 40.15  -122.25    60  RBL     
 47.45  -122.30    60  SEA     
 41.32  -122.32    60  MHS     
 37.61  -122.37    60  SFO     
 48.80  -122.53    60  BLI     
 45.58  -122.60    60  PDX     
 42.37  -122.87    60  MFR     
 46.97  -122.90    60  OLM     
 44.92  -123.00    60  SLE     
 39.13  -123.20    60  UKI     
 44.12  -123.22    60  EUG     
 48.12  -123.50    60  CLM     
 46.17  -123.88    60  AST     
 46.97  -123.93    60  HQM     
 44.58  -124.05    60  ONP     
 40.98  -124.10    60  ACV     
 40.79  -124.12    60  EKA     
 41.78  -124.23    60  CEC     
 43.42  -124.25    60  OTH     
 42.07  -124.28    60  4BK     
 47.93  -124.57    60  UIL     
 26.15   -81.77    60  APF     
 30.35   -89.82    60  ASD     
 46.54   -90.92    60  ASX     
 36.77   -98.67    60  AVK     
 36.69   -78.05    60  AVC     
 29.72   -98.03    60  BAZ     
 43.78   -82.99    60  BAX     
 47.20   -91.40    60  BFW     
 35.70  -101.40    60  BGD     
 46.36  -104.25    60  BHK     
 35.73   -91.65    60  BVX     
 35.10   -97.97    60  CHK     
 35.72   -96.82    60  CQB     
 32.03   -96.40    60  CRS     
 34.05   -94.40    60  DEQ     
 41.98   -95.38    60  DNS     
 46.83   -95.88    60  DTL     
 37.77   -90.43    60  FAM     
 33.72   -96.67    60  GYI     
 36.20   -92.47    60  FLP     
 36.61   -94.74    60  GMJ     
 47.75   -90.35    60  GNA     
 36.68  -101.50    60  GUY     
 31.42   -87.04    60  GZH     
 48.75   -96.94    60  HCO     
 31.74   -93.10    60  IER     
 39.24  -102.28    60  ITR     
 29.12   -95.47    60  LBX     
 33.64   -91.75    60  LLQ     
 24.73   -81.05    60  MTH     
 44.88  -116.10    60  MYL     
 47.65  -101.43    60  N60     
 29.17   -82.22    60  OCF     
 33.46   -80.85    60  OGB     
 42.47   -98.68    60  ONL     
 41.30   -93.12    60  OXV     
 31.47   -89.33    60  PIB     
 39.52  -115.97    60  P68     
 46.15  -115.60    60  P69     
 42.76   -87.81    60  RAC     
 42.59  -117.87    60  REO     
 35.02   -94.62    60  RKR     
 48.85   -95.70    60  ROX     
 43.72   -85.50    60  RQB     
 35.25   -93.09    60  RUE     
 36.44   -77.71    60  RZZ     
 40.75   -95.42    60  SDA     
 29.97   -81.33    60  SGJ     
 42.60   -95.23    60  SLB     
 37.28  -102.62    60  SPD     
 33.47  -105.53    60  SRR     
 42.06  -104.15    60  TOR     
 41.77   -96.17    60  TQE     
 40.85   -77.85    60  UNV     
 30.73   -95.47    60  UTS     
 32.19   -82.37    60  VDI     
 41.45   -87.00    60  VPZ     
 45.31   -96.42    60  VVV     
 45.57  -103.52    60  2WX     
 30.04  -102.21    60  6R6     
