3141
32.542  -86.641 70 Autauga
30.655  -87.755 70 Baldwin
31.863  -85.389 70 Barbour
32.997  -87.127 70 Bibb
33.980  -86.566 70 Blount
32.102  -85.718 70 Bullock
31.752  -86.682 70 Butler
33.775  -85.826 70 Calhoun
32.915  -85.390 70 Chambers
34.187  -85.606 70 Cherokee
32.845  -86.719 70 Chilton
32.025  -88.266 70 Choctaw
31.678  -87.836 70 Clarke
33.269  -85.860 70 Clay
33.671  -85.517 70 Cleburne
31.403  -85.989 70 Coffee
34.707  -87.797 70 Colbert
31.428  -86.993 70 Conecuh
32.936  -86.239 70 Coosa
31.248  -86.453 70 Covington
31.731  -86.312 70 Crenshaw
34.132  -86.867 70 Cullman
31.426  -85.612 70 Dale
32.330  -87.110 70 Dallas
34.460  -85.799 70 DeKalb
32.600  -86.138 70 Elmore
31.137  -87.163 70 Escambia
34.048  -86.038 70 Etowah
33.730  -87.735 70 Fayette
34.436  -87.844 70 Franklin
31.094  -85.837 70 Geneva
32.855  -87.951 70 Greene
32.756  -87.625 70 Hale
31.516  -85.240 70 Henry
31.151  -85.305 70 Houston
34.776  -86.002 70 Jackson
33.552  -86.897 70 Jefferson
33.775  -88.096 70 Lamar
34.904  -87.648 70 Lauderdale
34.520  -87.310 70 Lawrence
32.597  -85.356 70 Lee
34.810  -86.981 70 Limestone
32.158  -86.643 70 Lowndes
32.385  -85.693 70 Macon
34.760  -86.549 70 Madison
32.249  -87.790 70 Marengo
34.134  -87.887 70 Marion
34.365  -86.313 70 Marshall
30.684  -88.199 70 Mobile
31.563  -87.353 70 Monroe
32.224  -86.204 70 Montgomery
34.453  -86.857 70 Morgan
32.639  -87.294 70 Perry
33.284  -88.084 70 Pickens
31.806  -85.939 70 Pike
33.291  -85.456 70 Randolph
32.287  -85.184 70 Russell
33.713  -86.318 70 St Clair
33.267  -86.655 70 Shelby
32.593  -88.194 70 Sumter
33.384  -86.169 70 Talladega
32.861  -85.798 70 Tallapoosa
33.288  -87.524 70 Tuscaloosa
33.807  -87.296 70 Walker
31.403  -88.203 70 Washington
31.991  -87.309 70 Wilcox
34.155  -87.373 70 Winston
55.229 -161.915 70 Aleutians East
52.243 -175.130 70 Aleutians West
61.178 -149.186 70 Anchorage
60.939 -160.147 70 Bethel
58.745 -156.988 70 Bristol Bay
59.950 -158.430 70 Dillingham
64.846 -146.643 70 Fairbanks North Star
59.156 -135.444 70 Haines
58.389 -134.133 70 Juneau
60.202 -151.630 70 Kenai Peninsula
55.541 -131.408 70 Ketchikan Gateway
57.707 -153.783 70 Kodiak Island
58.401 -156.185 70 Lake and Peninsula
62.395 -149.575 70 Matanuska-Susitna
64.735 -164.187 70 Nome
69.297 -153.448 70 North Slope
67.001 -159.998 70 Northwest Arctic
55.454 -132.050 70 Prince of Wales-Outer Ketchikan
57.214 -135.447 70 Sitka
58.811 -136.622 70 Skagway-Yakutat-Angoon
63.765 -143.598 70 Southeast Fairbanks
61.400 -144.503 70 Valdez-Cordova
62.088 -163.529 70 Wade Hampton
56.518 -132.962 70 Wrangell-Petersburg
65.286 -151.647 70 Yukon-Koyukuk
35.384 -109.488 70 Apache
31.891 -109.737 70 Cochise
35.836 -111.768 70 Coconino
33.797 -110.818 70 Gila
32.937 -109.891 70 Graham
33.185 -109.233 70 Greenlee
33.728 -113.979 70 La Paz
33.343 -112.491 70 Maricopa
35.708 -113.753 70 Mohave
35.388 -110.320 70 Navajo
32.104 -111.815 70 Pima
32.909 -111.347 70 Pinal
31.524 -110.836 70 Santa Cruz
34.595 -112.554 70 Yavapai
32.765 -113.897 70 Yuma
34.289  -91.376 70 Arkansas
33.191  -91.772 70 Ashley
36.286  -92.340 70 Baxter
36.338  -94.258 70 Benton
36.314  -93.093 70 Boone
33.463  -92.168 70 Bradley
33.554  -92.497 70 Calhoun
36.337  -93.542 70 Carroll
33.266  -91.298 70 Chicot
34.054  -93.177 70 Clark
36.376  -90.421 70 Clay
35.542  -92.029 70 Cleburne
33.894  -92.188 70 Cleveland
33.215  -93.227 70 Columbia
35.263  -92.695 70 Conway
35.828  -90.632 70 Craighead
35.579  -94.246 70 Crawford
35.213  -90.314 70 Crittenden
35.300  -90.771 70 Cross
33.967  -92.657 70 Dallas
33.831  -91.259 70 Desha
33.590  -91.717 70 Drew
35.147  -92.335 70 Faulkner
35.512  -93.892 70 Franklin
36.383  -91.819 70 Fulton
34.573  -93.154 70 Garland
34.287  -92.423 70 Grant
36.119  -90.562 70 Greene
33.731  -93.665 70 Hempstead
34.320  -92.945 70 Hot Spring
34.090  -93.990 70 Howard
35.744  -91.566 70 Independence
36.095  -91.911 70 Izard
35.600  -91.214 70 Jackson
34.269  -91.929 70 Jefferson
35.569  -93.461 70 Johnson
33.236  -93.611 70 Lafayette
36.043  -91.115 70 Lawrence
34.780  -90.780 70 Lee
33.953  -91.734 70 Lincoln
33.700  -94.236 70 Little River
35.215  -93.713 70 Logan
34.755  -91.883 70 Lonoke
36.012  -93.723 70 Madison
36.263  -92.680 70 Marion
33.311  -93.881 70 Miller
35.764  -90.054 70 Mississippi
34.680  -91.203 70 Monroe
34.546  -93.660 70 Montgomery
33.667  -93.303 70 Nevada
35.918  -93.223 70 Newton
33.591  -92.879 70 Ouachita
34.947  -92.934 70 Perry
34.426  -90.852 70 Phillips
34.166  -93.655 70 Pike
35.577  -90.663 70 Poinsett
34.475  -94.224 70 Polk
35.446  -93.036 70 Pope
34.828  -91.557 70 Prairie
34.770  -92.311 70 Pulaski
36.342  -91.028 70 Randolph
35.022  -90.747 70 St Francis
34.648  -92.675 70 Saline
34.859  -94.063 70 Scott
35.918  -92.703 70 Searcy
35.199  -94.275 70 Sebastian
33.999  -94.238 70 Sevier
36.154  -91.482 70 Sharp
35.863  -92.153 70 Stone
33.170  -92.594 70 Union
35.581  -92.519 70 Van Buren
35.986  -94.214 70 Washington
35.255  -91.746 70 White
35.188  -91.241 70 Woodruff
34.998  -93.407 70 Yell
37.654 -121.914 70 Alameda
38.579 -119.804 70 Alpine
38.444 -120.655 70 Amador
39.662 -121.596 70 Butte
38.208 -120.552 70 Calaveras
39.176 -122.235 70 Colusa
37.933 -121.949 70 Contra Costa
41.737 -123.957 70 Del Norte
38.775 -120.528 70 El Dorado
36.754 -119.648 70 Fresno
39.595 -122.392 70 Glenn
40.700 -123.912 70 Humboldt
33.039 -115.353 70 Imperial
36.589 -117.483 70 Inyo
35.338 -118.725 70 Kern
36.073 -119.815 70 Kings
39.091 -122.762 70 Lake
40.652 -120.578 70 Lassen
34.185 -118.262 70 Los Angeles
37.220 -119.765 70 Madera
38.035 -122.743 70 Marin
37.578 -119.910 70 Mariposa
39.431 -123.432 70 Mendocino
37.189 -120.711 70 Merced
41.595 -120.719 70 Modoc
37.911 -118.874 70 Mono
36.239 -121.311 70 Monterey
38.503 -122.323 70 Napa
39.304 -120.766 70 Nevada
33.675 -117.777 70 Orange
39.065 -120.728 70 Placer
40.011 -120.834 70 Plumas
33.728 -115.977 70 Riverside
38.445 -121.349 70 Sacramento
36.612 -121.084 70 San Benito
34.828 -116.191 70 San Bernardino
33.021 -116.772 70 San Diego
37.793 -122.555 70 San Francisco
37.933 -121.271 70 San Joaquin
35.382 -120.446 70 San Luis Obispo
37.437 -122.356 70 San Mateo
34.537 -120.026 70 Santa Barbara
37.233 -121.686 70 Santa Clara
37.026 -122.007 70 Santa Cruz
40.760 -122.038 70 Shasta
39.591 -120.499 70 Sierra
41.589 -122.533 70 Siskiyou
38.267 -121.938 70 Solano
38.512 -122.929 70 Sonoma
37.562 -120.994 70 Stanislaus
39.040 -121.689 70 Sutter
40.129 -122.233 70 Tehama
40.657 -123.118 70 Trinity
36.228 -118.797 70 Tulare
38.019 -119.945 70 Tuolumne
34.356 -119.146 70 Ventura
38.701 -121.883 70 Yolo
39.271 -121.353 70 Yuba
39.871 -104.350 70 Adams                                   |NE
37.572 -105.785 70 Alamosa                                 |SC
39.644 -104.332 70 Arapahoe                                |NE
37.187 -107.052 70 Archuleta                               |SC
37.321 -102.557 70 Baca                                    |SE
37.955 -103.077 70 Bent                                    |SE
40.088 -105.357 70 Boulder                                 |NE
38.737 -106.176 70 Chaffee                                 |CC
38.820 -102.588 70 Cheyenne                                |EC
39.688 -105.636 70 Clear Creek                             |CC
37.206 -106.194 70 Conejos                                 |SC
37.276 -105.428 70 Costilla                                |SC
38.327 -103.785 70 Crowley                                 |SE
38.093 -105.361 70 Custer                                  |SE
38.862 -107.861 70 Delta                                   |WC
39.768 -104.873 70 Denver                                  |NE
37.755 -108.522 70 Dolores                                 |SW
39.346 -104.930 70 Douglas                                 |NE
39.624 -106.704 70 Eagle                                   |CC
39.282 -104.128 70 Elbert                                  |EC
38.838 -104.521 70 El Paso                                 |EC
38.476 -105.438 70 Fremont                                 |CC
39.603 -107.897 70 Garfield                                |WC
39.859 -105.520 70 Gilpin                                  |CC
40.102 -106.118 70 Grand                                   |NC
38.669 -107.014 70 Gunnison                                |CC
37.821 -107.280 70 Hinsdale                                |SW
37.687 -104.959 70 Huerfano                                |SE
40.662 -106.339 70 Jackson                                 |NC
39.587 -105.247 70 Jefferson                               |NE
38.434 -102.741 70 Kiowa                                   |SE
39.305 -102.602 70 Kit Carson                              |EC
39.190 -106.358 70 Lake                                    |CC
37.286 -107.846 70 La Plata                                |SW
40.649 -105.456 70 Larimer                                 |NC
37.320 -104.043 70 Las Animas                              |SE
38.979 -103.523 70 Lincoln                                 |EC
40.729 -103.105 70 Logan                                   |NE
39.022 -108.468 70 Mesa                                    |WC
37.693 -106.927 70 Mineral                                 |SC
40.608 -108.202 70 Moffat                                  |NW
37.336 -108.596 70 Montezuma                               |SW
38.406 -108.269 70 Montrose                                |WC
40.263 -103.807 70 Morgan                                  |NE
37.896 -103.711 70 Otero                                   |SE
38.157 -107.766 70 Ouray                                   |SW
39.117 -105.714 70 Park                                    |CC
40.594 -102.349 70 Phillips                                |NE
39.221 -106.921 70 Pitkin                                  |CC
37.956 -102.395 70 Prowers                                 |SE
38.153 -104.506 70 Pueblo                                  |SE
39.975 -108.199 70 Rio Blanco                              |NW
37.606 -106.388 70 Rio Grande                              |SC
40.484 -106.987 70 Routt                                   |NW
38.079 -106.299 70 Saguache                                |CC
37.770 -107.667 70 San Juan                                |SW
38.013 -108.426 70 San Miguel                              |WC
40.877 -102.353 70 Sedgwick                                |NE
39.619 -106.108 70 Summit                                  |CC
38.881 -105.154 70 Teller                                  |CC
39.976 -103.201 70 Washington                              |NE
40.545 -104.403 70 Weld                                    |NE
40.000 -102.422 70 Yuma                                    |NE
41.221  -73.370 70 Fairfield
41.807  -72.731 70 Hartford
41.791  -73.248 70 Litchfield
41.435  -72.526 70 Middlesex
41.364  -72.906 70 New Haven
41.477  -72.120 70 New London
41.848  -72.337 70 Tolland
41.832  -71.988 70 Windham
39.097  -75.503 70 Kent
39.581  -75.638 70 New Castle
38.683  -75.342 70 Sussex
38.905  -77.016 70 District of Columbia
29.676  -82.358 70 Alachua
30.324  -82.274 70 Baker
30.236  -85.632 70 Bay
29.950  -82.168 70 Bradford
28.299  -80.701 70 Brevard
26.146  -80.453 70 Broward
30.410  -85.197 70 Calhoun
26.898  -81.954 70 Charlotte
28.849  -82.516 70 Citrus
29.977  -81.858 70 Clay
26.083  -81.401 70 Collier
30.225  -82.625 70 Columbia
25.606  -80.502 70 Dade
27.191  -81.806 70 DeSoto
29.586  -83.194 70 Dixie
30.334  -81.649 70 Duval
30.607  -87.333 70 Escambia
29.470  -81.297 70 Flagler
29.802  -84.817 70 Franklin
30.582  -84.612 70 Gadsden
29.734  -82.803 70 Gilchrist
26.954  -81.186 70 Glades
29.900  -85.242 70 Gulf
30.492  -82.949 70 Hamilton
27.494  -81.809 70 Hardee
26.554  -81.173 70 Hendry
28.553  -82.468 70 Hernando
27.341  -81.343 70 Highlands
27.906  -82.346 70 Hillsborough
30.867  -85.812 70 Holmes
27.698  -80.579 70 Indian River
30.797  -85.213 70 Jackson
30.421  -83.896 70 Jefferson
29.988  -83.180 70 Lafayette
28.766  -81.717 70 Lake
26.578  -81.921 70 Lee
30.457  -84.279 70 Leon
29.277  -82.790 70 Levy
30.233  -84.887 70 Liberty
30.452  -83.467 70 Madison
27.481  -82.360 70 Manatee
29.212  -82.059 70 Marion
27.080  -80.397 70 Martin
25.117  -81.150 70 Monroe
30.611  -81.768 70 Nassau
30.668  -86.593 70 Okaloosa
27.385  -80.890 70 Okeechobee
28.514  -81.322 70 Orange
28.058  -81.147 70 Osceola
26.641  -80.437 70 Palm Beach
28.301  -82.439 70 Pasco
27.903  -82.739 70 Pinellas
27.960  -81.700 70 Polk
29.605  -81.740 70 Putnam
29.908  -81.407 70 St Johns
27.378  -80.444 70 St Lucie
30.696  -87.016 70 Santa Rosa
27.195  -82.369 70 Sarasota
28.709  -81.227 70 Seminole
28.708  -82.079 70 Sumter
30.187  -82.993 70 Suwannee
30.019  -83.616 70 Taylor
30.043  -82.374 70 Union
29.068  -81.138 70 Volusia
30.153  -84.381 70 Wakulla
30.615  -86.171 70 Walton
30.613  -85.671 70 Washington
31.753  -82.286 70 Appling
31.295  -82.875 70 Atkinson
31.557  -82.451 70 Bacon
31.331  -84.454 70 Baker
33.072  -83.251 70 Baldwin
34.353  -83.501 70 Banks
33.993  -83.712 70 Barrow
34.238  -84.839 70 Bartow
31.759  -83.220 70 Ben Hill
31.274  -83.232 70 Berrien
32.805  -83.699 70 Bibb
32.436  -83.331 70 Bleckley
31.197  -81.983 70 Brantley
30.847  -83.577 70 Brooks
32.020  -81.438 70 Bryan
32.391  -81.744 70 Bulloch
33.058  -81.999 70 Burke
33.288  -83.957 70 Butts
31.528  -84.619 70 Calhoun
30.919  -81.638 70 Camden
32.401  -82.075 70 Candler
33.583  -85.079 70 Carroll
34.902  -85.136 70 Catoosa
30.779  -82.140 70 Charlton
31.968  -81.085 70 Chatham
32.348  -84.788 70 Chattahoochee
34.477  -85.346 70 Chattooga
34.245  -84.474 70 Cherokee
33.952  -83.366 70 Clarke
31.621  -84.993 70 Clay
33.543  -84.357 70 Clayton
30.918  -82.703 70 Clinch
33.942  -84.577 70 Cobb
31.547  -82.851 70 Coffee
31.186  -83.768 70 Colquitt
33.549  -82.261 70 Columbia
31.155  -83.431 70 Cook
33.353  -84.763 70 Coweta
32.710  -83.980 70 Crawford
31.925  -83.772 70 Crisp
34.855  -85.505 70 Dade
34.440  -84.171 70 Dawson
30.879  -84.580 70 Decatur
33.771  -84.227 70 DeKalb
32.173  -83.166 70 Dodge
32.161  -83.798 70 Dooly
31.538  -84.216 70 Dougherty
33.700  -84.767 70 Douglas
31.330  -84.909 70 Early
30.717  -82.899 70 Echols
32.370  -81.343 70 Effingham
34.115  -82.840 70 Elbert
32.587  -82.304 70 Emanuel
32.158  -81.891 70 Evans
34.864  -84.319 70 Fannin
33.415  -84.493 70 Fayette
34.263  -85.215 70 Floyd
34.224  -84.127 70 Forsyth
34.373  -83.228 70 Franklin
33.789  -84.467 70 Fulton
34.688  -84.458 70 Gilmer
33.231  -82.607 70 Glascock
31.217  -81.494 70 Glynn
34.504  -84.872 70 Gordon
30.875  -84.233 70 Grady
33.581  -83.168 70 Greene
33.959  -84.025 70 Gwinnett
34.630  -83.529 70 Habersham
34.316  -83.821 70 Hall
33.270  -83.001 70 Hancock
33.791  -85.209 70 Haralson
32.741  -84.906 70 Harris
34.353  -82.959 70 Hart
33.300  -85.129 70 Heard
33.456  -84.155 70 Henry
32.458  -83.668 70 Houston
31.602  -83.274 70 Irwin
34.133  -83.563 70 Jackson
33.316  -83.687 70 Jasper
31.802  -82.636 70 Jeff Davis
33.054  -82.415 70 Jefferson
32.789  -81.960 70 Jenkins
32.702  -82.656 70 Johnson
33.026  -83.566 70 Jones
33.073  -84.135 70 Lamar
31.037  -83.063 70 Lanier
32.463  -82.930 70 Laurens
31.777  -84.137 70 Lee
31.800  -81.462 70 Liberty
33.793  -82.452 70 Lincoln
31.759  -81.747 70 Long
30.835  -83.268 70 Lowndes
34.574  -84.002 70 Lumpkin
33.478  -82.482 70 McDuffie
31.480  -81.372 70 McIntosh
32.354  -84.038 70 Macon
34.128  -83.210 70 Madison
32.353  -84.526 70 Marion
33.043  -84.685 70 Meriwether
31.164  -84.729 70 Miller
31.224  -84.195 70 Mitchell
33.013  -83.913 70 Monroe
32.168  -82.530 70 Montgomery
33.593  -83.493 70 Morgan
34.782  -84.748 70 Murray
32.511  -84.875 70 Muscogee
33.553  -83.844 70 Newton
33.837  -83.437 70 Oconee
33.881  -83.082 70 Oglethorpe
33.923  -84.866 70 Paulding
32.564  -83.828 70 Peach
34.465  -84.465 70 Pickens
31.356  -82.215 70 Pierce
33.091  -84.386 70 Pike
33.999  -85.182 70 Polk
32.237  -83.474 70 Pulaski
33.321  -83.373 70 Putnam
31.859  -85.012 70 Quitman
34.881  -83.401 70 Rabun
31.763  -84.758 70 Randolph
33.359  -82.074 70 Richmond
33.650  -84.027 70 Rockdale
32.263  -84.320 70 Schley
32.749  -81.614 70 Screven
30.933  -84.867 70 Seminole
33.262  -84.285 70 Spalding
34.556  -83.294 70 Stephens
32.078  -84.837 70 Stewart
32.042  -84.196 70 Sumter
32.708  -84.528 70 Talbot
33.567  -82.883 70 Taliaferro
32.043  -82.061 70 Tattnall
32.554  -84.251 70 Taylor
31.935  -82.941 70 Telfair
31.776  -84.436 70 Terrell
30.865  -83.919 70 Thomas
31.457  -83.526 70 Tift
32.123  -82.335 70 Toombs
34.919  -83.739 70 Towns
32.405  -82.565 70 Treutlen
33.033  -85.028 70 Troup
31.716  -83.627 70 Turner
32.666  -83.426 70 Twiggs
34.834  -83.991 70 Union
32.879  -84.298 70 Upson
34.731  -85.296 70 Walker
33.783  -83.738 70 Walton
31.052  -82.422 70 Ware
33.408  -82.676 70 Warren
32.968  -82.795 70 Washington
31.548  -81.913 70 Wayne
32.049  -84.550 70 Webster
32.122  -82.717 70 Wheeler
34.645  -83.753 70 White
34.805  -84.966 70 Whitfield
31.970  -83.436 70 Wilcox
33.787  -82.744 70 Wilkes
32.799  -83.168 70 Wilkinson
31.553  -83.848 70 Worth
19.597 -155.499 70 Hawaii
23.573 -164.701 70 Honolulu
21.226 -156.948 70 Kalawao
22.013 -159.705 70 Kauai
20.868 -156.622 70 Maui
43.448 -116.243 70 Ada
44.896 -116.455 70 Adams
42.668 -112.222 70 Bannock
42.290 -111.333 70 Bear Lake
47.222 -116.655 70 Benewah
43.216 -112.398 70 Bingham
43.394 -113.978 70 Blaine
44.006 -115.739 70 Boise
48.295 -116.598 70 Bonner
43.380 -111.602 70 Bonneville
48.793 -116.449 70 Boundary
43.725 -113.174 70 Butte
43.469 -114.811 70 Camas
43.626 -116.707 70 Canyon
42.759 -111.551 70 Caribou
42.272 -113.611 70 Cassia
44.285 -112.376 70 Clark
46.668 -115.658 70 Clearwater
44.232 -114.294 70 Custer
43.343 -115.465 70 Elmore
42.183 -111.810 70 Franklin
44.217 -111.484 70 Fremont
44.061 -116.405 70 Gem
42.965 -114.800 70 Gooding
45.847 -115.459 70 Idaho
43.822 -112.305 70 Jefferson
42.692 -114.263 70 Jerome
47.677 -116.697 70 Kootenai
46.816 -116.706 70 Latah
44.956 -113.949 70 Lemhi
46.239 -116.430 70 Lewis
42.978 -114.130 70 Lincoln
43.788 -111.657 70 Madison
42.848 -113.643 70 Minidoka
46.331 -116.746 70 Nez Perce
42.208 -112.522 70 Oneida
42.563 -116.168 70 Owyhee
44.010 -116.758 70 Payette
42.688 -112.838 70 Power
47.348 -115.885 70 Shoshone
43.755 -111.213 70 Teton
42.353 -114.662 70 Twin Falls
44.744 -115.560 70 Valley
44.449 -116.779 70 Washington
39.986  -91.195 70 Adams
37.194  -89.340 70 Alexander
38.881  -89.436 70 Bond
42.326  -88.813 70 Boone
39.954  -90.750 70 Brown
41.409  -89.529 70 Bureau
39.165  -90.667 70 Calhoun
42.061  -89.924 70 Carroll
39.977  -90.247 70 Cass
40.140  -88.196 70 Champaign
39.547  -89.278 70 Christian
39.333  -87.792 70 Clark
38.755  -88.488 70 Clay
38.607  -89.424 70 Clinton
39.513  -88.221 70 Coles
41.898  -87.650 70 Cook
39.003  -87.760 70 Crawford
39.274  -88.240 70 Cumberland
41.894  -88.769 70 DeKalb
40.170  -88.905 70 De Witt
39.766  -88.223 70 Douglas
41.852  -88.086 70 DuPage
39.679  -87.747 70 Edgar
38.417  -88.058 70 Edwards
39.064  -88.588 70 Effingham
39.001  -89.018 70 Fayette
40.595  -88.225 70 Ford
37.992  -88.923 70 Franklin
40.479  -90.213 70 Fulton
37.758  -88.229 70 Gallatin
39.352  -90.386 70 Greene
41.289  -88.428 70 Grundy
38.081  -88.541 70 Hamilton
40.402  -91.169 70 Hancock
37.522  -88.266 70 Hardin
40.810  -90.926 70 Henderson
41.355  -90.136 70 Henry
40.742  -87.824 70 Iroquois
37.788  -89.381 70 Jackson
39.006  -88.149 70 Jasper
38.301  -88.924 70 Jefferson
39.088  -90.358 70 Jersey
42.364  -90.210 70 Jo Daviess
37.459  -88.874 70 Johnson
41.936  -88.432 70 Kane
41.138  -87.863 70 Kankakee
41.588  -88.431 70 Kendall
40.931  -90.214 70 Knox
42.433  -87.777 70 Lake
41.341  -88.885 70 La Salle
38.720  -87.731 70 Lawrence
41.740  -89.300 70 Lee
40.888  -88.557 70 Livingston
40.127  -89.363 70 Logan
40.456  -90.678 70 McDonough
42.324  -88.452 70 McHenry
40.495  -88.845 70 McLean
39.860  -88.961 70 Macon
39.257  -89.921 70 Macoupin
38.832  -89.908 70 Madison
38.649  -88.919 70 Marion
41.031  -89.342 70 Marshall
40.238  -89.914 70 Mason
37.219  -88.710 70 Massac
40.034  -89.800 70 Menard
41.204  -90.742 70 Mercer
38.277  -90.178 70 Monroe
39.228  -89.478 70 Montgomery
39.715  -90.198 70 Morgan
39.638  -88.617 70 Moultrie
42.042  -89.320 70 Ogle
40.790  -89.759 70 Peoria
38.085  -89.368 70 Perry
40.007  -88.593 70 Piatt
39.620  -90.886 70 Pike
37.411  -88.573 70 Pope
37.228  -89.131 70 Pulaski
41.203  -89.282 70 Putnam
38.049  -89.821 70 Randolph
38.713  -88.085 70 Richland
41.469  -90.566 70 Rock Island
38.471  -89.931 70 St Clair
37.754  -88.541 70 Saline
39.758  -89.658 70 Sangamon
40.158  -90.609 70 Schuyler
39.648  -90.478 70 Scott
39.395  -88.809 70 Shelby
41.089  -89.795 70 Stark
42.350  -89.666 70 Stephenson
40.513  -89.513 70 Tazewell
37.469  -89.256 70 Union
40.182  -87.738 70 Vermilion
38.444  -87.840 70 Wabash
40.853  -90.615 70 Warren
38.351  -89.417 70 Washington
38.432  -88.423 70 Wayne
38.087  -88.178 70 White
41.751  -89.911 70 Whiteside
41.439  -87.982 70 Will
37.730  -88.930 70 Williamson
42.332  -89.161 70 Winnebago
40.786  -89.212 70 Woodford
40.745  -84.936 70 Adams
41.091  -85.064 70 Allen
39.205  -85.898 70 Bartholomew
40.606  -87.308 70 Benton
40.473  -85.323 70 Blackford
40.051  -86.469 70 Boone
39.196  -86.229 70 Brown
40.584  -86.565 70 Carroll
40.761  -86.347 70 Cass
38.477  -85.716 70 Clark
39.396  -87.115 70 Clay
40.300  -86.476 70 Clinton
38.285  -86.456 70 Crawford
38.702  -87.076 70 Daviess
39.150  -84.977 70 Dearborn
39.304  -85.502 70 Decatur
41.396  -85.000 70 De Kalb
40.226  -85.398 70 Delaware
38.364  -86.881 70 Dubois
41.596  -85.859 70 Elkhart
39.644  -85.176 70 Fayette
38.319  -85.903 70 Floyd
40.123  -87.244 70 Fountain
39.422  -85.056 70 Franklin
41.044  -86.261 70 Fulton
38.309  -87.580 70 Gibson
40.516  -85.654 70 Grant
39.037  -86.966 70 Greene
40.071  -86.052 70 Hamilton
39.823  -85.771 70 Hancock
38.199  -86.116 70 Harrison
39.769  -86.509 70 Hendricks
39.931  -85.397 70 Henry
40.481  -86.116 70 Howard
40.829  -85.494 70 Huntington
38.907  -86.043 70 Jackson
41.025  -87.120 70 Jasper
40.434  -85.009 70 Jay
38.786  -85.437 70 Jefferson
38.996  -85.628 70 Jennings
39.490  -86.096 70 Johnson
38.691  -87.419 70 Knox
41.244  -85.861 70 Kosciusko
41.642  -85.426 70 Lagrange
41.476  -87.379 70 Lake
41.549  -86.745 70 La Porte
38.840  -86.485 70 Lawrence
40.163  -85.721 70 Madison
39.782  -86.138 70 Marion
41.331  -86.263 70 Marshall
38.711  -86.802 70 Martin
40.769  -86.048 70 Miami
39.161  -86.523 70 Monroe
40.041  -86.893 70 Montgomery
39.482  -86.447 70 Morgan
40.951  -87.402 70 Newton
41.396  -85.417 70 Noble
38.954  -84.968 70 Ohio
38.535  -86.495 70 Orange
39.312  -86.839 70 Owen
39.775  -87.207 70 Parke
38.082  -86.644 70 Perry
38.398  -87.233 70 Pike
41.508  -87.071 70 Porter
38.024  -87.861 70 Posey
41.037  -86.695 70 Pulaski
39.667  -86.844 70 Putnam
40.150  -85.006 70 Randolph
39.102  -85.260 70 Ripley
39.617  -85.469 70 Rush
41.618  -86.288 70 St Joseph
38.687  -85.744 70 Scott
39.523  -85.791 70 Shelby
38.011  -87.011 70 Spencer
41.282  -86.648 70 Starke
41.644  -85.000 70 Steuben
39.089  -87.414 70 Sullivan
38.824  -85.027 70 Switzerland
40.388  -86.894 70 Tippecanoe
40.310  -86.052 70 Tipton
39.623  -84.923 70 Union
38.023  -87.584 70 Vanderburgh
39.854  -87.462 70 Vermillion
39.429  -87.390 70 Vigo
40.847  -85.790 70 Wabash
40.345  -87.356 70 Warren
38.098  -87.271 70 Warrick
38.599  -86.106 70 Washington
39.862  -85.006 70 Wayne
40.727  -85.220 70 Wells
40.748  -86.865 70 White
41.135  -85.504 70 Whitley
41.327  -94.466 70 Adair
41.033  -94.702 70 Adams
43.280  -91.373 70 Allamakee
40.741  -92.869 70 Appanoose
41.685  -94.905 70 Audubon
42.080  -92.066 70 Benton
42.473  -92.307 70 Black Hawk
42.036  -93.933 70 Boone
42.776  -92.308 70 Bremer
42.469  -91.839 70 Buchanan
42.742  -95.161 70 Buena Vista
42.728  -92.795 70 Butler
42.388  -94.637 70 Calhoun
42.035  -94.859 70 Carroll
41.330  -94.933 70 Cass
41.773  -91.132 70 Cedar
43.083  -93.261 70 Cerro Gordo
42.735  -95.623 70 Cherokee
43.060  -92.317 70 Chickasaw
41.029  -93.784 70 Clarke
43.085  -95.155 70 Clay
42.854  -91.341 70 Clayton
41.897  -90.534 70 Clinton
42.039  -95.384 70 Crawford
41.688  -94.038 70 Dallas
40.748  -92.410 70 Davis
40.738  -93.784 70 Decatur
42.470  -91.367 70 Delaware
40.921  -91.175 70 Des Moines
43.377  -95.152 70 Dickinson
42.473  -90.886 70 Dubuque
43.378  -94.669 70 Emmet
42.858  -91.845 70 Fayette
43.058  -92.790 70 Floyd
42.731  -93.260 70 Franklin
40.743  -95.600 70 Fremont
42.038  -94.391 70 Greene
42.401  -92.791 70 Grundy
41.684  -94.501 70 Guthrie
42.381  -93.709 70 Hamilton
43.086  -93.743 70 Hancock
42.380  -93.242 70 Hardin
41.687  -95.810 70 Harrison
40.989  -91.544 70 Henry
43.352  -92.315 70 Howard
42.782  -94.203 70 Humboldt
42.381  -95.513 70 Ida
41.688  -92.066 70 Iowa
42.165  -90.576 70 Jackson
41.686  -93.053 70 Jasper
41.033  -91.948 70 Jefferson
41.666  -91.590 70 Johnson
42.120  -91.131 70 Jones
41.337  -92.181 70 Keokuk
43.205  -94.197 70 Kossuth
40.645  -91.478 70 Lee
42.079  -91.595 70 Linn
41.217  -91.262 70 Louisa
41.027  -93.327 70 Lucas
43.373  -96.209 70 Lyon
41.331  -94.015 70 Madison
41.334  -92.645 70 Mahaska
41.335  -93.101 70 Marion
42.033  -93.002 70 Marshall
41.034  -95.618 70 Mills
43.359  -92.786 70 Mitchell
42.050  -95.953 70 Monona
41.029  -92.870 70 Monroe
41.031  -95.156 70 Montgomery
41.487  -91.113 70 Muscatine
43.084  -95.626 70 O'Brien
43.377  -95.619 70 Osceola
40.738  -95.150 70 Page
43.091  -94.680 70 Palo Alto
42.737  -96.216 70 Plymouth
42.733  -94.678 70 Pocahontas
41.681  -93.569 70 Polk
41.340  -95.546 70 Pottawattamie
41.694  -92.532 70 Poweshiek
40.735  -94.244 70 Ringgold
42.387  -95.104 70 Sac
41.642  -90.622 70 Scott
41.679  -95.309 70 Shelby
43.083  -96.177 70 Sioux
42.037  -93.466 70 Story
42.081  -92.532 70 Tama
40.734  -94.692 70 Taylor
41.028  -94.242 70 Union
40.755  -91.953 70 Van Buren
41.030  -92.409 70 Wapello
41.333  -93.560 70 Warren
41.337  -91.717 70 Washington
40.738  -93.326 70 Wayne
42.434  -94.179 70 Webster
43.378  -93.725 70 Winnebago
43.291  -91.843 70 Winneshiek
42.388  -96.037 70 Woodbury
43.376  -93.266 70 Worth
42.733  -93.735 70 Wright
37.888  -95.300 70 Allen
38.216  -95.292 70 Anderson
39.531  -95.314 70 Atchison
37.224  -98.684 70 Barber
38.480  -98.755 70 Barton
37.856  -94.851 70 Bourbon
39.823  -95.562 70 Brown
37.774  -96.834 70 Butler
38.302  -96.593 70 Chase
37.155  -96.245 70 Chautauqua
37.169  -94.846 70 Cherokee
39.781 -101.730 70 Cheyenne
37.236  -99.818 70 Clark
39.351  -97.164 70 Clay
39.483  -97.656 70 Cloud
38.237  -95.735 70 Coffey
37.186  -99.282 70 Comanche
37.231  -96.837 70 Cowley
37.508  -94.851 70 Crawford
39.785 -100.460 70 Decatur
38.864  -97.158 70 Dickinson
39.789  -95.148 70 Doniphan
38.884  -95.287 70 Douglas
37.883  -99.304 70 Edwards
37.457  -96.245 70 Elk
38.916  -99.315 70 Ellis
38.696  -98.205 70 Ellsworth
38.047 -100.746 70 Finney
37.692  -99.883 70 Ford
38.567  -95.288 70 Franklin
38.996  -96.749 70 Geary
38.921 -100.491 70 Gove
39.349  -99.880 70 Graham
37.563 -101.309 70 Grant
37.745 -100.424 70 Gray
38.473 -101.804 70 Greeley
37.878  -96.228 70 Greenwood
37.993 -101.793 70 Hamilton
37.198  -98.078 70 Harper
38.044  -97.425 70 Harvey
37.563 -100.873 70 Haskell
38.088  -99.898 70 Hodgeman
39.421  -95.798 70 Jackson
39.229  -95.382 70 Jefferson
39.786  -98.218 70 Jewell
38.884  -94.822 70 Johnson
37.995 -101.313 70 Kearny
37.560  -98.135 70 Kingman
37.559  -99.287 70 Kiowa
37.191  -95.298 70 Labette
38.481 -100.466 70 Lane
39.202  -95.038 70 Leavenworth
39.044  -98.211 70 Lincoln
38.207  -94.841 70 Linn
38.916 -101.147 70 Logan
38.462  -96.150 70 Lyon
38.388  -97.648 70 McPherson
38.362  -97.098 70 Marion
39.779  -96.529 70 Marshall
37.240 -100.359 70 Meade
38.565  -94.834 70 Miami
39.393  -98.207 70 Mitchell
37.189  -95.742 70 Montgomery
38.687  -96.643 70 Morris
37.198 -101.808 70 Morton
39.776  -96.019 70 Nemaha
37.557  -95.301 70 Neosho
38.475  -99.916 70 Ness
39.784  -99.899 70 Norton
38.650  -95.727 70 Osage
39.349  -98.767 70 Osborne
39.132  -97.653 70 Ottawa
38.181  -99.232 70 Pawnee
39.784  -99.347 70 Phillips
39.380  -96.334 70 Pottawatomie
37.648  -98.740 70 Pratt
39.790 -101.074 70 Rawlins
37.961  -98.090 70 Reno
39.828  -97.650 70 Republic
38.347  -98.200 70 Rice
39.293  -96.727 70 Riley
39.351  -99.326 70 Rooks
38.523  -99.309 70 Rush
38.922  -98.766 70 Russell
38.781  -97.648 70 Saline
38.482 -100.906 70 Scott
37.683  -97.462 70 Sedgwick
37.191 -100.852 70 Seward
39.043  -95.758 70 Shawnee
39.351 -100.441 70 Sheridan
39.351 -101.719 70 Sherman
39.785  -98.785 70 Smith
38.036  -98.720 70 Stafford
37.559 -101.784 70 Stanton
37.203 -101.318 70 Stevens
37.230  -97.475 70 Sumner
39.359 -101.055 70 Thomas
38.921  -99.865 70 Trego
38.955  -96.200 70 Wabaunsee
38.909 -101.754 70 Wallace
39.784  -97.086 70 Washington
38.482 -101.347 70 Wichita
37.559  -95.742 70 Wilson
37.887  -95.739 70 Woodson
39.114  -94.766 70 Wyandotte
37.105  -85.282 70 Adair
36.752  -86.190 70 Allen
38.004  -84.988 70 Anderson
37.064  -89.002 70 Ballard
36.960  -85.928 70 Barren
38.140  -83.741 70 Bath
36.736  -83.673 70 Bell
38.974  -84.730 70 Boone
38.203  -84.211 70 Bourbon
38.359  -82.689 70 Boyd
37.619  -84.866 70 Boyle
38.693  -84.083 70 Bracken
37.519  -83.322 70 Breathitt
37.773  -86.431 70 Breckinridge
37.971  -85.695 70 Bullitt
37.209  -86.681 70 Butler
37.148  -87.871 70 Caldwell
36.621  -88.274 70 Calloway
38.945  -84.379 70 Campbell
36.854  -88.977 70 Carlisle
38.670  -85.128 70 Carroll
38.326  -83.051 70 Carter
37.322  -84.928 70 Casey
36.895  -87.492 70 Christian
37.971  -84.146 70 Clark
37.157  -83.709 70 Clay
36.719  -85.135 70 Clinton
37.357  -88.090 70 Crittenden
36.782  -85.389 70 Cumberland
37.732  -87.088 70 Daviess
37.213  -86.246 70 Edmonson
38.120  -83.098 70 Elliott
37.693  -83.965 70 Estill
38.043  -84.459 70 Fayette
38.374  -83.695 70 Fleming
37.556  -82.748 70 Floyd
38.235  -84.879 70 Franklin
36.553  -89.185 70 Fulton
38.757  -84.862 70 Gallatin
37.645  -84.535 70 Garrard
38.639  -84.613 70 Grant
36.723  -88.650 70 Graves
37.460  -86.346 70 Grayson
37.259  -85.554 70 Green
38.542  -82.921 70 Greenup
37.842  -86.779 70 Hancock
37.696  -85.963 70 Hardin
36.856  -83.215 70 Harlan
38.444  -84.332 70 Harrison
37.293  -85.888 70 Hart
37.799  -87.573 70 Henderson
38.456  -85.123 70 Henry
36.678  -88.976 70 Hickman
37.307  -87.538 70 Hopkins
37.417  -84.008 70 Jackson
38.188  -85.662 70 Jefferson
37.872  -84.582 70 Jessamine
37.844  -82.830 70 Johnson
38.933  -84.536 70 Kenton
37.347  -82.954 70 Knott
36.890  -83.852 70 Knox
37.553  -85.698 70 Larue
37.111  -84.120 70 Laurel
38.061  -82.732 70 Lawrence
37.590  -83.718 70 Lee
37.094  -83.384 70 Leslie
37.117  -82.855 70 Letcher
38.531  -83.385 70 Lewis
37.456  -84.659 70 Lincoln
37.212  -88.347 70 Livingston
36.858  -86.879 70 Logan
37.015  -88.079 70 Lyon
37.056  -88.717 70 McCracken
36.739  -84.482 70 McCreary
37.528  -87.261 70 McLean
37.723  -84.277 70 Madison
37.699  -83.065 70 Magoffin
37.554  -85.270 70 Marion
36.881  -88.335 70 Marshall
37.799  -82.520 70 Martin
38.596  -83.826 70 Mason
37.979  -86.218 70 Meade
37.948  -83.604 70 Menifee
37.805  -84.876 70 Mercer
36.989  -85.630 70 Metcalfe
36.710  -85.718 70 Monroe
38.030  -83.906 70 Montgomery
37.923  -83.259 70 Morgan
37.213  -87.146 70 Muhlenberg
37.805  -85.466 70 Nelson
38.341  -84.014 70 Nicholas
37.473  -86.845 70 Ohio
38.397  -85.444 70 Oldham
38.527  -84.830 70 Owen
37.414  -83.689 70 Owsley
38.693  -84.356 70 Pendleton
37.245  -83.225 70 Perry
37.468  -82.394 70 Pike
37.830  -83.826 70 Powell
37.103  -84.576 70 Pulaski
38.508  -84.052 70 Robertson
37.362  -84.316 70 Rockcastle
38.194  -83.420 70 Rowan
36.989  -85.064 70 Russell
38.296  -84.580 70 Scott
38.218  -85.194 70 Shelby
36.740  -86.582 70 Simpson
38.030  -85.323 70 Spencer
37.366  -85.330 70 Taylor
36.840  -87.185 70 Todd
36.806  -87.875 70 Trigg
38.598  -85.339 70 Trimble
37.656  -87.954 70 Union
36.992  -86.424 70 Warren
37.753  -85.174 70 Washington
36.811  -84.831 70 Wayne
37.516  -87.682 70 Webster
36.763  -84.147 70 Whitley
37.742  -83.490 70 Wolfe
38.039  -84.741 70 Woodford
30.291  -92.411 70 Acadia
30.656  -92.828 70 Allen
30.203  -90.909 70 Ascension
29.899  -91.064 70 Assumption
31.071  -92.003 70 Avoyelles
30.653  -93.341 70 Beauregard
32.349  -93.056 70 Bienville
32.681  -93.603 70 Bossier
32.579  -93.880 70 Caddo
30.228  -93.358 70 Calcasieu
32.087  -92.120 70 Caldwell
29.847  -93.200 70 Cameron
31.666  -91.846 70 Catahoula
32.816  -92.994 70 Claiborne
31.441  -91.640 70 Concordia
32.062  -93.736 70 De Soto
30.544  -91.094 70 East Baton Rouge
32.734  -91.235 70 East Carroll
30.850  -91.049 70 East Feliciana
30.733  -92.412 70 Evangeline
32.138  -91.673 70 Franklin
31.593  -92.560 70 Grant
29.794  -91.785 70 Iberia
30.263  -91.349 70 Iberville
32.296  -92.554 70 Jackson
29.718  -90.102 70 Jefferson
30.269  -92.816 70 Jefferson Davis
30.206  -92.064 70 Lafayette
29.494  -90.399 70 Lafourche
31.676  -92.158 70 La Salle
32.604  -92.663 70 Lincoln
30.444  -90.731 70 Livingston
32.371  -91.243 70 Madison
32.818  -91.800 70 Morehouse
31.726  -93.095 70 Natchitoches
30.066  -89.931 70 Orleans
32.478  -92.156 70 Ouachita
29.391  -89.481 70 Plaquemines
30.708  -91.600 70 Pointe Coupee
31.197  -92.536 70 Rapides
32.094  -93.331 70 Red River
32.417  -91.764 70 Richland
31.560  -93.558 70 Sabine
29.895  -89.346 70 St Bernard
29.912  -90.357 70 St Charles
30.820  -90.710 70 St Helena
30.026  -90.796 70 St James
30.118  -90.502 70 St John the Baptist
30.598  -92.004 70 St Landry
30.130  -91.612 70 St Martin
29.635  -91.468 70 St Mary
30.399  -89.964 70 St Tammany
30.634  -90.402 70 Tangipahoa
32.003  -91.330 70 Tensas
29.335  -90.838 70 Terrebonne
32.827  -92.378 70 Union
29.814  -92.309 70 Vermilion
31.108  -93.186 70 Vernon
30.852  -90.042 70 Washington
32.704  -93.331 70 Webster
30.463  -91.313 70 West Baton Rouge
32.786  -91.453 70 West Carroll
30.873  -91.423 70 West Feliciana
31.945  -92.637 70 Winn
44.158  -70.217 70 Androscoggin
46.648  -68.591 70 Aroostook
43.827  -70.316 70 Cumberland
44.977  -70.444 70 Franklin
44.566  -68.368 70 Hancock
44.413  -69.766 70 Kennebec
44.032  -69.035 70 Knox
44.000  -69.526 70 Lincoln
44.486  -70.760 70 Oxford
45.399  -68.643 70 Penobscot
45.843  -69.295 70 Piscataquis
43.908  -69.838 70 Sagadahoc
45.506  -69.954 70 Somerset
44.484  -69.125 70 Waldo
44.969  -67.610 70 Washington
43.407  -70.682 70 York
39.631  -78.690 70 Allegany
38.992  -76.569 70 Anne Arundel
39.442  -76.617 70 Baltimore
38.531  -76.529 70 Calvert
38.871  -75.832 70 Caroline
39.565  -77.024 70 Carroll
39.567  -75.950 70 Cecil
38.482  -77.012 70 Charles
38.419  -76.081 70 Dorchester
39.472  -77.397 70 Frederick
39.530  -79.270 70 Garrett
39.537  -76.300 70 Harford
39.249  -76.934 70 Howard
39.231  -76.095 70 Kent
39.137  -77.205 70 Montgomery
38.830  -76.849 70 Prince George's
39.033  -76.083 70 Queen Anne's
38.215  -76.530 70 St Mary's
38.082  -75.859 70 Somerset
38.751  -76.179 70 Talbot
39.604  -77.814 70 Washington
38.369  -75.629 70 Wicomico
38.226  -75.283 70 Worcester
39.301  -76.611 70 Baltimore
41.720  -70.251 70 Barnstable
42.369  -73.205 70 Berkshire
41.787  -71.096 70 Bristol
41.374  -70.703 70 Dukes
42.626  -70.872 70 Essex
42.583  -72.591 70 Franklin
42.122  -72.670 70 Hampden
42.341  -72.662 70 Hampshire
42.484  -71.394 70 Middlesex
41.253  -70.127 70 Nantucket
42.172  -71.184 70 Norfolk
41.996  -70.730 70 Plymouth
42.357  -70.978 70 Suffolk
42.354  -71.916 70 Worcester
44.712  -83.273 70 Alcona
47.160  -86.484 70 Alger
42.565  -86.250 70 Allegan
45.037  -83.198 70 Alpena
45.006  -85.177 70 Antrim
44.045  -83.752 70 Arenac
46.715  -88.342 70 Baraga
42.598  -85.311 70 Barry
43.721  -83.943 70 Bay
44.630  -86.248 70 Benzie
41.943  -86.592 70 Berrien
41.915  -85.054 70 Branch
42.253  -85.003 70 Calhoun
41.914  -85.993 70 Cass
45.466  -85.458 70 Charlevoix
45.476  -84.496 70 Cheboygan
46.318  -84.519 70 Chippewa
43.991  -84.838 70 Clare
42.941  -84.612 70 Clinton
44.680  -84.611 70 Crawford
45.775  -86.873 70 Delta
45.997  -87.872 70 Dickinson
42.588  -84.846 70 Eaton
45.583  -84.981 70 Emmet
43.021  -83.707 70 Genesee
43.989  -84.388 70 Gladwin
46.484  -89.791 70 Gogebic
44.733  -85.552 70 Grand Traverse
43.292  -84.605 70 Gratiot
41.888  -84.594 70 Hillsdale
46.984  -88.647 70 Houghton
43.959  -82.836 70 Huron
42.604  -84.374 70 Ingham
42.944  -85.073 70 Ionia
44.276  -83.337 70 Iosco
46.205  -88.514 70 Iron
43.648  -84.838 70 Isabella
42.248  -84.425 70 Jackson
42.245  -85.530 70 Kalamazoo
44.692  -85.084 70 Kalkaska
43.033  -85.547 70 Kent
47.477  -88.155 70 Keweenaw
43.988  -85.812 70 Lake
43.091  -83.224 70 Lapeer
45.133  -86.030 70 Leelanau
41.892  -84.069 70 Lenawee
42.602  -83.912 70 Livingston
46.747  -85.590 70 Luce
46.009  -85.008 70 Mackinac
42.668  -82.910 70 Macomb
44.301  -86.312 70 Manistee
46.664  -87.604 70 Marquette
44.022  -86.500 70 Mason
43.643  -85.323 70 Mecosta
45.522  -87.525 70 Menominee
43.643  -84.386 70 Midland
44.339  -85.096 70 Missaukee
41.915  -83.500 70 Monroe
43.313  -85.149 70 Montcalm
45.027  -84.129 70 Montmorency
43.287  -86.446 70 Muskegon
43.551  -85.797 70 Newaygo
42.660  -83.384 70 Oakland
43.657  -86.531 70 Oceana
44.334  -84.131 70 Ogemaw
46.979  -89.271 70 Ontonagon
43.985  -85.330 70 Osceola
44.683  -84.125 70 Oscoda
45.017  -84.607 70 Otsego
42.922  -86.233 70 Ottawa
45.322  -83.459 70 Presque Isle
44.331  -84.611 70 Roscommon
43.335  -84.052 70 Saginaw
42.934  -82.668 70 St Clair
41.915  -85.530 70 St Joseph
43.457  -82.640 70 Sanilac
46.024  -86.187 70 Schoolcraft
42.950  -84.144 70 Shiawassee
43.488  -83.437 70 Tuscola
42.271  -86.309 70 Van Buren
42.253  -83.842 70 Washtenaw
42.285  -83.260 70 Wayne
44.338  -85.580 70 Wexford
46.607  -93.414 70 Aitkin
45.274  -93.241 70 Anoka
46.932  -95.668 70 Becker
48.018  -94.923 70 Beltrami
45.703  -94.000 70 Benton
45.427  -96.413 70 Big Stone
44.033  -94.064 70 Blue Earth
44.235  -94.721 70 Brown
46.590  -92.680 70 Carlton
44.821  -93.798 70 Carver
46.946  -94.322 70 Cass
45.029  -95.564 70 Chippewa
45.502  -92.909 70 Chisago
46.899  -96.495 70 Clay
47.573  -95.380 70 Clearwater
47.726  -90.442 70 Cook
44.009  -95.183 70 Cottonwood
46.487  -94.072 70 Crow Wing
44.685  -93.065 70 Dakota
44.027  -92.862 70 Dodge
45.936  -95.454 70 Douglas
43.677  -93.948 70 Faribault
43.675  -92.089 70 Fillmore
43.671  -93.350 70 Freeborn
44.415  -92.722 70 Goodhue
45.932  -96.011 70 Grant
45.003  -93.475 70 Hennepin
43.674  -91.491 70 Houston
47.101  -94.914 70 Hubbard
45.565  -93.293 70 Isanti
47.508  -93.626 70 Itasca
43.675  -95.157 70 Jackson
45.948  -93.298 70 Kanabec
45.152  -95.008 70 Kandiyohi
48.776  -96.780 70 Kittson
48.259  -93.769 70 Koochiching
45.001  -96.175 70 Lac qui Parle
47.526  -91.388 70 Lake
48.768  -94.904 70 Lake of the Woods
44.374  -93.732 70 Le Sueur
44.408  -96.272 70 Lincoln
44.414  -95.840 70 Lyon
44.826  -94.271 70 McLeod
47.326  -95.810 70 Mahnomen
48.354  -96.377 70 Marshall
43.677  -94.557 70 Martin
45.123  -94.527 70 Meeker
45.930  -93.633 70 Mille Lacs
46.012  -94.268 70 Morrison
43.672  -92.751 70 Mower
44.020  -95.761 70 Murray
44.342  -94.245 70 Nicollet
43.673  -95.757 70 Nobles
47.331  -96.463 70 Norman
44.002  -92.399 70 Olmsted
46.408  -95.714 70 Otter Tail
48.065  -96.036 70 Pennington
46.140  -92.736 70 Pine
44.025  -96.254 70 Pipestone
47.775  -96.400 70 Polk
45.593  -95.447 70 Pope
45.015  -93.100 70 Ramsey
47.877  -96.096 70 Red Lake
44.404  -95.254 70 Redwood
44.724  -94.955 70 Renville
44.357  -93.297 70 Rice
43.673  -96.248 70 Rock
48.770  -95.799 70 Roseau
47.578  -92.462 70 St Louis
44.655  -93.535 70 Scott
45.440  -93.768 70 Sherburne
44.579  -94.229 70 Sibley
45.555  -94.610 70 Stearns
44.023  -93.224 70 Steele
45.585  -96.001 70 Stevens
45.287  -95.682 70 Swift
46.071  -94.899 70 Todd
45.772  -96.470 70 Traverse
44.282  -92.239 70 Wabasha
46.577  -94.959 70 Wadena
44.019  -93.590 70 Waseca
45.038  -92.889 70 Washington
43.979  -94.615 70 Watonwan
46.355  -96.471 70 Wilkin
43.985  -91.775 70 Winona
45.175  -93.968 70 Wright
44.719  -95.863 70 Yellow Medicine
31.480  -91.351 70 Adams
34.877  -88.576 70 Alcorn
31.173  -90.801 70 Amite
33.089  -89.580 70 Attala
34.817  -89.187 70 Benton
33.795  -90.882 70 Bolivar
33.936  -89.337 70 Calhoun
33.450  -89.920 70 Carroll
33.922  -88.948 70 Chickasaw
33.345  -89.252 70 Choctaw
31.973  -90.914 70 Claiborne
32.040  -88.691 70 Clarke
33.652  -88.774 70 Clay
34.225  -90.597 70 Coahoma
31.865  -90.445 70 Copiah
31.632  -89.552 70 Covington
34.875  -89.992 70 DeSoto
31.187  -89.259 70 Forrest
31.478  -90.898 70 Franklin
30.866  -88.643 70 George
31.217  -88.640 70 Greene
33.771  -89.801 70 Grenada
30.389  -89.472 70 Hancock
30.419  -89.090 70 Harrison
32.263  -90.444 70 Hinds
33.121  -90.088 70 Holmes
33.132  -90.524 70 Humphreys
32.738  -90.988 70 Issaquena
34.278  -88.359 70 Itawamba
30.463  -88.622 70 Jackson
32.019  -89.120 70 Jasper
31.730  -91.035 70 Jefferson
31.564  -89.823 70 Jefferson Davis
31.624  -89.168 70 Jones
32.756  -88.645 70 Kemper
34.359  -89.485 70 Lafayette
31.210  -89.505 70 Lamar
32.404  -88.661 70 Lauderdale
31.550  -90.107 70 Lawrence
32.753  -89.523 70 Leake
34.289  -88.681 70 Lee
33.548  -90.298 70 Leflore
31.536  -90.452 70 Lincoln
33.471  -88.444 70 Lowndes
32.634  -90.034 70 Madison
31.231  -89.822 70 Marion
34.770  -89.509 70 Marshall
33.890  -88.485 70 Monroe
33.498  -89.609 70 Montgomery
32.752  -89.119 70 Neshoba
32.405  -89.118 70 Newton
33.111  -88.570 70 Noxubee
33.426  -88.880 70 Oktibbeha
34.363  -89.947 70 Panola
30.770  -89.592 70 Pearl River
31.172  -88.987 70 Perry
31.176  -90.400 70 Pike
34.228  -89.037 70 Pontotoc
34.613  -88.519 70 Prentiss
34.255  -90.287 70 Quitman
32.263  -89.946 70 Rankin
32.405  -89.545 70 Scott
32.879  -90.812 70 Sharkey
31.915  -89.921 70 Simpson
32.016  -89.501 70 Smith
30.789  -89.123 70 Stone
33.607  -90.595 70 Sunflower
33.946  -90.172 70 Tallahatchie
34.653  -89.940 70 Tate
34.770  -88.908 70 Tippah
34.741  -88.243 70 Tishomingo
34.656  -90.376 70 Tunica
34.490  -89.004 70 Union
31.145  -90.103 70 Walthall
32.357  -90.852 70 Warren
33.286  -90.948 70 Washington
31.644  -88.702 70 Wayne
33.613  -89.282 70 Webster
31.164  -91.319 70 Wilkinson
33.093  -89.035 70 Winston
34.032  -89.715 70 Yalobusha
32.781  -90.405 70 Yazoo
40.188  -92.599 70 Adair
39.988  -94.801 70 Andrew
40.425  -95.434 70 Atchison
39.214  -91.843 70 Audrain
36.713  -93.831 70 Barry
37.501  -94.344 70 Barton
38.258  -94.339 70 Bates
38.299  -93.288 70 Benton
37.321  -90.028 70 Bollinger
38.987  -92.308 70 Boone
39.666  -94.806 70 Buchanan
36.715  -90.403 70 Butler
39.659  -93.979 70 Caldwell
38.836  -91.925 70 Callaway
38.029  -92.772 70 Camden
37.383  -89.684 70 Cape Girardeau
39.428  -93.501 70 Carroll
36.942  -90.966 70 Carter
38.647  -94.354 70 Cass
37.722  -93.865 70 Cedar
39.519  -92.960 70 Chariton
36.970  -93.187 70 Christian
40.411  -91.742 70 Clark
39.313  -94.423 70 Clay
39.604  -94.402 70 Clinton
38.507  -92.282 70 Cole
38.846  -92.813 70 Cooper
37.977  -91.303 70 Crawford
37.430  -93.853 70 Dade
37.672  -93.020 70 Dallas
39.961  -93.986 70 Daviess
39.899  -94.405 70 DeKalb
37.609  -91.498 70 Dent
36.928  -92.497 70 Douglas
36.271  -90.090 70 Dunklin
38.408  -91.076 70 Franklin
38.442  -91.506 70 Gasconade
40.218  -94.411 70 Gentry
37.257  -93.337 70 Greene
40.112  -93.567 70 Grundy
40.354  -93.982 70 Harrison
38.387  -93.791 70 Henry
37.942  -93.319 70 Hickory
40.095  -95.213 70 Holt
39.144  -92.695 70 Howard
36.774  -91.887 70 Howell
37.546  -90.757 70 Iron
39.010  -94.344 70 Jackson
37.202  -94.336 70 Jasper
38.256  -90.537 70 Jefferson
38.749  -93.809 70 Johnson
40.125  -92.150 70 Knox
37.660  -92.595 70 Laclede
39.059  -93.784 70 Lafayette
37.108  -93.830 70 Lawrence
40.094  -91.726 70 Lewis
39.061  -90.962 70 Lincoln
39.868  -93.111 70 Linn
39.783  -93.547 70 Livingston
36.622  -94.354 70 McDonald
39.830  -92.560 70 Macon
37.481  -90.343 70 Madison
38.175  -91.919 70 Maries
39.813  -91.624 70 Marion
40.424  -93.566 70 Mercer
38.217  -92.432 70 Miller
36.827  -89.295 70 Mississippi
38.633  -92.584 70 Moniteau
39.495  -91.998 70 Monroe
38.942  -91.473 70 Montgomery
38.426  -92.886 70 Morgan
36.595  -89.656 70 New Madrid
36.907  -94.332 70 Newton
40.360  -94.883 70 Nodaway
36.688  -91.402 70 Oregon
38.465  -91.859 70 Osage
36.651  -92.444 70 Ozark
36.215  -89.783 70 Pemiscot
37.709  -89.829 70 Perry
38.726  -93.284 70 Pettis
37.878  -91.793 70 Phelps
39.341  -91.171 70 Pike
39.378  -94.771 70 Platte
37.617  -93.401 70 Polk
37.825  -92.209 70 Pulaski
40.479  -93.017 70 Putnam
39.525  -91.528 70 Ralls
39.433  -92.497 70 Randolph
39.350  -93.991 70 Ray
37.358  -90.971 70 Reynolds
36.659  -90.866 70 Ripley
38.779  -90.675 70 St Charles
38.040  -93.774 70 St Clair
37.894  -90.185 70 Ste. Genevieve
37.810  -90.465 70 St Francois
38.639  -90.443 70 St Louis
39.136  -93.204 70 Saline
40.471  -92.518 70 Schuyler
40.454  -92.149 70 Scotland
37.054  -89.572 70 Scott
37.160  -91.403 70 Shannon
39.791  -92.069 70 Shelby
36.856  -89.946 70 Stoddard
36.740  -93.465 70 Stone
40.212  -93.112 70 Sullivan
36.655  -93.036 70 Taney
37.317  -91.964 70 Texas
37.850  -94.342 70 Vernon
38.768  -91.164 70 Warren
37.969  -90.877 70 Washington
37.113  -90.461 70 Wayne
37.284  -92.875 70 Webster
40.481  -94.420 70 Worth
37.266  -92.462 70 Wright
38.636  -90.244 40 St Louis city
45.116 -112.896 70 Beaverhead
45.429 -107.490 70 Big Horn
48.436 -108.962 70 Blaine
46.332 -111.495 70 Broadwater
45.232 -109.022 70 Carbon
45.502 -104.538 70 Carter
47.311 -111.351 70 Cascade
47.876 -110.439 70 Chouteau
46.265 -105.580 70 Custer
48.786 -105.547 70 Daniels
47.273 -104.901 70 Dawson
46.066 -113.084 70 Deer Lodge
46.354 -104.411 70 Fallon
47.262 -109.222 70 Fergus
48.291 -114.019 70 Flathead
45.558 -111.174 70 Gallatin
47.282 -106.989 70 Garfield
48.700 -113.019 70 Glacier
46.383 -109.167 70 Golden Valley
46.420 -113.447 70 Granite
48.628 -110.106 70 Hill
46.177 -112.105 70 Jefferson
47.040 -110.265 70 Judith Basin
47.650 -114.089 70 Lake
47.114 -112.377 70 Lewis and Clark
48.549 -111.025 70 Liberty
48.536 -115.409 70 Lincoln
47.649 -105.802 70 McCone
45.296 -111.922 70 Madison
46.592 -110.864 70 Meagher
47.145 -114.981 70 Mineral
47.041 -113.925 70 Missoula
46.486 -108.400 70 Musselshell
45.498 -110.521 70 Park
47.107 -108.262 70 Petroleum
48.262 -107.923 70 Phillips
48.235 -112.219 70 Pondera
45.382 -105.636 70 Powder River
46.850 -112.941 70 Powell
46.853 -105.373 70 Prairie
46.085 -114.123 70 Ravalli
47.785 -104.561 70 Richland
48.295 -105.029 70 Roosevelt
46.226 -106.724 70 Rosebud
47.662 -115.131 70 Sanders
48.727 -104.500 70 Sheridan
45.896 -112.658 70 Silver Bow
45.674 -109.389 70 Stillwater
45.814 -109.943 70 Sweet Grass
47.848 -112.233 70 Teton
48.651 -111.689 70 Toole
46.203 -107.266 70 Treasure
48.356 -106.663 70 Valley
46.471 -109.844 70 Wheatland
46.962 -104.247 70 Wibaux
45.935 -108.272 70 Yellowstone
45.004 -110.801 70 Yellowstone National Park
40.523  -98.500 70 Adams
42.178  -98.072 70 Antelope
41.572 -101.696 70 Arthur
41.543 -103.715 70 Banner
41.926  -99.983 70 Blaine
41.705  -98.063 70 Boone
42.213 -103.082 70 Box Butte
42.896  -98.772 70 Boyd
42.445  -99.934 70 Brown
40.855  -99.074 70 Buffalo
41.854  -96.321 70 Burt
41.222  -97.133 70 Butler
40.913  -96.139 70 Cass
42.598  -97.249 70 Cedar
40.530 -101.694 70 Chase
42.543 -101.119 70 Cherry
41.219 -102.987 70 Cheyenne
40.524  -98.051 70 Clay
41.576  -97.088 70 Colfax
41.916  -96.788 70 Cuming
41.394  -99.727 70 Custer
42.387  -96.563 70 Dakota
42.709 -103.136 70 Dawes
40.866  -99.815 70 Dawson
41.113 -102.332 70 Deuel
42.499  -96.868 70 Dixon
41.576  -96.645 70 Dodge
41.299  -96.147 70 Douglas
40.182 -101.690 70 Dundy
40.525  -97.596 70 Fillmore
40.183  -98.947 70 Franklin
40.527 -100.388 70 Frontier
40.173  -99.915 70 Furnas
40.265  -96.693 70 Gage
41.622 -102.344 70 Garden
41.894  -98.982 70 Garfield
40.504  -99.823 70 Gosper
41.917 -101.743 70 Grant
41.563  -98.515 70 Greeley
40.866  -98.502 70 Hall
40.877  -98.021 70 Hamilton
40.174  -99.399 70 Harlan
40.527 -101.060 70 Hayes
40.176 -101.040 70 Hitchcock
42.460  -98.784 70 Holt
41.888 -101.141 70 Hooker
41.219  -98.518 70 Howard
40.168  -97.146 70 Jefferson
40.396  -96.266 70 Johnson
40.506  -98.946 70 Kearney
41.197 -101.662 70 Keith
42.878  -99.719 70 Keya Paha
41.199 -103.711 70 Kimball
42.634  -97.881 70 Knox
40.784  -96.689 70 Lancaster
41.052 -100.745 70 Lincoln
41.556 -100.476 70 Logan
41.933  -99.447 70 Loup
41.570 -101.060 70 McPherson
41.922  -97.600 70 Madison
41.169  -98.030 70 Merrick
41.694 -103.013 70 Morrill
41.394  -97.994 70 Nance
40.387  -95.847 70 Nemaha
40.177  -98.046 70 Nuckolls
40.652  -96.136 70 Otoe
40.130  -96.240 70 Pawnee
40.842 -101.656 70 Perkins
40.509  -99.410 70 Phelps
42.271  -97.611 70 Pierce
41.568  -97.525 70 Platte
41.188  -97.571 70 Polk
40.176 -100.479 70 Red Willow
40.124  -95.718 70 Richardson
42.418  -99.454 70 Rock
40.531  -97.142 70 Saline
41.114  -96.110 70 Sarpy
41.226  -96.634 70 Saunders
41.850 -103.709 70 Scotts Bluff
40.872  -97.140 70 Seward
42.497 -102.434 70 Sheridan
41.222  -98.973 70 Sherman
42.481 -103.771 70 Sioux
41.922  -97.190 70 Stanton
40.176  -97.594 70 Thayer
41.918 -100.582 70 Thomas
42.157  -96.550 70 Thurston
41.570  -98.977 70 Valley
41.527  -96.223 70 Washington
42.214  -97.125 70 Wayne
40.178  -98.498 70 Webster
41.918  -98.525 70 Wheeler
40.872  -97.597 70 York
39.602 -118.341 70 Churchill
36.202 -115.023 70 Clark
38.916 -119.614 70 Douglas
41.131 -115.354 70 Elko
37.786 -117.632 70 Esmeralda
39.979 -116.270 70 Eureka
41.411 -118.117 70 Humboldt
39.946 -117.026 70 Lander
37.642 -114.875 70 Lincoln
39.013 -119.192 70 Lyon
38.542 -118.428 70 Mineral
38.050 -116.451 70 Nye
40.446 -118.403 70 Pershing
39.447 -119.535 70 Storey
40.634 -119.685 70 Washoe
39.435 -114.896 70 White Pine
39.148 -119.743 70 Carson City
43.519  -71.425 70 Belknap
43.870  -71.211 70 Carroll
42.921  -72.253 70 Cheshire
44.687  -71.302 70 Coos
43.933  -71.843 70 Grafton
42.915  -71.716 70 Hillsborough
43.290  -71.677 70 Merrimack
42.984  -71.089 70 Rockingham
43.296  -71.027 70 Strafford
43.361  -72.225 70 Sullivan
39.465  -74.637 70 Atlantic
40.959  -74.074 70 Bergen
39.876  -74.669 70 Burlington
39.801  -74.960 70 Camden
39.077  -74.859 70 Cape May
39.330  -75.133 70 Cumberland
40.787  -74.246 70 Essex
39.715  -75.140 70 Gloucester
40.732  -74.075 70 Hudson
40.570  -74.917 70 Hunterdon
40.282  -74.699 70 Mercer
40.439  -74.409 70 Middlesex
40.288  -74.154 70 Monmouth
40.865  -74.547 70 Morris
39.872  -74.250 70 Ocean
41.032  -74.300 70 Passaic
39.580  -75.362 70 Salem
40.564  -74.615 70 Somerset
41.142  -74.691 70 Sussex
40.660  -74.308 70 Union
40.855  -74.994 70 Warren
35.053 -106.670 70 Bernalillo
33.924 -108.417 70 Catron
33.363 -104.469 70 Chaves
34.920 -107.989 70 Cibola
36.606 -104.638 70 Colfax
34.572 -103.346 70 Curry
34.336 -104.416 70 DeBaca
32.345 -106.832 70 Dona Ana
32.466 -104.298 70 Eddy
32.729 -108.379 70 Grant
34.862 -104.785 70 Guadalupe
35.858 -103.817 70 Harding
31.916 -108.712 70 Hidalgo
32.796 -103.415 70 Lea
33.740 -105.456 70 Lincoln
35.865 -106.309 70 Los Alamos
32.181 -107.749 70 Luna
35.583 -108.260 70 McKinley
36.018 -104.940 70 Mora
32.623 -105.726 70 Otero
35.106 -103.552 70 Quay
36.509 -106.697 70 Rio Arriba
34.019 -103.480 70 Roosevelt
35.688 -106.848 70 Sandoval
36.513 -108.323 70 San Juan
35.470 -104.827 70 San Miguel
35.508 -105.978 70 Santa Fe
33.136 -107.186 70 Sierra
34.016 -106.934 70 Socorro
36.570 -105.630 70 Taos
34.640 -105.854 70 Torrance
36.476 -103.471 70 Union
34.717 -106.805 70 Valencia
42.603  -73.972 70 Albany
42.255  -78.022 70 Allegany
40.849  -73.853 70 Bronx
42.164  -75.820 70 Broome
42.241  -78.679 70 Cattaraugus
42.945  -76.561 70 Cayuga
42.302  -79.412 70 Chautauqua
42.141  -76.760 70 Chemung
42.495  -75.615 70 Chenango
44.740  -73.679 70 Clinton
42.251  -73.630 70 Columbia
42.599  -76.073 70 Cortland
42.201  -74.965 70 Delaware
41.764  -73.747 70 Dutchess
42.755  -78.785 70 Erie
44.113  -73.768 70 Essex
44.600  -74.309 70 Franklin
43.115  -74.424 70 Fulton
43.001  -78.195 70 Genesee
42.292  -74.129 70 Greene
43.655  -74.501 70 Hamilton
43.412  -74.959 70 Herkimer
43.994  -76.054 70 Jefferson
40.636  -73.951 70 Kings
43.786  -75.449 70 Lewis
42.727  -77.770 70 Livingston
42.912  -75.668 70 Madison
43.295  -77.689 70 Monroe
42.906  -74.437 70 Montgomery
40.733  -73.588 70 Nassau
40.774  -73.972 70 New York
43.324  -78.794 70 Niagara
43.241  -75.438 70 Oneida
43.007  -76.196 70 Onondaga
42.853  -77.295 70 Ontario
41.402  -74.306 70 Orange
43.368  -78.229 70 Orleans
43.466  -76.204 70 Oswego
42.634  -75.035 70 Otsego
41.431  -73.746 70 Putnam
40.656  -73.840 70 Queens
42.710  -73.514 70 Rensselaer
40.562  -74.140 70 Richmond
41.150  -74.027 70 Rockland
44.497  -75.073 70 St Lawrence
43.106  -73.868 70 Saratoga
42.815  -74.066 70 Schenectady
42.591  -74.439 70 Schoharie
42.390  -76.877 70 Schuyler
42.786  -76.829 70 Seneca
42.264  -77.385 70 Steuben
40.941  -72.679 70 Suffolk
41.715  -74.765 70 Sullivan
42.167  -76.303 70 Tioga
42.451  -76.475 70 Tompkins
41.889  -74.258 70 Ulster
43.563  -73.844 70 Warren
43.320  -73.431 70 Washington
43.283  -77.054 70 Wayne
41.154  -73.754 70 Westchester
42.699  -78.228 70 Wyoming
42.639  -77.105 70 Yates
36.044  -79.398 70 Alamance
35.922  -81.177 70 Alexander
36.494  -81.130 70 Alleghany
34.975  -80.102 70 Anson
36.433  -81.502 70 Ashe
36.079  -81.923 70 Avery
35.483  -76.845 70 Beaufort
36.059  -76.963 70 Bertie
34.619  -78.556 70 Bladen
34.039  -78.221 70 Brunswick
35.609  -82.530 70 Buncombe
35.747  -81.706 70 Burke
35.388  -80.551 70 Cabarrus
35.954  -81.547 70 Caldwell
36.337  -76.163 70 Camden
34.876  -76.504 70 Carteret
36.396  -79.335 70 Caswell
35.663  -81.214 70 Catawba
35.702  -79.258 70 Chatham
35.137  -84.064 70 Cherokee
36.131  -76.602 70 Chowan
35.058  -83.756 70 Clay
35.336  -81.556 70 Cleveland
34.260  -78.665 70 Columbus
35.120  -77.082 70 Craven
35.046  -78.829 70 Cumberland
36.364  -75.944 70 Currituck
35.690  -75.727 70 Dare
35.794  -80.212 70 Davidson
35.930  -80.543 70 Davie
34.936  -77.935 70 Duplin
36.038  -78.875 70 Durham
35.914  -77.596 70 Edgecombe
36.130  -80.257 70 Forsyth
36.079  -78.284 70 Franklin
35.296  -81.181 70 Gaston
36.442  -76.703 70 Gates
35.349  -83.833 70 Graham
36.305  -78.656 70 Granville
35.486  -77.684 70 Greene
36.079  -79.789 70 Guilford
36.256  -77.656 70 Halifax
35.371  -78.864 70 Harnett
35.553  -82.978 70 Haywood
35.337  -82.481 70 Henderson
36.358  -76.984 70 Hertford
35.021  -79.234 70 Hoke
35.406  -76.153 70 Hyde
35.809  -80.873 70 Iredell
35.288  -83.144 70 Jackson
35.519  -78.365 70 Johnston
35.012  -77.366 70 Jones
35.476  -79.172 70 Lee
35.242  -77.643 70 Lenoir
35.484  -81.223 70 Lincoln
35.682  -82.048 70 McDowell
35.150  -83.421 70 Macon
35.858  -82.712 70 Madison
35.843  -77.103 70 Martin
35.248  -80.833 70 Mecklenburg
36.014  -82.164 70 Mitchell
35.330  -79.903 70 Montgomery
35.309  -79.485 70 Moore
35.968  -77.988 70 Nash
34.182  -77.865 70 New Hanover
36.419  -77.398 70 Northampton
34.715  -77.413 70 Onslow
36.059  -79.118 70 Orange
35.150  -76.668 70 Pamlico
36.265  -76.262 70 Pasquotank
34.510  -77.887 70 Pender
36.181  -76.414 70 Perquimans
36.392  -78.977 70 Person
35.591  -77.377 70 Pitt
35.277  -82.166 70 Polk
35.711  -79.806 70 Randolph
35.003  -79.747 70 Richmond
34.640  -79.107 70 Robeson
36.395  -79.777 70 Rockingham
35.636  -80.523 70 Rowan
35.399  -81.920 70 Rutherford
34.991  -78.369 70 Sampson
34.841  -79.480 70 Scotland
35.312  -80.253 70 Stanly
36.409  -80.230 70 Stokes
36.415  -80.687 70 Surry
35.492  -83.492 70 Swain
35.198  -82.797 70 Transylvania
35.870  -76.165 70 Tyrrell
34.988  -80.533 70 Union
36.365  -78.405 70 Vance
35.790  -78.650 70 Wake
36.398  -78.097 70 Warren
35.837  -76.565 70 Washington
36.234  -81.697 70 Watauga
35.362  -78.005 70 Wayne
36.203  -81.166 70 Wilkes
35.705  -77.919 70 Wilson
36.158  -80.665 70 Yadkin
35.903  -82.310 70 Yancey
46.093 -102.534 70 Adams
46.932  -98.070 70 Barnes
48.072  -99.362 70 Benson
47.035 -103.367 70 Billings
48.792 -100.841 70 Bottineau
46.113 -103.519 70 Bowman
48.790 -102.519 70 Burke
46.977 -100.472 70 Burleigh
46.927  -97.252 70 Cass
48.768  -98.463 70 Cavalier
46.109  -98.494 70 Dickey
48.809 -103.487 70 Divide
47.358 -102.615 70 Dunn
47.723  -98.900 70 Eddy
46.285 -100.237 70 Emmons
47.460  -98.885 70 Foster
46.939 -103.844 70 Golden Valley
47.919  -97.454 70 Grand Forks
46.358 -101.639 70 Grant
47.464  -98.232 70 Griggs
46.431 -102.456 70 Hettinger
46.977  -99.779 70 Kidder
46.466  -98.530 70 LaMoure
46.450  -99.477 70 Logan
48.232 -100.637 70 McHenry
46.119  -99.439 70 McIntosh
47.733 -103.389 70 McKenzie
47.605 -101.315 70 McLean
47.302 -101.817 70 Mercer
46.720 -101.278 70 Morton
48.202 -102.366 70 Mountrail
47.922  -98.186 70 Nelson
47.113 -101.345 70 Oliver
48.768  -97.546 70 Pembina
48.249  -99.979 70 Pierce
48.252  -98.716 70 Ramsey
46.459  -97.664 70 Ransom
48.713 -101.658 70 Renville
46.265  -96.951 70 Richland
48.772  -99.839 70 Rolette
46.107  -97.629 70 Sargent
47.581 -100.341 70 Sheridan
46.108 -101.049 70 Sioux
46.453 -103.458 70 Slope
46.813 -102.664 70 Stark
47.458  -97.719 70 Steele
46.979  -98.955 70 Stutsman
48.688  -99.247 70 Towner
47.447  -97.166 70 Traill
48.373  -97.723 70 Walsh
48.224 -101.545 70 Ward
47.581  -99.671 70 Wells
48.347 -103.477 70 Williams
38.843  -83.478 70 Adams
40.770  -84.106 70 Allen
40.843  -82.272 70 Ashland
41.890  -80.756 70 Ashtabula
39.334  -82.046 70 Athens
40.561  -84.224 70 Auglaize
40.018  -80.987 70 Belmont
38.933  -83.867 70 Brown
39.438  -84.577 70 Butler
40.580  -81.091 70 Carroll
40.141  -83.768 70 Champaign
39.917  -83.784 70 Clark
39.052  -84.150 70 Clermont
39.411  -83.808 70 Clinton
40.769  -80.777 70 Columbiana
40.302  -81.915 70 Coshocton
40.849  -82.924 70 Crawford
41.536  -81.660 70 Cuyahoga
40.134  -84.622 70 Darke
41.321  -84.488 70 Defiance
40.278  -83.007 70 Delaware
41.513  -82.614 70 Erie
39.746  -82.628 70 Fairfield
39.565  -83.451 70 Fayette
39.970  -83.010 70 Franklin
41.597  -84.125 70 Fulton
38.825  -82.320 70 Gallia
41.499  -81.173 70 Geauga
39.695  -83.886 70 Greene
40.049  -81.496 70 Guernsey
39.196  -84.542 70 Hamilton
40.998  -83.665 70 Hancock
40.661  -83.664 70 Hardin
40.293  -81.093 70 Harrison
41.333  -84.069 70 Henry
39.184  -83.604 70 Highland
39.497  -82.476 70 Hocking
40.561  -81.929 70 Holmes
41.150  -82.602 70 Huron
39.021  -82.622 70 Jackson
40.383  -80.762 70 Jefferson
40.399  -82.422 70 Knox
41.816  -81.241 70 Lake
38.594  -82.536 70 Lawrence
40.091  -82.482 70 Licking
40.387  -83.770 70 Logan
41.466  -82.154 70 Lorain
41.678  -83.497 70 Lucas
39.897  -83.401 70 Madison
41.017  -80.773 70 Mahoning
40.586  -83.161 70 Marion
41.118  -81.901 70 Medina
39.076  -82.019 70 Meigs
40.542  -84.629 70 Mercer
40.054  -84.228 70 Miami
39.729  -81.080 70 Monroe
39.752  -84.290 70 Montgomery
39.613  -81.851 70 Morgan
40.526  -82.798 70 Morrow
39.966  -81.947 70 Muskingum
39.767  -81.453 70 Noble
41.593  -83.057 70 Ottawa
41.118  -84.577 70 Paulding
39.735  -82.236 70 Perry
39.640  -83.032 70 Pickaway
39.084  -83.072 70 Pike
41.171  -81.198 70 Portage
39.742  -84.652 70 Preble
41.022  -84.128 70 Putnam
40.775  -82.536 70 Richland
39.329  -83.060 70 Ross
41.357  -83.145 70 Sandusky
38.806  -82.987 70 Scioto
41.127  -83.126 70 Seneca
40.329  -84.205 70 Shelby
40.814  -81.366 70 Stark
41.130  -81.532 70 Summit
41.315  -80.755 70 Trumbull
40.446  -81.474 70 Tuscarawas
40.305  -83.375 70 Union
40.856  -84.586 70 Van Wert
39.250  -82.486 70 Vinton
39.430  -84.167 70 Warren
39.460  -81.494 70 Washington
40.830  -81.890 70 Wayne
41.565  -84.585 70 Williams
41.361  -83.622 70 Wood
40.848  -83.303 70 Wyandot
35.878  -94.658 70 Adair
36.731  -98.323 70 Alfalfa
34.379  -96.046 70 Atoka
36.753 -100.481 70 Beaver
35.265  -99.689 70 Beckham
35.877  -98.428 70 Blaine
33.970  -96.255 70 Bryan
35.182  -98.381 70 Caddo
35.539  -97.981 70 Canadian
34.249  -97.287 70 Carter
35.906  -94.999 70 Cherokee
34.027  -95.553 70 Choctaw
36.744 -102.516 70 Cimarron
35.201  -97.328 70 Cleveland
34.596  -96.301 70 Coal
34.656  -98.464 70 Comanche
34.285  -98.374 70 Cotton
36.760  -95.218 70 Craig
35.902  -96.372 70 Creek
35.636  -99.005 70 Custer
36.415  -94.802 70 Delaware
35.993  -98.996 70 Dewey
36.215  -99.750 70 Ellis
36.379  -97.785 70 Garfield
34.709  -97.311 70 Garvin
35.020  -97.887 70 Grady
36.799  -97.789 70 Grant
34.931  -99.558 70 Greer
34.742  -99.844 70 Harmon
36.783  -99.652 70 Harper
35.225  -95.111 70 Haskell
35.036  -96.256 70 Hughes
34.587  -99.410 70 Jackson
34.099  -97.840 70 Jefferson
34.315  -96.655 70 Johnston
36.815  -97.144 70 Kay
35.942  -97.943 70 Kingfisher
34.921  -98.981 70 Kiowa
34.870  -95.242 70 Latimer
34.903  -94.701 70 Le Flore
35.703  -96.881 70 Lincoln
35.912  -97.453 70 Logan
33.953  -97.249 70 Love
35.000  -97.440 70 McClain
34.113  -94.766 70 McCurtain
35.376  -95.666 70 McIntosh
36.311  -98.542 70 Major
34.025  -96.769 70 Marshall
36.300  -95.237 70 Mayes
34.486  -97.073 70 Murray
35.609  -95.379 70 Muskogee
36.389  -97.238 70 Noble
36.793  -95.620 70 Nowata
35.471  -96.326 70 Okfuskee
35.549  -97.415 70 Oklahoma
35.644  -95.966 70 Okmulgee
36.631  -96.396 70 Osage
36.844  -94.811 70 Ottawa
36.314  -96.697 70 Pawnee
36.078  -96.974 70 Payne
34.925  -95.749 70 Pittsburg
34.724  -96.694 70 Pontotoc
35.202  -96.945 70 Pottawatomie
34.415  -95.364 70 Pushmataha
35.687  -99.703 70 Roger Mills
36.366  -95.603 70 Rogers
35.173  -96.608 70 Seminole
35.498  -94.755 70 Sequoyah
34.478  -97.856 70 Stephens
36.752 -101.484 70 Texas
34.377  -98.920 70 Tillman
36.120  -95.941 70 Tulsa
35.959  -95.523 70 Wagoner
36.722  -95.904 70 Washington
35.290  -98.992 70 Washita
36.765  -98.861 70 Woods
36.421  -99.260 70 Woodward
44.712 -117.674 70 Baker
44.497 -123.428 70 Benton
45.193 -122.210 70 Clackamas
46.006 -123.711 70 Clatsop
45.946 -123.084 70 Columbia
43.184 -124.092 70 Coos
44.132 -120.359 70 Crook
42.473 -124.230 70 Curry
43.915 -121.224 70 Deschutes
43.287 -123.181 70 Douglas
45.383 -120.208 70 Gilliam
44.498 -119.003 70 Grant
43.071 -118.971 70 Harney
45.523 -121.640 70 Hood River
42.421 -122.737 70 Jackson
44.633 -121.171 70 Jefferson
42.362 -123.561 70 Josephine
42.685 -121.647 70 Klamath
42.792 -120.386 70 Lake
43.948 -122.876 70 Lane
44.642 -123.908 70 Lincoln
44.492 -122.527 70 Linn
43.206 -117.634 70 Malheur
44.909 -122.578 70 Marion
45.422 -119.567 70 Morrow
45.544 -122.414 70 Multnomah
44.906 -123.417 70 Polk
45.409 -120.687 70 Sherman
45.456 -123.758 70 Tillamook
45.594 -118.734 70 Umatilla
45.315 -118.011 70 Union
45.577 -117.173 70 Wallowa
45.163 -121.163 70 Wasco
45.555 -123.095 70 Washington
44.726 -120.023 70 Wheeler
45.227 -123.308 70 Yamhill
39.870  -77.218 70 Adams
40.469  -79.981 70 Allegheny
40.812  -79.464 70 Armstrong
40.686  -80.352 70 Beaver
40.010  -78.490 70 Bedford
40.416  -75.928 70 Berks
40.471  -78.351 70 Blair
41.793  -76.518 70 Bradford
40.338  -75.105 70 Bucks
40.909  -79.912 70 Butler
40.494  -78.715 70 Cambria
41.442  -78.205 70 Cameron
40.923  -75.702 70 Carbon
40.914  -77.818 70 Centre
39.967  -75.752 70 Chester
41.191  -79.423 70 Clarion
41.000  -78.474 70 Clearfield
41.241  -77.637 70 Clinton
41.051  -76.403 70 Columbia
41.684  -80.108 70 Crawford
40.170  -77.265 70 Cumberland
40.413  -76.787 70 Dauphin
39.917  -75.399 70 Delaware
41.419  -78.651 70 Elk
42.103  -80.104 70 Erie
39.921  -79.649 70 Fayette
41.521  -79.236 70 Forest
39.927  -77.724 70 Franklin
39.920  -78.109 70 Fulton
39.855  -80.222 70 Greene
40.414  -77.978 70 Huntingdon
40.652  -79.087 70 Indiana
41.127  -79.000 70 Jefferson
40.531  -77.402 70 Juniata
41.440  -75.610 70 Lackawanna
40.042  -76.250 70 Lancaster
40.992  -80.335 70 Lawrence
40.367  -76.457 70 Lebanon
40.614  -75.590 70 Lehigh
41.176  -75.991 70 Luzerne
41.346  -77.060 70 Lycoming
41.801  -78.566 70 Mc Kean
41.305  -80.253 70 Mercer
40.609  -77.618 70 Mifflin
41.057  -75.336 70 Monroe
40.209  -75.370 70 Montgomery
41.025  -76.662 70 Montour
40.753  -75.308 70 Northampton
40.850  -76.708 70 Northumberland
40.398  -77.266 70 Perry
40.007  -75.135 70 Philadelphia
41.330  -75.034 70 Pike
41.744  -77.900 70 Potter
40.705  -76.214 70 Schuylkill
40.771  -77.076 70 Snyder
39.974  -79.033 70 Somerset
41.447  -76.505 70 Sullivan
41.823  -75.800 70 Susquehanna
41.774  -77.254 70 Tioga
40.962  -77.065 70 Union
41.402  -79.763 70 Venango
41.815  -79.272 70 Warren
40.189  -80.248 70 Washington
41.650  -75.306 70 Wayne
40.309  -79.465 70 Westmoreland
41.520  -76.020 70 Wyoming
39.922  -76.727 70 York
41.705  -71.284 70 Bristol
41.673  -71.578 70 Kent
41.507  -71.267 70 Newport
41.867  -71.580 70 Providence
41.381  -71.614 70 Washington
34.227  -82.453 70 Abbeville
33.546  -81.639 70 Aiken
32.991  -81.355 70 Allendale
34.520  -82.638 70 Anderson
33.219  -81.051 70 Bamberg
33.264  -81.437 70 Barnwell
32.353  -80.694 70 Beaufort
33.195  -79.950 70 Berkeley
33.675  -80.781 70 Calhoun
32.820  -79.896 70 Charleston
35.048  -81.623 70 Cherokee
34.692  -81.159 70 Chester
34.638  -80.159 70 Chesterfield
33.665  -80.218 70 Clarendon
32.844  -80.652 70 Colleton
34.332  -79.955 70 Darlington
34.390  -79.376 70 Dillon
33.081  -80.404 70 Dorchester
33.770  -81.971 70 Edgefield
34.396  -81.126 70 Fairfield
34.024  -79.707 70 Florence
33.414  -79.296 70 Georgetown
34.893  -82.371 70 Greenville
34.156  -82.129 70 Greenwood
32.779  -81.143 70 Hampton
33.910  -78.976 70 Horry
32.435  -81.024 70 Jasper
34.339  -80.588 70 Kershaw
34.687  -80.704 70 Lancaster
34.484  -82.005 70 Laurens
34.158  -80.253 70 Lee
33.899  -81.270 70 Lexington
33.899  -82.305 70 McCormick
34.081  -79.362 70 Marion
34.602  -79.678 70 Marlboro
34.289  -81.600 70 Newberry
34.754  -83.067 70 Oconee
33.442  -80.799 70 Orangeburg
34.889  -82.724 70 Pickens
34.031  -80.907 70 Richland
34.005  -81.728 70 Saluda
34.932  -81.991 70 Spartanburg
33.916  -80.382 70 Sumter
34.693  -81.617 70 Union
33.617  -79.728 70 Williamsburg
34.970  -81.183 70 York
43.717  -98.567 70 Aurora
44.412  -98.278 70 Beadle
43.184 -101.660 70 Bennett
42.993  -97.883 70 Bon Homme
44.366  -96.793 70 Brookings
45.597  -98.353 70 Brown
43.718  -99.065 70 Brule
44.084  -99.201 70 Buffalo
44.909 -103.491 70 Butte
45.761 -100.048 70 Campbell
43.206  -98.595 70 Charles Mix
44.860  -97.727 70 Clark
42.917  -96.974 70 Clay
44.976  -97.179 70 Codington
45.721 -101.184 70 Corson
43.680 -103.457 70 Custer
43.681  -98.156 70 Davison
45.369  -97.605 70 Day
44.761  -96.669 70 Deuel
45.159 -100.875 70 Dewey
43.391  -98.358 70 Douglas
45.413  -99.210 70 Edmunds
43.245 -103.516 70 Fall River
45.069  -99.150 70 Faulk
45.173  -96.772 70 Grant
43.198  -99.178 70 Gregory
44.302 -101.532 70 Haakon
44.681  -97.195 70 Hamlin
44.547  -99.004 70 Hand
43.665  -97.789 70 Hanson
45.591 -103.498 70 Harding
44.393  -99.987 70 Hughes
43.335  -97.748 70 Hutchinson
44.555  -99.482 70 Hyde
43.697 -101.636 70 Jackson
44.062  -98.622 70 Jerauld
43.952 -100.686 70 Jones
44.369  -97.490 70 Kingsbury
44.020  -97.122 70 Lake
44.364 -103.791 70 Lawrence
43.279  -96.722 70 Lincoln
43.900  -99.850 70 Lyman
43.670  -97.362 70 McCook
45.765  -99.224 70 McPherson
45.763  -97.602 70 Marshall
44.566 -102.713 70 Meade
43.580 -100.761 70 Mellette
44.023  -97.610 70 Miner
43.681  -96.786 70 Minnehaha
44.023  -96.672 70 Moody
44.007 -102.820 70 Pennington
45.496 -102.483 70 Perkins
45.064  -99.950 70 Potter
45.624  -96.948 70 Roberts
44.025  -98.090 70 Sanborn
43.332 -102.547 70 Shannon
44.940  -98.347 70 Spink
44.400 -100.748 70 Stanley
44.715 -100.131 70 Sully
43.180 -100.729 70 Todd
43.342  -99.884 70 Tripp
43.310  -97.151 70 Turner
42.832  -96.652 70 Union
45.428 -100.027 70 Walworth
43.009  -97.387 70 Yankton
44.982 -101.669 70 Ziebach
36.113  -84.197 70 Anderson
35.514  -86.458 70 Bedford
36.069  -88.072 70 Benton
35.599  -85.207 70 Bledsoe
35.687  -83.926 70 Blount
35.154  -84.860 70 Bradley
36.406  -84.146 70 Campbell
35.810  -86.063 70 Cannon
35.976  -88.452 70 Carroll
36.296  -82.129 70 Carter
36.267  -87.080 70 Cheatham
35.425  -88.609 70 Chester
36.484  -83.662 70 Claiborne
36.554  -85.543 70 Clay
35.926  -83.120 70 Cocke
35.492  -86.075 70 Coffee
35.810  -89.133 70 Crockett
35.951  -84.997 70 Cumberland
36.169  -86.785 70 Davidson
35.605  -88.106 70 Decatur
35.979  -85.833 70 DeKalb
36.154  -87.362 70 Dickson
36.057  -89.412 70 Dyer
35.189  -89.413 70 Fayette
36.384  -84.928 70 Fentress
35.152  -86.097 70 Franklin
35.999  -88.930 70 Gibson
35.202  -87.036 70 Giles
36.277  -83.511 70 Grainger
36.173  -82.846 70 Greene
35.392  -85.720 70 Grundy
36.218  -83.266 70 Hamblen
35.182  -85.168 70 Hamilton
36.526  -83.220 70 Hancock
35.203  -88.997 70 Hardeman
35.195  -88.186 70 Hardin
36.436  -82.949 70 Hawkins
35.580  -89.286 70 Haywood
35.655  -88.386 70 Henderson
36.327  -88.299 70 Henry
35.800  -87.474 70 Hickman
36.283  -87.714 70 Houston
36.033  -87.773 70 Humphreys
36.355  -85.670 70 Jackson
36.050  -83.447 70 Jefferson
36.458  -81.859 70 Johnson
35.993  -83.937 70 Knox
36.341  -89.492 70 Lake
35.757  -89.635 70 Lauderdale
35.224  -87.393 70 Lawrence
35.522  -87.495 70 Lewis
35.141  -86.588 70 Lincoln
35.734  -84.312 70 Loudon
35.425  -84.618 70 McMinn
35.175  -88.564 70 McNairy
36.529  -86.005 70 Macon
35.608  -88.839 70 Madison
35.128  -85.610 70 Marion
35.467  -86.767 70 Marshall
35.616  -87.076 70 Maury
35.515  -84.810 70 Meigs
35.448  -84.251 70 Monroe
36.495  -87.382 70 Montgomery
35.284  -86.357 70 Moore
36.131  -84.642 70 Morgan
36.361  -89.147 70 Obion
36.344  -85.285 70 Overton
35.636  -87.868 70 Perry
36.558  -85.079 70 Pickett
35.126  -84.516 70 Polk
36.140  -85.496 70 Putnam
35.609  -84.918 70 Rhea
35.847  -84.523 70 Roane
36.525  -86.870 70 Robertson
35.843  -86.417 70 Rutherford
36.433  -84.514 70 Scott
35.370  -85.412 70 Sequatchie
35.783  -83.521 70 Sevier
35.184  -89.892 70 Shelby
36.249  -85.957 70 Smith
36.500  -87.838 70 Stewart
36.515  -82.300 70 Sullivan
36.468  -86.456 70 Sumner
35.492  -89.757 70 Tipton
36.393  -86.156 70 Trousdale
36.103  -82.428 70 Unicoi
36.282  -83.839 70 Union
35.693  -85.462 70 Van Buren
35.678  -85.777 70 Warren
36.294  -82.497 70 Washington
35.236  -87.787 70 Wayne
36.295  -88.717 70 Weakley
35.927  -85.455 70 White
35.894  -86.899 70 Williamson
36.158  -86.299 70 Wilson
31.812  -95.647 70 Anderson
32.299 -102.639 70 Andrews
31.256  -94.607 70 Angelina
28.096  -96.988 70 Aransas
33.614  -98.691 70 Archer
34.966 -101.353 70 Armstrong
28.890  -98.528 70 Atascosa
29.883  -96.277 70 Austin
34.067 -102.830 70 Bailey
29.736  -99.231 70 Bandera
30.104  -97.312 70 Bastrop
33.627  -99.216 70 Baylor
28.417  -97.740 70 Bee
31.037  -97.476 70 Bell
29.449  -98.520 70 Bexar
30.267  -98.399 70 Blanco
32.739 -101.426 70 Borden
31.902  -97.629 70 Bosque
33.446  -94.423 70 Bowie
29.169  -95.435 70 Brazoria
30.662  -96.301 70 Brazos
29.807 -103.246 70 Brewster
34.526 -101.207 70 Briscoe
27.042  -98.212 70 Brooks
31.772  -98.998 70 Brown
30.493  -96.621 70 Burleson
30.784  -98.185 70 Burnet
29.837  -97.614 70 Caldwell
28.436  -96.605 70 Calhoun
32.292  -99.371 70 Callahan
26.149  -97.449 70 Cameron
32.973  -94.979 70 Camp
35.405 -101.355 70 Carson
33.071  -94.346 70 Cass
34.534 -102.257 70 Castro
29.704  -94.679 70 Chambers
31.835  -95.167 70 Cherokee
34.536 -100.202 70 Childress
33.790  -98.205 70 Clay
33.604 -102.831 70 Cochran
31.884 -100.531 70 Coke
31.773  -99.454 70 Coleman
33.185  -96.578 70 Collin
34.967 -100.270 70 Collingsworth
29.622  -96.519 70 Colorado
29.811  -98.284 70 Comal
31.951  -98.558 70 Comanche
31.332  -99.864 70 Concho
33.638  -97.213 70 Cooke
31.391  -97.798 70 Coryell
34.081 -100.275 70 Cottle
31.411 -102.521 70 Crane
30.732 -101.409 70 Crockett
33.613 -101.298 70 Crosby
31.445 -104.524 70 Culberson
36.287 -102.594 70 Dallam
32.767  -96.778 70 Dallas
32.742 -101.947 70 Dawson
34.973 -102.602 70 Deaf Smith
33.387  -95.674 70 Delta
33.204  -97.118 70 Denton
29.081  -97.355 70 DeWitt
33.620 -100.779 70 Dickens
28.424  -99.749 70 Dimmit
34.962 -100.811 70 Donley
27.683  -98.524 70 Duval
32.331  -98.828 70 Eastland
31.865 -102.542 70 Ector
29.971 -100.300 70 Edwards
32.350  -96.793 70 Ellis
31.769 -106.241 70 El Paso
32.234  -98.216 70 Erath
31.258  -96.932 70 Falls
33.588  -96.105 70 Fannin
29.865  -96.926 70 Fayette
32.741 -100.399 70 Fisher
34.074 -101.303 70 Floyd
33.981  -99.778 70 Foard
29.533  -95.774 70 Fort Bend
33.176  -95.219 70 Franklin
31.702  -96.148 70 Freestone
28.865  -99.108 70 Frio
32.740 -102.640 70 Gaines
29.380  -94.858 70 Galveston
33.181 -101.300 70 Garza
30.313  -98.950 70 Gillespie
31.867 -101.532 70 Glasscock
28.652  -97.425 70 Goliad
29.451  -97.494 70 Gonzales
35.409 -100.815 70 Gray
33.624  -96.676 70 Grayson
32.485  -94.811 70 Gregg
30.549  -95.979 70 Grimes
29.583  -97.948 70 Guadalupe
34.074 -101.826 70 Hale
34.521 -100.693 70 Hall
31.703  -98.110 70 Hamilton
36.279 -101.352 70 Hansford
34.290  -99.745 70 Hardeman
30.336  -94.393 70 Hardin
29.857  -95.393 70 Harris
32.548  -94.371 70 Harrison
35.841 -102.608 70 Hartley
33.179  -99.730 70 Haskell
30.058  -98.030 70 Hays
35.834 -100.280 70 Hemphill
32.210  -95.852 70 Henderson
26.396  -98.185 70 Hidalgo
31.993  -97.132 70 Hill
33.606 -102.343 70 Hockley
32.434  -97.835 70 Hood
33.149  -95.562 70 Hopkins
31.318  -95.429 70 Houston
32.309 -101.439 70 Howard
31.452 -105.374 70 Hudspeth
33.123  -96.085 70 Hunt
35.837 -101.361 70 Hutchinson
31.303 -100.980 70 Irion
33.236  -98.176 70 Jack
28.944  -96.576 70 Jackson
30.741  -94.027 70 Jasper
30.716 -104.135 70 Jeff Davis
29.860  -94.140 70 Jefferson
27.049  -98.678 70 Jim Hogg
27.733  -98.090 70 Jim Wells
32.378  -97.365 70 Johnson
32.739  -99.882 70 Jones
28.905  -97.864 70 Karnes
32.597  -96.284 70 Kaufman
29.950  -98.704 70 Kendall
26.926  -97.616 70 Kenedy
33.186 -100.771 70 Kent
30.062  -99.349 70 Kerr
30.491  -99.750 70 Kimble
33.614 -100.252 70 King
29.352 -100.418 70 Kinney
27.427  -97.662 70 Kleberg
33.609  -99.743 70 Knox
33.667  -95.570 70 Lamar
34.069 -102.348 70 Lamb
31.194  -98.240 70 Lampasas
28.344  -99.100 70 La Salle
29.384  -96.938 70 Lavaca
30.307  -96.956 70 Lee
31.300  -96.000 70 Leon
30.149  -94.812 70 Liberty
31.545  -96.583 70 Limestone
36.276 -100.272 70 Lipscomb
28.351  -98.127 70 Live Oak
30.705  -98.685 70 Llano
31.845 -103.567 70 Loving
33.612 -101.820 70 Lubbock
33.178 -101.816 70 Lynn
31.197  -99.347 70 McCulloch
31.551  -97.201 70 McLennan
28.346  -98.567 70 McMullen
30.967  -95.930 70 Madison
32.798  -94.357 70 Marion
32.303 -101.961 70 Martin
30.718  -99.220 70 Mason
28.784  -95.998 70 Matagorda
28.747 -100.321 70 Maverick
29.354  -99.110 70 Medina
30.898  -99.823 70 Menard
31.889 -102.020 70 Midland
30.789  -96.975 70 Milam
31.496  -98.594 70 Mills
32.302 -100.923 70 Mitchell
33.672  -97.725 70 Montague
30.300  -95.502 70 Montgomery
35.836 -101.890 70 Moore
33.118  -94.731 70 Morris
34.085 -100.789 70 Motley
31.612  -94.614 70 Nacogdoches
32.049  -96.474 70 Navarro
30.782  -93.747 70 Newton
32.308 -100.399 70 Nolan
27.737  -97.521 70 Nueces
36.279 -100.815 70 Ochiltree
35.399 -102.596 70 Oldham
30.126  -93.894 70 Orange
32.748  -98.306 70 Palo Pinto
32.163  -94.307 70 Panola
32.778  -97.806 70 Parker
34.528 -102.779 70 Parmer
30.781 -102.723 70 Pecos
30.798  -94.830 70 Polk
35.397 -101.895 70 Potter
29.998 -104.229 70 Presidio
32.870  -95.796 70 Rains
34.968 -101.900 70 Randall
31.359 -101.524 70 Reagan
29.841  -99.807 70 Real
33.618  -95.051 70 Red River
31.321 -103.683 70 Reeves
28.321  -97.169 70 Refugio
35.833 -100.806 70 Roberts
31.027  -96.514 70 Robertson
32.893  -96.409 70 Rockwall
31.833  -99.968 70 Runnels
32.105  -94.757 70 Rusk
31.343  -93.850 70 Sabine
31.397  -94.180 70 San Augustine
30.575  -95.163 70 San Jacinto
28.005  -97.522 70 San Patricio
31.155  -98.815 70 San Saba
30.900 -100.539 70 Schleicher
32.746 -100.917 70 Scurry
32.730  -99.355 70 Shackelford
31.792  -94.142 70 Shelby
36.280 -101.893 70 Sherman
32.375  -95.271 70 Smith
32.222  -97.771 70 Somervell
26.575  -98.733 70 Starr
32.738  -98.839 70 Stephens
31.824 -101.045 70 Sterling
33.178 -100.252 70 Stonewall
30.496 -100.541 70 Sutton
34.530 -101.732 70 Swisher
32.770  -97.293 70 Tarrant
32.311  -99.881 70 Taylor
30.226 -102.067 70 Terrell
33.171 -102.339 70 Terry
33.184  -99.215 70 Throckmorton
33.218  -94.968 70 Titus
31.410 -100.457 70 Tom Green
30.333  -97.779 70 Travis
31.093  -95.125 70 Trinity
30.769  -94.379 70 Tyler
32.735  -94.941 70 Upshur
31.364 -102.042 70 Upton
29.350  -99.761 70 Uvalde
29.894 -101.151 70 Val Verde
32.558  -95.835 70 Van Zandt
28.796  -96.971 70 Victoria
30.738  -95.574 70 Walker
30.013  -95.982 70 Waller
31.511 -103.102 70 Ward
30.214  -96.405 70 Washington
27.770  -99.327 70 Webb
29.277  -96.217 70 Wharton
35.397 -100.267 70 Wheeler
33.990  -98.708 70 Wichita
34.084  -99.242 70 Wilbarger
26.494  -97.598 70 Willacy
30.644  -97.598 70 Williamson
29.174  -98.086 70 Wilson
31.860 -103.047 70 Winkler
33.215  -97.653 70 Wise
32.782  -95.382 70 Wood
33.175 -102.824 70 Yoakum
33.177  -98.698 70 Young
27.000  -99.183 70 Zapata
28.864  -99.760 70 Zavala
38.341 -113.229 70 Beaver
41.515 -113.097 70 Box Elder
41.691 -111.749 70 Cache
39.644 -110.583 70 Carbon
40.890 -109.505 70 Daggett
41.015 -112.123 70 Davis
40.282 -110.435 70 Duchesne
38.990 -110.690 70 Emery
37.874 -111.439 70 Garfield
38.994 -109.559 70 Grand
37.857 -113.277 70 Iron
39.711 -112.796 70 Juab
37.293 -111.894 70 Kane
39.047 -113.105 70 Millard
41.081 -111.579 70 Morgan
38.336 -112.130 70 Piute
41.619 -111.239 70 Rich
40.671 -111.925 70 Salt Lake
37.631 -109.805 70 San Juan
39.373 -111.575 70 Sanpete
38.747 -111.797 70 Sevier
40.884 -110.966 70 Summit
40.445 -113.182 70 Tooele
40.126 -109.518 70 Uintah
40.117 -111.670 70 Utah
40.333 -111.159 70 Wasatch
37.278 -113.517 70 Washington
38.364 -110.897 70 Wayne
41.296 -111.917 70 Weber
44.031  -73.143 70 Addison
43.029  -73.108 70 Bennington
44.460  -72.099 70 Caledonia
44.467  -73.078 70 Chittenden
44.732  -71.721 70 Essex
44.856  -72.923 70 Franklin
44.797  -73.291 70 Grand Isle
44.607  -72.646 70 Lamoille
44.008  -72.382 70 Orange
44.829  -72.251 70 Orleans
43.574  -73.035 70 Rutland
44.270  -72.621 70 Washington
42.986  -72.718 70 Windham
43.571  -72.570 70 Windsor
37.762  -75.764 70 Accomack
38.026  -78.556 70 Albemarle
37.784  -80.013 70 Alleghany
37.337  -77.977 70 Amelia
37.611  -79.142 70 Amherst
37.370  -78.810 70 Appomattox
38.879  -77.102 70 Arlington
38.172  -79.133 70 Augusta
38.059  -79.736 70 Bath
37.312  -79.529 70 Bedford
37.132  -81.127 70 Bland
37.552  -79.805 70 Botetourt
36.764  -77.859 70 Brunswick
37.267  -82.036 70 Buchanan
37.569  -78.525 70 Buckingham
37.212  -79.091 70 Campbell
38.026  -77.348 70 Caroline
36.735  -80.734 70 Carroll
37.352  -77.061 40 Charles City
37.008  -78.662 70 Charlotte
37.378  -77.588 70 Chesterfield
39.116  -77.997 70 Clarke
37.487  -80.216 70 Craig
38.486  -77.957 70 Culpeper
37.515  -78.239 70 Cumberland
37.117  -82.351 70 Dickenson
37.076  -77.630 70 Dinwiddie
37.944  -76.951 70 Essex
38.834  -77.276 70 Fairfax
38.741  -77.809 70 Fauquier
36.936  -80.363 70 Floyd
37.844  -78.279 70 Fluvanna
36.993  -79.881 70 Franklin
39.206  -78.263 70 Frederick
37.319  -80.698 70 Giles
37.403  -76.523 70 Gloucester
37.718  -77.926 70 Goochland
36.653  -81.229 70 Grayson
38.298  -78.471 70 Greene
36.675  -77.562 70 Greensville
36.767  -78.938 70 Halifax
37.760  -77.491 70 Hanover
37.551  -77.404 70 Henrico
36.671  -79.884 70 Henry
38.350  -79.556 70 Highland
36.907  -76.711 70 Isle of Wight
37.312  -76.771 40 James City
37.720  -76.902 70 King and Queen
38.265  -77.155 70 King George
37.703  -77.097 70 King William
37.708  -76.411 70 Lancaster
36.707  -83.129 70 Lee
39.093  -77.637 70 Loudoun
37.987  -77.957 70 Louisa
36.947  -78.241 70 Lunenburg
38.409  -78.281 70 Madison
37.419  -76.279 70 Mathews
36.684  -78.365 70 Mecklenburg
37.611  -76.507 70 Middlesex
37.171  -80.394 70 Montgomery
37.792  -78.884 70 Nelson
37.506  -76.998 70 New Kent
37.301  -75.926 70 Northampton
37.858  -76.379 70 Northumberland
37.141  -78.055 70 Nottoway
38.240  -78.012 70 Orange
38.614  -78.482 70 Page
36.682  -80.285 70 Patrick
36.820  -79.397 70 Pittsylvania
37.546  -77.916 70 Powhatan
37.218  -78.443 70 Prince Edward
37.187  -77.221 70 Prince George
38.704  -77.478 70 Prince William
37.063  -80.714 70 Pulaski
38.687  -78.169 70 Rappahannock
37.939  -76.724 70 Richmond
37.269  -80.079 70 Roanoke
37.815  -79.446 70 Rockbridge
38.515  -78.876 70 Rockingham
36.938  -82.095 70 Russell
36.719  -82.601 70 Scott
38.862  -78.568 70 Shenandoah
36.845  -81.534 70 Smyth
36.724  -77.107 70 Southampton
38.180  -77.651 70 Spotsylvania
38.413  -77.453 70 Stafford
37.120  -76.891 70 Surry
36.926  -77.259 70 Sussex
37.126  -81.563 70 Tazewell
38.908  -78.207 70 Warren
36.724  -81.961 70 Washington
38.114  -76.804 70 Westmoreland
36.975  -82.622 70 Wise
36.921  -81.085 70 Wythe
37.224  -76.439 70 York
38.821  -77.086 40 Alexandria city
37.338  -79.521 40 Bedford city
36.613  -82.168 40 Bristol city
37.732  -79.357 40 Buena Vista city
38.037  -78.486 40 Charlottesville city
36.679  -76.309 40 Chesapeake city
37.823  -79.826 40 Clifton Forge city
37.264  -77.399 40 Colonial Heights city
37.778  -79.990 40 Covington city
36.583  -79.408 40 Danville city
36.695  -77.537 40 Emporia city
38.854  -77.298 40 Fairfax city
38.885  -77.175 40 Falls Church city
36.681  -76.936 40 Franklin city
38.299  -77.487 40 Fredericksburg city
36.665  -80.918 40 Galax city
37.050  -76.295 40 Hampton city
38.437  -78.874 40 Harrisonburg city
37.291  -77.298 40 Hopewell city
37.782  -79.445 40 Lexington city
37.401  -79.191 40 Lynchburg city
38.747  -77.485 40 Manassas city
38.773  -77.452 40 Manassas Park city
36.683  -79.864 40 Martinsville city
37.076  -76.514 40 Newport News city
36.923  -76.245 40 Norfolk city
36.931  -82.626 40 Norton city
37.204  -77.393 40 Petersburg city
37.153  -76.290 40 Poquoson city
36.856  -76.356 40 Portsmouth city
37.124  -80.559 40 Radford city
37.531  -77.475 40 Richmond city
37.278  -79.958 40 Roanoke city
37.287  -80.056 40 Salem city
36.708  -78.906 40 South Boston city
38.159  -79.062 40 Staunton city
36.703  -76.638 40 Suffolk city
36.770  -76.015 40 Virginia Beach city
38.070  -78.903 40 Waynesboro city
37.270  -76.707 40 Williamsburg city
39.174  -78.175 40 Winchester city
46.989 -118.557 70 Adams
46.182 -117.185 70 Asotin
46.248 -119.502 70 Benton
47.877 -120.641 70 Chelan
48.110 -123.931 70 Clallam
45.774 -122.484 70 Clark
46.302 -117.915 70 Columbia
46.191 -122.682 70 Cowlitz
47.740 -119.695 70 Douglas
48.470 -118.509 70 Ferry
46.537 -118.905 70 Franklin
46.434 -117.535 70 Garfield
47.208 -119.466 70 Grant
47.147 -123.829 70 Grays Harbor
48.154 -122.576 70 Island
47.844 -123.576 70 Jefferson
47.475 -121.844 70 King
47.640 -122.647 70 Kitsap
47.124 -120.676 70 Kittitas
45.874 -120.789 70 Klickitat
46.578 -122.398 70 Lewis
47.572 -118.414 70 Lincoln
47.351 -123.185 70 Mason
48.550 -119.746 70 Okanogan
46.561 -123.781 70 Pacific
48.535 -117.282 70 Pend Oreille
47.048 -122.113 70 Pierce
48.570 -122.973 70 San Juan
48.477 -121.782 70 Skagit
46.026 -121.914 70 Skamania
48.044 -121.714 70 Snohomish
47.620 -117.403 70 Spokane
48.397 -117.853 70 Stevens
46.925 -122.828 70 Thurston
46.293 -123.428 70 Wahkiakum
46.226 -118.478 70 Walla Walla
48.834 -121.900 70 Whatcom
46.887 -117.519 70 Whitman
46.456 -120.739 70 Yakima
39.130  -79.998 70 Barbour
39.467  -78.026 70 Berkeley
38.021  -81.720 70 Boone
38.703  -80.731 70 Braxton
40.270  -80.584 70 Brooke
38.418  -82.242 70 Cabell
38.844  -81.118 70 Calhoun
38.460  -81.075 70 Clay
39.260  -80.701 70 Doddridge
38.031  -81.087 70 Fayette
38.918  -80.854 70 Gilmer
39.102  -79.197 70 Grant
37.950  -80.450 70 Greenbrier
39.314  -78.613 70 Hampshire
40.521  -80.581 70 Hancock
39.005  -78.863 70 Hardy
39.287  -80.383 70 Harrison
38.833  -81.672 70 Jackson
39.307  -77.864 70 Jefferson
38.342  -81.526 70 Kanawha
38.996  -80.506 70 Lewis
38.178  -82.071 70 Lincoln
37.826  -81.939 70 Logan
37.372  -81.648 70 McDowell
39.512  -80.243 70 Marion
39.872  -80.672 70 Marshall
38.773  -82.022 70 Mason
37.406  -81.114 70 Mercer
39.415  -78.942 70 Mineral
37.728  -82.136 70 Mingo
39.626  -80.051 70 Monongalia
37.561  -80.544 70 Monroe
39.562  -78.261 70 Morgan
38.290  -80.796 70 Nicholas
40.097  -80.617 70 Ohio
38.684  -79.356 70 Pendleton
39.371  -81.163 70 Pleasants
38.322  -80.008 70 Pocahontas
39.469  -79.668 70 Preston
38.509  -81.906 70 Putnam
37.776  -81.256 70 Raleigh
38.780  -79.868 70 Randolph
39.178  -81.066 70 Ritchie
38.715  -81.358 70 Roane
37.657  -80.857 70 Summers
39.340  -80.048 70 Taylor
39.104  -79.567 70 Tucker
39.465  -80.879 70 Tyler
38.901  -80.232 70 Upshur
38.150  -82.433 70 Wayne
38.495  -80.435 70 Webster
39.610  -80.641 70 Wetzel
39.019  -81.385 70 Wirt
39.213  -81.514 70 Wood
37.610  -81.541 70 Wyoming
43.967  -89.773 70 Adams
46.708  -90.558 70 Ashland
45.418  -91.853 70 Barron
46.631  -91.183 70 Bayfield
44.475  -87.994 70 Brown
44.379  -91.752 70 Buffalo
45.866  -92.368 70 Burnett
44.078  -88.222 70 Calumet
45.068  -91.282 70 Chippewa
44.731  -90.610 70 Clark
43.471  -89.330 70 Columbia
43.233  -90.931 70 Crawford
43.067  -89.418 70 Dane
43.416  -88.708 70 Dodge
45.021  -87.010 70 Door
46.451  -91.906 70 Douglas
44.948  -91.898 70 Dunn
44.727  -91.287 70 Eau Claire
45.851  -88.399 70 Florence
43.755  -88.491 70 Fond du Lac
45.668  -88.777 70 Forest
42.863  -90.708 70 Grant
42.682  -89.602 70 Green
43.808  -89.044 70 Green Lake
42.998  -90.134 70 Iowa
46.326  -90.262 70 Iron
44.315  -90.808 70 Jackson
43.020  -88.780 70 Jefferson
43.923  -90.112 70 Juneau
42.582  -87.806 70 Kenosha
44.589  -87.440 70 Kewaunee
43.908  -91.110 70 La Crosse
42.659  -90.135 70 Lafayette
45.256  -89.071 70 Langlade
45.330  -89.732 70 Lincoln
44.145  -87.553 70 Manitowoc
44.898  -89.758 70 Marathon
45.343  -88.001 70 Marinette
43.818  -89.394 70 Marquette
45.019  -88.700 70 Menominee
42.976  -87.671 70 Milwaukee
43.945  -90.620 70 Monroe
44.994  -88.229 70 Oconto
45.705  -89.524 70 Oneida
44.412  -88.462 70 Outagamie
43.250  -87.502 70 Ozaukee
44.597  -92.001 70 Pepin
44.716  -92.423 70 Pierce
45.460  -92.443 70 Polk
44.476  -89.498 70 Portage
45.680  -90.361 70 Price
42.785  -87.755 70 Racine
43.377  -90.427 70 Richland
42.672  -89.068 70 Rock
45.475  -91.135 70 Rusk
45.039  -92.447 70 St Croix
43.427  -89.944 70 Sauk
45.899  -91.142 70 Sawyer
44.790  -88.756 70 Shawano
43.716  -87.663 70 Sheboygan
45.211  -90.505 70 Taylor
44.305  -91.352 70 Trempealeau
43.593  -90.833 70 Vernon
46.053  -89.513 70 Vilas
42.668  -88.542 70 Walworth
45.900  -91.791 70 Washburn
43.367  -88.231 70 Washington
43.018  -88.306 70 Waukesha
44.479  -88.966 70 Waupaca
44.113  -89.238 70 Waushara
44.062  -88.643 70 Winnebago
44.451  -90.042 70 Wood
41.649 -105.744 70 Albany
44.526 -107.987 70 Big Horn
44.240 -105.549 70 Campbell
41.691 -106.930 70 Carbon
42.975 -105.504 70 Converse
44.590 -104.564 70 Crook
43.028 -108.629 70 Fremont
42.089 -104.355 70 Goshen
43.714 -108.444 70 Hot Springs
44.040 -106.587 70 Johnson
41.315 -104.686 70 Laramie
42.260 -110.703 70 Lincoln
42.965 -106.805 70 Natrona
43.051 -104.473 70 Niobrara
44.493 -109.563 70 Park
42.129 -104.961 70 Platte
44.794 -106.882 70 Sheridan
42.761 -109.920 70 Sublette
41.658 -108.894 70 Sweetwater
43.923 -110.574 70 Teton
41.286 -110.547 70 Uinta
43.907 -107.684 70 Washakie
43.836 -104.563 70 Weston
