 34.14  -111.20    60  0E4     
 42.03  -124.25    60  4BK     
 38.22  -110.43    60  4HV     
 47.27  -123.70    60  ABEW1   
 37.90  -122.54    60  ACMC1   
 34.00  -112.10    60  AFRA3   
 35.17  -112.42    60  ASFA3   
 46.16  -123.88    60  AST     
 42.57  -110.36    60  BBSW4   
 34.34  -113.10    60  BDDA3   
 42.39  -109.16    60  BGSW4   
 34.24  -116.98    60  BIGC1   
 37.37  -118.36    60  BIH     
 31.26  -109.55    60  BISA3   
 38.38  -120.20    60  BLSC1   
 39.77  -107.35    60  BLSC2   
 39.28  -120.70    60  BLUC1   
 37.09  -122.07    60  BNDC1   
 43.59  -118.95    60  BNO     
 43.57  -116.21    60  BOI     
 48.70  -116.32    60  BONI1   
 45.63  -121.95    60  BONO3   
 42.58  -110.10    60  BPI     
 33.28  -109.45    60  BPPA3   
 39.69  -121.34    60  BRRC1   
 45.95  -112.50    60  BTM     
 51.50  -117.45    60  BVRQ2   
 42.53  -113.77    60  BYI     
 40.27  -107.36    60  CAG     
 37.18  -108.37    60  CEZ     
 44.13  -122.25    60  CGRO3   
 36.31  -121.57    60  CHWC1   
 46.60  -122.50    60  CINW1   
 34.05  -118.23    60  CQT     
 48.58  -117.80    60  CQV     
 42.90  -122.13    60  CRLO3   
 34.11  -118.94    60  CRXC1   
 33.59  -110.16    60  CRZA3   
 46.05  -122.30    60  CUGW1   
 34.85  -116.79    60  DAG     
 50.25  -116.95    60  DCDQ2   
 44.72  -122.25    60  DETO3   
 45.62  -121.15    60  DLS     
 33.40  -108.07    60  DPRN5   
 46.02  -114.17    60  DRBM8   
 39.88  -120.47    60  DVSC1   
 32.48  -109.40    60  E74     
 46.77  -116.18    60  EKRI1   
 47.13  -121.93    60  ENUW1   
 49.50  -115.07    60  ERFQ2   
 48.28  -113.62    60  ESXM8   
 44.12  -123.22    60  EUG     
 36.78  -119.72    60  FAT     
 35.13  -111.49    60  FGZ     
 33.36  -111.44    60  FHLA3   
 49.87  -118.08    60  FQRQ2   
 46.55  -123.50    60  FRAW1   
 33.44  -108.56    60  FRDN5   
 41.87  -123.97    60  GASC1   
 35.95  -112.14    60  GCN     
 47.63  -117.53    60  GEG     
 48.88  -121.95    60  GLAW1   
 36.57  -118.78    60  GNFC1   
 33.24  -110.48    60  GOBA3   
 38.80  -111.68    60  GOOU1   
 48.31  -114.25    60  GPI     
 41.65  -117.57    60  GRPN2   
 34.19  -110.45    60  HBEA3   
 37.24  -119.22    60  HNTC1   
 39.37  -106.07    60  HOOC2   
 34.45  -111.25    60  HPJA3   
 40.50  -123.33    60  HYFC1   
 35.27  -114.12    60  IGM     
 42.63  -124.06    60  ILHO3   
 42.18  -110.41    60  INCW4   
 35.02  -110.73    60  INW     
 44.42  -111.37    60  ISWI1   
 43.86  -110.59    60  JLKW4   
 43.68  -114.36    60  KETI1   
 36.08  -115.17    60  LAS     
 45.60  -123.52    60  LEEO3   
 46.95  -112.65    60  LINM8   
 40.25  -105.49    60  LKIC2   
 35.20  -113.37    60  LKWA3   
 40.63  -115.40    60  LMLN2   
 42.16  -121.74    60  LMT     
 42.82  -108.73    60  LND     
 46.75  -114.52    60  LOLM8   
 43.30  -109.45    60  LTWW4   
 38.33  -119.55    60  LVTC1   
 47.83  -120.80    60  LWNW1   
 46.37  -117.01    60  LWS     
 48.53  -121.45    60  MARW1   
 37.57  -112.83    60  MDVU1   
 45.52  -118.40    60  MEH     
 42.38  -122.88    60  MFR     
 38.43  -113.02    60  MLF     
 46.92  -114.09    60  MSO     
 38.48  -107.88    60  MTJ     
 33.55  -109.27    60  MVFA3   
 44.83  -116.08    60  MYL     
 48.60  -120.40    60  MZAW1   
 43.07  -109.57    60  NFLW4   
 31.25  -110.57    60  NOGA3   
 34.51  -119.23    60  NRDC1   
 45.43  -117.30    60  NTPO3   
 46.73  -121.57    60  OHAW1   
 41.84  -122.85    60  OKNC1   
 41.15  -107.97    60  OLDW4   
 48.46  -119.52    60  OMK     
 31.56  -112.47    60  ORGA3   
 43.42  -124.25    60  OTH     
 41.95  -116.10    60  OWYN2   
 42.87  -117.65    60  P88     
 43.35  -111.22    60  PALI1   
 38.75  -120.50    60  PCHC1   
 45.69  -118.85    60  PDT     
 45.59  -122.60    60  PDX     
 33.43  -112.02    60  PHX     
 42.90  -112.59    60  PIH     
 34.39  -112.25    60  PRC     
 44.45  -118.72    60  PRCO3   
 44.08  -115.62    60  PRLI1   
 33.36  -116.86    60  PRMC1   
 38.48  -106.33    60  PRPC2   
 39.36  -110.45    60  PUC     
 40.15  -122.26    60  RBL     
 42.92  -123.43    60  RDLO3   
 44.25  -121.15    60  RDM     
 39.35  -119.87    60  RENN2   
 32.43  -108.40    60  RGRN5   
 39.53  -107.80    60  RIL     
 41.59  -109.06    60  RKS     
 47.47  -115.80    60  S06     
 47.46  -115.65    60  MLP     
 45.92  -116.13    60  S80     
 32.73  -117.19    60  SAN     
 40.57  -111.65    60  SBDU1   
 33.22  -108.42    60  SCDN5   
 40.17  -122.80    60  SDCC1   
 47.45  -122.30    60  SEA     
 34.52  -111.46    60  SEDA3   
 32.55  -108.08    60  SGNN5   
 40.72  -122.42    60  SHDC1   
 34.31  -109.23    60  SJN     
 47.70  -121.37    60  SKYW1   
 40.78  -111.95    60  SLC     
 44.91  -123.01    60  SLE     
 45.18  -113.90    60  SLNI1   
 34.51  -119.82    60  SMCC1   
 44.63  -123.58    60  SMIO3   
 47.28  -121.33    60  SMP     
 35.37  -120.64    60  SMRC1   
 38.58  -121.48    60  SMTC1   
 33.68  -117.87    60  SNA     
 38.67  -119.82    60  SPCC1   
 37.42  -107.47    60  SPSC2   
 43.35  -122.73    60  SRSO3   
 45.95  -120.67    60  SSPW1   
 40.18  -111.22    60  STDU1   
 42.62  -123.37    60  SXT     
 41.90  -111.63    60  TGLU1   
 39.33  -120.18    60  TKEC1   
 45.13  -122.07    60  TLYO3   
 40.53  -106.68    60  TOWC2   
 40.41  -110.57    60  TRLU1   
 32.13  -110.93    60  TUS     
 47.95  -124.55    60  UIL     
 37.48  -106.83    60  USJC2   
 48.10  -121.78    60  VERW1   
 38.62  -123.02    60  VNOC1   
 44.65  -111.10    60  WEY     
 33.44  -110.09    60  WHTA3   
 33.49  -110.55    60  WKMA3   
 42.23  -123.28    60  WLMO3   
 49.30  -117.63    60  YCG     
 49.47  -120.52    60  YDC     
 46.57  -120.53    60  YKM     
 38.90  -123.23    60  YRKC1   
 50.97  -118.18    60  YRV     
 32.39  -114.36    60  YUM     
 49.60  -115.78    60  YXC     
 49.47  -119.60    60  YYF     
 42.53  -111.97    60  SEPI1   
 40.73  -114.03    60  ENV     
 41.42  -111.53    60  DBPU1   
 40.92  -110.20    60  HIRU1   
 39.68  -111.32    60  MCDU1   
 40.18  -112.94    60  DPG     
 37.48  -113.85    60  LGCU1   
 38.30  -112.35    60  BGFU1   
 36.86  -112.74    60  PIPA3   
 40.44  -109.51    60  VEL     
 40.09  -108.77    60  RNGC2   
 39.12  -108.52    60  GJT     
 39.07  -107.15    60  NLSC2   
 37.98  -107.20    60  SLMC2   
 36.75  -108.23    60  FMN     
 35.51  -108.79    60  GUP     
 35.05  -106.62    60  ABQ     
 36.27  -115.60    60  KYCN2   
 32.99  -111.54    60  CLGA3   
 31.91  -110.45    60  HAYA3   
 32.41  -110.73    60  WTTA3   
 32.30  -109.85    60  WILA3   
 34.21  -114.21    60  PARA3   
 37.62  -114.52    60  P38     
 40.22  -123.63    60  FTSC1   
 35.63  -120.68    60  PRBC1   
 36.33  -120.58    60  SLAC1   
 34.92  -119.92    60  BATC1   
 34.26  -118.09    60  OPIC1   
 34.90  -120.45    60  SMX     
 36.10  -118.63    60  RGCC1   
 37.75  -119.59    60  YYVC1   
 37.18  -121.54    60  COEC1   
 41.66  -115.32    60  DRCN2   
 40.90  -117.81    60  WMC     
 40.07  -118.56    60  LOL     
 39.32  -117.12    60  BGSN2   
 39.60  -116.01    60  P68     
 39.00  -114.84    60  ELY     
 38.06  -117.09    60  TPH     
 36.62  -116.02    60  DRA     
